
Microsoft Visual Studio Solution File, Format Version 12.00
# Visual Studio Version 17
VisualStudioVersion = 17.9.34714.143
MinimumVisualStudioVersion = 10.0.40219.1
Project("{9A19103F-16F7-4668-BE54-9A1E7A4F7556}") = "RodelChat.Console", "RodelChat.Console\RodelChat.Console.csproj", "{EBF5ED1D-40CD-4A81-B56B-32FC469AE7EE}"
EndProject
Project("{2150E333-8FDC-42A3-9474-1A3956D46DE8}") = "Libs", "Libs", "{4B9E7C1C-23A5-4F32-A3E5-88F38D466FC0}"
EndProject
Project("{9A19103F-16F7-4668-BE54-9A1E7A4F7556}") = "SemanticKernel.Core", "Libs\semantic-kernel\dotnet\src\SemanticKernel.Core\SemanticKernel.Core.csproj", "{CC7EA0AC-8B54-4B76-8F4F-E669E7759FF4}"
EndProject
Project("{9A19103F-16F7-4668-BE54-9A1E7A4F7556}") = "SemanticKernel.Abstractions", "Libs\semantic-kernel\dotnet\src\SemanticKernel.Abstractions\SemanticKernel.Abstractions.csproj", "{F0860AC6-75B1-49D9-A1D4-90FCDEC14BC2}"
EndProject
Project("{9A19103F-16F7-4668-BE54-9A1E7A4F7556}") = "Connectors.OpenAI", "Libs\semantic-kernel\dotnet\src\Connectors\Connectors.OpenAI\Connectors.OpenAI.csproj", "{F96A227A-348B-494D-A01F-F56EF9176CF4}"
EndProject
Project("{9A19103F-16F7-4668-BE54-9A1E7A4F7556}") = "Connectors.Google", "Libs\semantic-kernel\dotnet\src\Connectors\Connectors.Google\Connectors.Google.csproj", "{6EB5B5E8-A75D-465E-AAFC-CD6D882E7405}"
EndProject
Project("{9A19103F-16F7-4668-BE54-9A1E7A4F7556}") = "Connectors.SparkDesk", "Libs\semantic-kernel\dotnet\src\Connectors\Connectors.SparkDesk\Connectors.SparkDesk.csproj", "{8D922565-7BF5-4532-98D3-EBEE08E9A043}"
EndProject
Project("{9A19103F-16F7-4668-BE54-9A1E7A4F7556}") = "Connectors.QianFan", "Libs\semantic-kernel\dotnet\src\Connectors\Connectors.QianFan\Connectors.QianFan.csproj", "{2BA1ADB0-D6AC-4333-BA9B-2D1379457A0E}"
EndProject
Project("{9A19103F-16F7-4668-BE54-9A1E7A4F7556}") = "Connectors.Anthropic", "Libs\semantic-kernel\dotnet\src\Connectors\Connectors.Anthropic\Connectors.Anthropic.csproj", "{DD26E0A0-361E-45A1-BD84-80AA6C0F0715}"
EndProject
Project("{9A19103F-16F7-4668-BE54-9A1E7A4F7556}") = "RodelChat.UI", "RodelChat.UI\RodelChat.UI.csproj", "{C148B1D5-0685-4859-86C9-F8F25B419B2B}"
EndProject
Project("{2150E333-8FDC-42A3-9474-1A3956D46DE8}") = "Core", "Core", "{40910B25-8E59-489B-86BC-8C88344A08D7}"
EndProject
Project("{9A19103F-16F7-4668-BE54-9A1E7A4F7556}") = "RodelChat.Core", "Core\RodelChat.Core\RodelChat.Core.csproj", "{42396298-C6BA-4240-B05E-50F2E7077B64}"
EndProject
Project("{9A19103F-16F7-4668-BE54-9A1E7A4F7556}") = "RodelChat.Interfaces", "Core\RodelChat.Interfaces\RodelChat.Interfaces.csproj", "{2F2D35EF-52C5-405F-9FE4-695088558710}"
EndProject
Project("{9A19103F-16F7-4668-BE54-9A1E7A4F7556}") = "RodelChat.Models", "Core\RodelChat.Models\RodelChat.Models.csproj", "{397C2E3A-8BF2-469D-9E10-2A7CA8421E89}"
EndProject
Project("{9A19103F-16F7-4668-BE54-9A1E7A4F7556}") = "Plugins.Core", "Libs\semantic-kernel\dotnet\src\Plugins\Plugins.Core\Plugins.Core.csproj", "{4323D664-1CD2-43D2-9D99-C158EF7C51D1}"
EndProject
Project("{FAE04EC0-301F-11D3-BF4B-00C04F79EFBC}") = "RodelChat.Core.Test", "Core\RodelChat.Core.Test\RodelChat.Core.Test.csproj", "{013F9F52-D191-43D4-A5D5-38EBE103EF64}"
EndProject
Global
	GlobalSection(SolutionConfigurationPlatforms) = preSolution
		Debug|Any CPU = Debug|Any CPU
		Debug|ARM64 = Debug|ARM64
		Debug|x64 = Debug|x64
		Debug|x86 = Debug|x86
		Publish|Any CPU = Publish|Any CPU
		Publish|ARM64 = Publish|ARM64
		Publish|x64 = Publish|x64
		Publish|x86 = Publish|x86
		Release|Any CPU = Release|Any CPU
		Release|ARM64 = Release|ARM64
		Release|x64 = Release|x64
		Release|x86 = Release|x86
	EndGlobalSection
	GlobalSection(ProjectConfigurationPlatforms) = postSolution
		{EBF5ED1D-40CD-4A81-B56B-32FC469AE7EE}.Debug|Any CPU.ActiveCfg = Debug|Any CPU
		{EBF5ED1D-40CD-4A81-B56B-32FC469AE7EE}.Debug|Any CPU.Build.0 = Debug|Any CPU
		{EBF5ED1D-40CD-4A81-B56B-32FC469AE7EE}.Debug|ARM64.ActiveCfg = Debug|Any CPU
		{EBF5ED1D-40CD-4A81-B56B-32FC469AE7EE}.Debug|ARM64.Build.0 = Debug|Any CPU
		{EBF5ED1D-40CD-4A81-B56B-32FC469AE7EE}.Debug|x64.ActiveCfg = Debug|Any CPU
		{EBF5ED1D-40CD-4A81-B56B-32FC469AE7EE}.Debug|x64.Build.0 = Debug|Any CPU
		{EBF5ED1D-40CD-4A81-B56B-32FC469AE7EE}.Debug|x86.ActiveCfg = Debug|Any CPU
		{EBF5ED1D-40CD-4A81-B56B-32FC469AE7EE}.Debug|x86.Build.0 = Debug|Any CPU
		{EBF5ED1D-40CD-4A81-B56B-32FC469AE7EE}.Publish|Any CPU.ActiveCfg = Release|Any CPU
		{EBF5ED1D-40CD-4A81-B56B-32FC469AE7EE}.Publish|Any CPU.Build.0 = Release|Any CPU
		{EBF5ED1D-40CD-4A81-B56B-32FC469AE7EE}.Publish|ARM64.ActiveCfg = Release|Any CPU
		{EBF5ED1D-40CD-4A81-B56B-32FC469AE7EE}.Publish|ARM64.Build.0 = Release|Any CPU
		{EBF5ED1D-40CD-4A81-B56B-32FC469AE7EE}.Publish|x64.ActiveCfg = Release|Any CPU
		{EBF5ED1D-40CD-4A81-B56B-32FC469AE7EE}.Publish|x64.Build.0 = Release|Any CPU
		{EBF5ED1D-40CD-4A81-B56B-32FC469AE7EE}.Publish|x86.ActiveCfg = Release|Any CPU
		{EBF5ED1D-40CD-4A81-B56B-32FC469AE7EE}.Publish|x86.Build.0 = Release|Any CPU
		{EBF5ED1D-40CD-4A81-B56B-32FC469AE7EE}.Release|Any CPU.ActiveCfg = Release|Any CPU
		{EBF5ED1D-40CD-4A81-B56B-32FC469AE7EE}.Release|Any CPU.Build.0 = Release|Any CPU
		{EBF5ED1D-40CD-4A81-B56B-32FC469AE7EE}.Release|ARM64.ActiveCfg = Release|Any CPU
		{EBF5ED1D-40CD-4A81-B56B-32FC469AE7EE}.Release|ARM64.Build.0 = Release|Any CPU
		{EBF5ED1D-40CD-4A81-B56B-32FC469AE7EE}.Release|x64.ActiveCfg = Release|Any CPU
		{EBF5ED1D-40CD-4A81-B56B-32FC469AE7EE}.Release|x64.Build.0 = Release|Any CPU
		{EBF5ED1D-40CD-4A81-B56B-32FC469AE7EE}.Release|x86.ActiveCfg = Release|Any CPU
		{EBF5ED1D-40CD-4A81-B56B-32FC469AE7EE}.Release|x86.Build.0 = Release|Any CPU
		{CC7EA0AC-8B54-4B76-8F4F-E669E7759FF4}.Debug|Any CPU.ActiveCfg = Debug|Any CPU
		{CC7EA0AC-8B54-4B76-8F4F-E669E7759FF4}.Debug|Any CPU.Build.0 = Debug|Any CPU
		{CC7EA0AC-8B54-4B76-8F4F-E669E7759FF4}.Debug|ARM64.ActiveCfg = Debug|Any CPU
		{CC7EA0AC-8B54-4B76-8F4F-E669E7759FF4}.Debug|ARM64.Build.0 = Debug|Any CPU
		{CC7EA0AC-8B54-4B76-8F4F-E669E7759FF4}.Debug|x64.ActiveCfg = Debug|Any CPU
		{CC7EA0AC-8B54-4B76-8F4F-E669E7759FF4}.Debug|x64.Build.0 = Debug|Any CPU
		{CC7EA0AC-8B54-4B76-8F4F-E669E7759FF4}.Debug|x86.ActiveCfg = Debug|Any CPU
		{CC7EA0AC-8B54-4B76-8F4F-E669E7759FF4}.Debug|x86.Build.0 = Debug|Any CPU
		{CC7EA0AC-8B54-4B76-8F4F-E669E7759FF4}.Publish|Any CPU.ActiveCfg = Publish|Any CPU
		{CC7EA0AC-8B54-4B76-8F4F-E669E7759FF4}.Publish|Any CPU.Build.0 = Publish|Any CPU
		{CC7EA0AC-8B54-4B76-8F4F-E669E7759FF4}.Publish|ARM64.ActiveCfg = Publish|Any CPU
		{CC7EA0AC-8B54-4B76-8F4F-E669E7759FF4}.Publish|ARM64.Build.0 = Publish|Any CPU
		{CC7EA0AC-8B54-4B76-8F4F-E669E7759FF4}.Publish|x64.ActiveCfg = Publish|Any CPU
		{CC7EA0AC-8B54-4B76-8F4F-E669E7759FF4}.Publish|x64.Build.0 = Publish|Any CPU
		{CC7EA0AC-8B54-4B76-8F4F-E669E7759FF4}.Publish|x86.ActiveCfg = Publish|Any CPU
		{CC7EA0AC-8B54-4B76-8F4F-E669E7759FF4}.Publish|x86.Build.0 = Publish|Any CPU
		{CC7EA0AC-8B54-4B76-8F4F-E669E7759FF4}.Release|Any CPU.ActiveCfg = Release|Any CPU
		{CC7EA0AC-8B54-4B76-8F4F-E669E7759FF4}.Release|Any CPU.Build.0 = Release|Any CPU
		{CC7EA0AC-8B54-4B76-8F4F-E669E7759FF4}.Release|ARM64.ActiveCfg = Release|Any CPU
		{CC7EA0AC-8B54-4B76-8F4F-E669E7759FF4}.Release|ARM64.Build.0 = Release|Any CPU
		{CC7EA0AC-8B54-4B76-8F4F-E669E7759FF4}.Release|x64.ActiveCfg = Release|Any CPU
		{CC7EA0AC-8B54-4B76-8F4F-E669E7759FF4}.Release|x64.Build.0 = Release|Any CPU
		{CC7EA0AC-8B54-4B76-8F4F-E669E7759FF4}.Release|x86.ActiveCfg = Release|Any CPU
		{CC7EA0AC-8B54-4B76-8F4F-E669E7759FF4}.Release|x86.Build.0 = Release|Any CPU
		{F0860AC6-75B1-49D9-A1D4-90FCDEC14BC2}.Debug|Any CPU.ActiveCfg = Debug|Any CPU
		{F0860AC6-75B1-49D9-A1D4-90FCDEC14BC2}.Debug|Any CPU.Build.0 = Debug|Any CPU
		{F0860AC6-75B1-49D9-A1D4-90FCDEC14BC2}.Debug|ARM64.ActiveCfg = Debug|Any CPU
		{F0860AC6-75B1-49D9-A1D4-90FCDEC14BC2}.Debug|ARM64.Build.0 = Debug|Any CPU
		{F0860AC6-75B1-49D9-A1D4-90FCDEC14BC2}.Debug|x64.ActiveCfg = Debug|Any CPU
		{F0860AC6-75B1-49D9-A1D4-90FCDEC14BC2}.Debug|x64.Build.0 = Debug|Any CPU
		{F0860AC6-75B1-49D9-A1D4-90FCDEC14BC2}.Debug|x86.ActiveCfg = Debug|Any CPU
		{F0860AC6-75B1-49D9-A1D4-90FCDEC14BC2}.Debug|x86.Build.0 = Debug|Any CPU
		{F0860AC6-75B1-49D9-A1D4-90FCDEC14BC2}.Publish|Any CPU.ActiveCfg = Publish|Any CPU
		{F0860AC6-75B1-49D9-A1D4-90FCDEC14BC2}.Publish|Any CPU.Build.0 = Publish|Any CPU
		{F0860AC6-75B1-49D9-A1D4-90FCDEC14BC2}.Publish|ARM64.ActiveCfg = Publish|Any CPU
		{F0860AC6-75B1-49D9-A1D4-90FCDEC14BC2}.Publish|ARM64.Build.0 = Publish|Any CPU
		{F0860AC6-75B1-49D9-A1D4-90FCDEC14BC2}.Publish|x64.ActiveCfg = Publish|Any CPU
		{F0860AC6-75B1-49D9-A1D4-90FCDEC14BC2}.Publish|x64.Build.0 = Publish|Any CPU
		{F0860AC6-75B1-49D9-A1D4-90FCDEC14BC2}.Publish|x86.ActiveCfg = Publish|Any CPU
		{F0860AC6-75B1-49D9-A1D4-90FCDEC14BC2}.Publish|x86.Build.0 = Publish|Any CPU
		{F0860AC6-75B1-49D9-A1D4-90FCDEC14BC2}.Release|Any CPU.ActiveCfg = Release|Any CPU
		{F0860AC6-75B1-49D9-A1D4-90FCDEC14BC2}.Release|Any CPU.Build.0 = Release|Any CPU
		{F0860AC6-75B1-49D9-A1D4-90FCDEC14BC2}.Release|ARM64.ActiveCfg = Release|Any CPU
		{F0860AC6-75B1-49D9-A1D4-90FCDEC14BC2}.Release|ARM64.Build.0 = Release|Any CPU
		{F0860AC6-75B1-49D9-A1D4-90FCDEC14BC2}.Release|x64.ActiveCfg = Release|Any CPU
		{F0860AC6-75B1-49D9-A1D4-90FCDEC14BC2}.Release|x64.Build.0 = Release|Any CPU
		{F0860AC6-75B1-49D9-A1D4-90FCDEC14BC2}.Release|x86.ActiveCfg = Release|Any CPU
		{F0860AC6-75B1-49D9-A1D4-90FCDEC14BC2}.Release|x86.Build.0 = Release|Any CPU
		{F96A227A-348B-494D-A01F-F56EF9176CF4}.Debug|Any CPU.ActiveCfg = Debug|Any CPU
		{F96A227A-348B-494D-A01F-F56EF9176CF4}.Debug|Any CPU.Build.0 = Debug|Any CPU
		{F96A227A-348B-494D-A01F-F56EF9176CF4}.Debug|ARM64.ActiveCfg = Debug|Any CPU
		{F96A227A-348B-494D-A01F-F56EF9176CF4}.Debug|ARM64.Build.0 = Debug|Any CPU
		{F96A227A-348B-494D-A01F-F56EF9176CF4}.Debug|x64.ActiveCfg = Debug|Any CPU
		{F96A227A-348B-494D-A01F-F56EF9176CF4}.Debug|x64.Build.0 = Debug|Any CPU
		{F96A227A-348B-494D-A01F-F56EF9176CF4}.Debug|x86.ActiveCfg = Debug|Any CPU
		{F96A227A-348B-494D-A01F-F56EF9176CF4}.Debug|x86.Build.0 = Debug|Any CPU
		{F96A227A-348B-494D-A01F-F56EF9176CF4}.Publish|Any CPU.ActiveCfg = Publish|Any CPU
		{F96A227A-348B-494D-A01F-F56EF9176CF4}.Publish|Any CPU.Build.0 = Publish|Any CPU
		{F96A227A-348B-494D-A01F-F56EF9176CF4}.Publish|ARM64.ActiveCfg = Publish|Any CPU
		{F96A227A-348B-494D-A01F-F56EF9176CF4}.Publish|ARM64.Build.0 = Publish|Any CPU
		{F96A227A-348B-494D-A01F-F56EF9176CF4}.Publish|x64.ActiveCfg = Publish|Any CPU
		{F96A227A-348B-494D-A01F-F56EF9176CF4}.Publish|x64.Build.0 = Publish|Any CPU
		{F96A227A-348B-494D-A01F-F56EF9176CF4}.Publish|x86.ActiveCfg = Publish|Any CPU
		{F96A227A-348B-494D-A01F-F56EF9176CF4}.Publish|x86.Build.0 = Publish|Any CPU
		{F96A227A-348B-494D-A01F-F56EF9176CF4}.Release|Any CPU.ActiveCfg = Release|Any CPU
		{F96A227A-348B-494D-A01F-F56EF9176CF4}.Release|Any CPU.Build.0 = Release|Any CPU
		{F96A227A-348B-494D-A01F-F56EF9176CF4}.Release|ARM64.ActiveCfg = Release|Any CPU
		{F96A227A-348B-494D-A01F-F56EF9176CF4}.Release|ARM64.Build.0 = Release|Any CPU
		{F96A227A-348B-494D-A01F-F56EF9176CF4}.Release|x64.ActiveCfg = Release|Any CPU
		{F96A227A-348B-494D-A01F-F56EF9176CF4}.Release|x64.Build.0 = Release|Any CPU
		{F96A227A-348B-494D-A01F-F56EF9176CF4}.Release|x86.ActiveCfg = Release|Any CPU
		{F96A227A-348B-494D-A01F-F56EF9176CF4}.Release|x86.Build.0 = Release|Any CPU
		{6EB5B5E8-A75D-465E-AAFC-CD6D882E7405}.Debug|Any CPU.ActiveCfg = Debug|Any CPU
		{6EB5B5E8-A75D-465E-AAFC-CD6D882E7405}.Debug|Any CPU.Build.0 = Debug|Any CPU
		{6EB5B5E8-A75D-465E-AAFC-CD6D882E7405}.Debug|ARM64.ActiveCfg = Debug|Any CPU
		{6EB5B5E8-A75D-465E-AAFC-CD6D882E7405}.Debug|ARM64.Build.0 = Debug|Any CPU
		{6EB5B5E8-A75D-465E-AAFC-CD6D882E7405}.Debug|x64.ActiveCfg = Debug|Any CPU
		{6EB5B5E8-A75D-465E-AAFC-CD6D882E7405}.Debug|x64.Build.0 = Debug|Any CPU
		{6EB5B5E8-A75D-465E-AAFC-CD6D882E7405}.Debug|x86.ActiveCfg = Debug|Any CPU
		{6EB5B5E8-A75D-465E-AAFC-CD6D882E7405}.Debug|x86.Build.0 = Debug|Any CPU
		{6EB5B5E8-A75D-465E-AAFC-CD6D882E7405}.Publish|Any CPU.ActiveCfg = Publish|Any CPU
		{6EB5B5E8-A75D-465E-AAFC-CD6D882E7405}.Publish|Any CPU.Build.0 = Publish|Any CPU
		{6EB5B5E8-A75D-465E-AAFC-CD6D882E7405}.Publish|ARM64.ActiveCfg = Publish|Any CPU
		{6EB5B5E8-A75D-465E-AAFC-CD6D882E7405}.Publish|ARM64.Build.0 = Publish|Any CPU
		{6EB5B5E8-A75D-465E-AAFC-CD6D882E7405}.Publish|x64.ActiveCfg = Publish|Any CPU
		{6EB5B5E8-A75D-465E-AAFC-CD6D882E7405}.Publish|x64.Build.0 = Publish|Any CPU
		{6EB5B5E8-A75D-465E-AAFC-CD6D882E7405}.Publish|x86.ActiveCfg = Publish|Any CPU
		{6EB5B5E8-A75D-465E-AAFC-CD6D882E7405}.Publish|x86.Build.0 = Publish|Any CPU
		{6EB5B5E8-A75D-465E-AAFC-CD6D882E7405}.Release|Any CPU.ActiveCfg = Release|Any CPU
		{6EB5B5E8-A75D-465E-AAFC-CD6D882E7405}.Release|Any CPU.Build.0 = Release|Any CPU
		{6EB5B5E8-A75D-465E-AAFC-CD6D882E7405}.Release|ARM64.ActiveCfg = Release|Any CPU
		{6EB5B5E8-A75D-465E-AAFC-CD6D882E7405}.Release|ARM64.Build.0 = Release|Any CPU
		{6EB5B5E8-A75D-465E-AAFC-CD6D882E7405}.Release|x64.ActiveCfg = Release|Any CPU
		{6EB5B5E8-A75D-465E-AAFC-CD6D882E7405}.Release|x64.Build.0 = Release|Any CPU
		{6EB5B5E8-A75D-465E-AAFC-CD6D882E7405}.Release|x86.ActiveCfg = Release|Any CPU
		{6EB5B5E8-A75D-465E-AAFC-CD6D882E7405}.Release|x86.Build.0 = Release|Any CPU
		{8D922565-7BF5-4532-98D3-EBEE08E9A043}.Debug|Any CPU.ActiveCfg = Debug|Any CPU
		{8D922565-7BF5-4532-98D3-EBEE08E9A043}.Debug|Any CPU.Build.0 = Debug|Any CPU
		{8D922565-7BF5-4532-98D3-EBEE08E9A043}.Debug|ARM64.ActiveCfg = Debug|Any CPU
		{8D922565-7BF5-4532-98D3-EBEE08E9A043}.Debug|ARM64.Build.0 = Debug|Any CPU
		{8D922565-7BF5-4532-98D3-EBEE08E9A043}.Debug|x64.ActiveCfg = Debug|Any CPU
		{8D922565-7BF5-4532-98D3-EBEE08E9A043}.Debug|x64.Build.0 = Debug|Any CPU
		{8D922565-7BF5-4532-98D3-EBEE08E9A043}.Debug|x86.ActiveCfg = Debug|Any CPU
		{8D922565-7BF5-4532-98D3-EBEE08E9A043}.Debug|x86.Build.0 = Debug|Any CPU
		{8D922565-7BF5-4532-98D3-EBEE08E9A043}.Publish|Any CPU.ActiveCfg = Debug|Any CPU
		{8D922565-7BF5-4532-98D3-EBEE08E9A043}.Publish|Any CPU.Build.0 = Debug|Any CPU
		{8D922565-7BF5-4532-98D3-EBEE08E9A043}.Publish|ARM64.ActiveCfg = Publish|Any CPU
		{8D922565-7BF5-4532-98D3-EBEE08E9A043}.Publish|ARM64.Build.0 = Publish|Any CPU
		{8D922565-7BF5-4532-98D3-EBEE08E9A043}.Publish|x64.ActiveCfg = Publish|Any CPU
		{8D922565-7BF5-4532-98D3-EBEE08E9A043}.Publish|x64.Build.0 = Publish|Any CPU
		{8D922565-7BF5-4532-98D3-EBEE08E9A043}.Publish|x86.ActiveCfg = Publish|Any CPU
		{8D922565-7BF5-4532-98D3-EBEE08E9A043}.Publish|x86.Build.0 = Publish|Any CPU
		{8D922565-7BF5-4532-98D3-EBEE08E9A043}.Release|Any CPU.ActiveCfg = Release|Any CPU
		{8D922565-7BF5-4532-98D3-EBEE08E9A043}.Release|Any CPU.Build.0 = Release|Any CPU
		{8D922565-7BF5-4532-98D3-EBEE08E9A043}.Release|ARM64.ActiveCfg = Release|Any CPU
		{8D922565-7BF5-4532-98D3-EBEE08E9A043}.Release|ARM64.Build.0 = Release|Any CPU
		{8D922565-7BF5-4532-98D3-EBEE08E9A043}.Release|x64.ActiveCfg = Release|Any CPU
		{8D922565-7BF5-4532-98D3-EBEE08E9A043}.Release|x64.Build.0 = Release|Any CPU
		{8D922565-7BF5-4532-98D3-EBEE08E9A043}.Release|x86.ActiveCfg = Release|Any CPU
		{8D922565-7BF5-4532-98D3-EBEE08E9A043}.Release|x86.Build.0 = Release|Any CPU
		{2BA1ADB0-D6AC-4333-BA9B-2D1379457A0E}.Debug|Any CPU.ActiveCfg = Debug|Any CPU
		{2BA1ADB0-D6AC-4333-BA9B-2D1379457A0E}.Debug|Any CPU.Build.0 = Debug|Any CPU
		{2BA1ADB0-D6AC-4333-BA9B-2D1379457A0E}.Debug|ARM64.ActiveCfg = Debug|Any CPU
		{2BA1ADB0-D6AC-4333-BA9B-2D1379457A0E}.Debug|ARM64.Build.0 = Debug|Any CPU
		{2BA1ADB0-D6AC-4333-BA9B-2D1379457A0E}.Debug|x64.ActiveCfg = Debug|Any CPU
		{2BA1ADB0-D6AC-4333-BA9B-2D1379457A0E}.Debug|x64.Build.0 = Debug|Any CPU
		{2BA1ADB0-D6AC-4333-BA9B-2D1379457A0E}.Debug|x86.ActiveCfg = Debug|Any CPU
		{2BA1ADB0-D6AC-4333-BA9B-2D1379457A0E}.Debug|x86.Build.0 = Debug|Any CPU
		{2BA1ADB0-D6AC-4333-BA9B-2D1379457A0E}.Publish|Any CPU.ActiveCfg = Debug|Any CPU
		{2BA1ADB0-D6AC-4333-BA9B-2D1379457A0E}.Publish|Any CPU.Build.0 = Debug|Any CPU
		{2BA1ADB0-D6AC-4333-BA9B-2D1379457A0E}.Publish|ARM64.ActiveCfg = Publish|Any CPU
		{2BA1ADB0-D6AC-4333-BA9B-2D1379457A0E}.Publish|ARM64.Build.0 = Publish|Any CPU
		{2BA1ADB0-D6AC-4333-BA9B-2D1379457A0E}.Publish|x64.ActiveCfg = Publish|Any CPU
		{2BA1ADB0-D6AC-4333-BA9B-2D1379457A0E}.Publish|x64.Build.0 = Publish|Any CPU
		{2BA1ADB0-D6AC-4333-BA9B-2D1379457A0E}.Publish|x86.ActiveCfg = Publish|Any CPU
		{2BA1ADB0-D6AC-4333-BA9B-2D1379457A0E}.Publish|x86.Build.0 = Publish|Any CPU
		{2BA1ADB0-D6AC-4333-BA9B-2D1379457A0E}.Release|Any CPU.ActiveCfg = Release|Any CPU
		{2BA1ADB0-D6AC-4333-BA9B-2D1379457A0E}.Release|Any CPU.Build.0 = Release|Any CPU
		{2BA1ADB0-D6AC-4333-BA9B-2D1379457A0E}.Release|ARM64.ActiveCfg = Release|Any CPU
		{2BA1ADB0-D6AC-4333-BA9B-2D1379457A0E}.Release|ARM64.Build.0 = Release|Any CPU
		{2BA1ADB0-D6AC-4333-BA9B-2D1379457A0E}.Release|x64.ActiveCfg = Release|Any CPU
		{2BA1ADB0-D6AC-4333-BA9B-2D1379457A0E}.Release|x64.Build.0 = Release|Any CPU
		{2BA1ADB0-D6AC-4333-BA9B-2D1379457A0E}.Release|x86.ActiveCfg = Release|Any CPU
		{2BA1ADB0-D6AC-4333-BA9B-2D1379457A0E}.Release|x86.Build.0 = Release|Any CPU
		{DD26E0A0-361E-45A1-BD84-80AA6C0F0715}.Debug|Any CPU.ActiveCfg = Debug|Any CPU
		{DD26E0A0-361E-45A1-BD84-80AA6C0F0715}.Debug|Any CPU.Build.0 = Debug|Any CPU
		{DD26E0A0-361E-45A1-BD84-80AA6C0F0715}.Debug|ARM64.ActiveCfg = Debug|Any CPU
		{DD26E0A0-361E-45A1-BD84-80AA6C0F0715}.Debug|ARM64.Build.0 = Debug|Any CPU
		{DD26E0A0-361E-45A1-BD84-80AA6C0F0715}.Debug|x64.ActiveCfg = Debug|Any CPU
		{DD26E0A0-361E-45A1-BD84-80AA6C0F0715}.Debug|x64.Build.0 = Debug|Any CPU
		{DD26E0A0-361E-45A1-BD84-80AA6C0F0715}.Debug|x86.ActiveCfg = Debug|Any CPU
		{DD26E0A0-361E-45A1-BD84-80AA6C0F0715}.Debug|x86.Build.0 = Debug|Any CPU
		{DD26E0A0-361E-45A1-BD84-80AA6C0F0715}.Publish|Any CPU.ActiveCfg = Debug|Any CPU
		{DD26E0A0-361E-45A1-BD84-80AA6C0F0715}.Publish|Any CPU.Build.0 = Debug|Any CPU
		{DD26E0A0-361E-45A1-BD84-80AA6C0F0715}.Publish|ARM64.ActiveCfg = Publish|Any CPU
		{DD26E0A0-361E-45A1-BD84-80AA6C0F0715}.Publish|ARM64.Build.0 = Publish|Any CPU
		{DD26E0A0-361E-45A1-BD84-80AA6C0F0715}.Publish|x64.ActiveCfg = Publish|Any CPU
		{DD26E0A0-361E-45A1-BD84-80AA6C0F0715}.Publish|x64.Build.0 = Publish|Any CPU
		{DD26E0A0-361E-45A1-BD84-80AA6C0F0715}.Publish|x86.ActiveCfg = Publish|Any CPU
		{DD26E0A0-361E-45A1-BD84-80AA6C0F0715}.Publish|x86.Build.0 = Publish|Any CPU
		{DD26E0A0-361E-45A1-BD84-80AA6C0F0715}.Release|Any CPU.ActiveCfg = Release|Any CPU
		{DD26E0A0-361E-45A1-BD84-80AA6C0F0715}.Release|Any CPU.Build.0 = Release|Any CPU
		{DD26E0A0-361E-45A1-BD84-80AA6C0F0715}.Release|ARM64.ActiveCfg = Release|Any CPU
		{DD26E0A0-361E-45A1-BD84-80AA6C0F0715}.Release|ARM64.Build.0 = Release|Any CPU
		{DD26E0A0-361E-45A1-BD84-80AA6C0F0715}.Release|x64.ActiveCfg = Release|Any CPU
		{DD26E0A0-361E-45A1-BD84-80AA6C0F0715}.Release|x64.Build.0 = Release|Any CPU
		{DD26E0A0-361E-45A1-BD84-80AA6C0F0715}.Release|x86.ActiveCfg = Release|Any CPU
		{DD26E0A0-361E-45A1-BD84-80AA6C0F0715}.Release|x86.Build.0 = Release|Any CPU
		{C148B1D5-0685-4859-86C9-F8F25B419B2B}.Debug|Any CPU.ActiveCfg = Debug|x64
		{C148B1D5-0685-4859-86C9-F8F25B419B2B}.Debug|Any CPU.Build.0 = Debug|x64
		{C148B1D5-0685-4859-86C9-F8F25B419B2B}.Debug|Any CPU.Deploy.0 = Debug|x64
		{C148B1D5-0685-4859-86C9-F8F25B419B2B}.Debug|ARM64.ActiveCfg = Debug|ARM64
		{C148B1D5-0685-4859-86C9-F8F25B419B2B}.Debug|ARM64.Build.0 = Debug|ARM64
		{C148B1D5-0685-4859-86C9-F8F25B419B2B}.Debug|ARM64.Deploy.0 = Debug|ARM64
		{C148B1D5-0685-4859-86C9-F8F25B419B2B}.Debug|x64.ActiveCfg = Debug|x64
		{C148B1D5-0685-4859-86C9-F8F25B419B2B}.Debug|x64.Build.0 = Debug|x64
		{C148B1D5-0685-4859-86C9-F8F25B419B2B}.Debug|x64.Deploy.0 = Debug|x64
		{C148B1D5-0685-4859-86C9-F8F25B419B2B}.Debug|x86.ActiveCfg = Debug|x86
		{C148B1D5-0685-4859-86C9-F8F25B419B2B}.Debug|x86.Build.0 = Debug|x86
		{C148B1D5-0685-4859-86C9-F8F25B419B2B}.Debug|x86.Deploy.0 = Debug|x86
		{C148B1D5-0685-4859-86C9-F8F25B419B2B}.Publish|Any CPU.ActiveCfg = Debug|x64
		{C148B1D5-0685-4859-86C9-F8F25B419B2B}.Publish|Any CPU.Build.0 = Debug|x64
		{C148B1D5-0685-4859-86C9-F8F25B419B2B}.Publish|Any CPU.Deploy.0 = Debug|x64
		{C148B1D5-0685-4859-86C9-F8F25B419B2B}.Publish|ARM64.ActiveCfg = Debug|ARM64
		{C148B1D5-0685-4859-86C9-F8F25B419B2B}.Publish|ARM64.Build.0 = Debug|ARM64
		{C148B1D5-0685-4859-86C9-F8F25B419B2B}.Publish|ARM64.Deploy.0 = Debug|ARM64
		{C148B1D5-0685-4859-86C9-F8F25B419B2B}.Publish|x64.ActiveCfg = Debug|x64
		{C148B1D5-0685-4859-86C9-F8F25B419B2B}.Publish|x64.Build.0 = Debug|x64
		{C148B1D5-0685-4859-86C9-F8F25B419B2B}.Publish|x64.Deploy.0 = Debug|x64
		{C148B1D5-0685-4859-86C9-F8F25B419B2B}.Publish|x86.ActiveCfg = Debug|x86
		{C148B1D5-0685-4859-86C9-F8F25B419B2B}.Publish|x86.Build.0 = Debug|x86
		{C148B1D5-0685-4859-86C9-F8F25B419B2B}.Publish|x86.Deploy.0 = Debug|x86
		{C148B1D5-0685-4859-86C9-F8F25B419B2B}.Release|Any CPU.ActiveCfg = Release|x64
		{C148B1D5-0685-4859-86C9-F8F25B419B2B}.Release|Any CPU.Build.0 = Release|x64
		{C148B1D5-0685-4859-86C9-F8F25B419B2B}.Release|Any CPU.Deploy.0 = Release|x64
		{C148B1D5-0685-4859-86C9-F8F25B419B2B}.Release|ARM64.ActiveCfg = Release|ARM64
		{C148B1D5-0685-4859-86C9-F8F25B419B2B}.Release|ARM64.Build.0 = Release|ARM64
		{C148B1D5-0685-4859-86C9-F8F25B419B2B}.Release|ARM64.Deploy.0 = Release|ARM64
		{C148B1D5-0685-4859-86C9-F8F25B419B2B}.Release|x64.ActiveCfg = Release|x64
		{C148B1D5-0685-4859-86C9-F8F25B419B2B}.Release|x64.Build.0 = Release|x64
		{C148B1D5-0685-4859-86C9-F8F25B419B2B}.Release|x64.Deploy.0 = Release|x64
		{C148B1D5-0685-4859-86C9-F8F25B419B2B}.Release|x86.ActiveCfg = Release|x86
		{C148B1D5-0685-4859-86C9-F8F25B419B2B}.Release|x86.Build.0 = Release|x86
		{C148B1D5-0685-4859-86C9-F8F25B419B2B}.Release|x86.Deploy.0 = Release|x86
		{42396298-C6BA-4240-B05E-50F2E7077B64}.Debug|Any CPU.ActiveCfg = Debug|Any CPU
		{42396298-C6BA-4240-B05E-50F2E7077B64}.Debug|Any CPU.Build.0 = Debug|Any CPU
		{42396298-C6BA-4240-B05E-50F2E7077B64}.Debug|ARM64.ActiveCfg = Debug|Any CPU
		{42396298-C6BA-4240-B05E-50F2E7077B64}.Debug|ARM64.Build.0 = Debug|Any CPU
		{42396298-C6BA-4240-B05E-50F2E7077B64}.Debug|x64.ActiveCfg = Debug|Any CPU
		{42396298-C6BA-4240-B05E-50F2E7077B64}.Debug|x64.Build.0 = Debug|Any CPU
		{42396298-C6BA-4240-B05E-50F2E7077B64}.Debug|x86.ActiveCfg = Debug|Any CPU
		{42396298-C6BA-4240-B05E-50F2E7077B64}.Debug|x86.Build.0 = Debug|Any CPU
		{42396298-C6BA-4240-B05E-50F2E7077B64}.Publish|Any CPU.ActiveCfg = Debug|Any CPU
		{42396298-C6BA-4240-B05E-50F2E7077B64}.Publish|Any CPU.Build.0 = Debug|Any CPU
		{42396298-C6BA-4240-B05E-50F2E7077B64}.Publish|ARM64.ActiveCfg = Debug|Any CPU
		{42396298-C6BA-4240-B05E-50F2E7077B64}.Publish|ARM64.Build.0 = Debug|Any CPU
		{42396298-C6BA-4240-B05E-50F2E7077B64}.Publish|x64.ActiveCfg = Debug|Any CPU
		{42396298-C6BA-4240-B05E-50F2E7077B64}.Publish|x64.Build.0 = Debug|Any CPU
		{42396298-C6BA-4240-B05E-50F2E7077B64}.Publish|x86.ActiveCfg = Debug|Any CPU
		{42396298-C6BA-4240-B05E-50F2E7077B64}.Publish|x86.Build.0 = Debug|Any CPU
		{42396298-C6BA-4240-B05E-50F2E7077B64}.Release|Any CPU.ActiveCfg = Release|Any CPU
		{42396298-C6BA-4240-B05E-50F2E7077B64}.Release|Any CPU.Build.0 = Release|Any CPU
		{42396298-C6BA-4240-B05E-50F2E7077B64}.Release|ARM64.ActiveCfg = Release|Any CPU
		{42396298-C6BA-4240-B05E-50F2E7077B64}.Release|ARM64.Build.0 = Release|Any CPU
		{42396298-C6BA-4240-B05E-50F2E7077B64}.Release|x64.ActiveCfg = Release|Any CPU
		{42396298-C6BA-4240-B05E-50F2E7077B64}.Release|x64.Build.0 = Release|Any CPU
		{42396298-C6BA-4240-B05E-50F2E7077B64}.Release|x86.ActiveCfg = Release|Any CPU
		{42396298-C6BA-4240-B05E-50F2E7077B64}.Release|x86.Build.0 = Release|Any CPU
		{2F2D35EF-52C5-405F-9FE4-695088558710}.Debug|Any CPU.ActiveCfg = Debug|Any CPU
		{2F2D35EF-52C5-405F-9FE4-695088558710}.Debug|Any CPU.Build.0 = Debug|Any CPU
		{2F2D35EF-52C5-405F-9FE4-695088558710}.Debug|ARM64.ActiveCfg = Debug|Any CPU
		{2F2D35EF-52C5-405F-9FE4-695088558710}.Debug|ARM64.Build.0 = Debug|Any CPU
		{2F2D35EF-52C5-405F-9FE4-695088558710}.Debug|x64.ActiveCfg = Debug|Any CPU
		{2F2D35EF-52C5-405F-9FE4-695088558710}.Debug|x64.Build.0 = Debug|Any CPU
		{2F2D35EF-52C5-405F-9FE4-695088558710}.Debug|x86.ActiveCfg = Debug|Any CPU
		{2F2D35EF-52C5-405F-9FE4-695088558710}.Debug|x86.Build.0 = Debug|Any CPU
		{2F2D35EF-52C5-405F-9FE4-695088558710}.Publish|Any CPU.ActiveCfg = Debug|Any CPU
		{2F2D35EF-52C5-405F-9FE4-695088558710}.Publish|Any CPU.Build.0 = Debug|Any CPU
		{2F2D35EF-52C5-405F-9FE4-695088558710}.Publish|ARM64.ActiveCfg = Debug|Any CPU
		{2F2D35EF-52C5-405F-9FE4-695088558710}.Publish|ARM64.Build.0 = Debug|Any CPU
		{2F2D35EF-52C5-405F-9FE4-695088558710}.Publish|x64.ActiveCfg = Debug|Any CPU
		{2F2D35EF-52C5-405F-9FE4-695088558710}.Publish|x64.Build.0 = Debug|Any CPU
		{2F2D35EF-52C5-405F-9FE4-695088558710}.Publish|x86.ActiveCfg = Debug|Any CPU
		{2F2D35EF-52C5-405F-9FE4-695088558710}.Publish|x86.Build.0 = Debug|Any CPU
		{2F2D35EF-52C5-405F-9FE4-695088558710}.Release|Any CPU.ActiveCfg = Release|Any CPU
		{2F2D35EF-52C5-405F-9FE4-695088558710}.Release|Any CPU.Build.0 = Release|Any CPU
		{2F2D35EF-52C5-405F-9FE4-695088558710}.Release|ARM64.ActiveCfg = Release|Any CPU
		{2F2D35EF-52C5-405F-9FE4-695088558710}.Release|ARM64.Build.0 = Release|Any CPU
		{2F2D35EF-52C5-405F-9FE4-695088558710}.Release|x64.ActiveCfg = Release|Any CPU
		{2F2D35EF-52C5-405F-9FE4-695088558710}.Release|x64.Build.0 = Release|Any CPU
		{2F2D35EF-52C5-405F-9FE4-695088558710}.Release|x86.ActiveCfg = Release|Any CPU
		{2F2D35EF-52C5-405F-9FE4-695088558710}.Release|x86.Build.0 = Release|Any CPU
		{397C2E3A-8BF2-469D-9E10-2A7CA8421E89}.Debug|Any CPU.ActiveCfg = Debug|Any CPU
		{397C2E3A-8BF2-469D-9E10-2A7CA8421E89}.Debug|Any CPU.Build.0 = Debug|Any CPU
		{397C2E3A-8BF2-469D-9E10-2A7CA8421E89}.Debug|ARM64.ActiveCfg = Debug|Any CPU
		{397C2E3A-8BF2-469D-9E10-2A7CA8421E89}.Debug|ARM64.Build.0 = Debug|Any CPU
		{397C2E3A-8BF2-469D-9E10-2A7CA8421E89}.Debug|x64.ActiveCfg = Debug|Any CPU
		{397C2E3A-8BF2-469D-9E10-2A7CA8421E89}.Debug|x64.Build.0 = Debug|Any CPU
		{397C2E3A-8BF2-469D-9E10-2A7CA8421E89}.Debug|x86.ActiveCfg = Debug|Any CPU
		{397C2E3A-8BF2-469D-9E10-2A7CA8421E89}.Debug|x86.Build.0 = Debug|Any CPU
		{397C2E3A-8BF2-469D-9E10-2A7CA8421E89}.Publish|Any CPU.ActiveCfg = Debug|Any CPU
		{397C2E3A-8BF2-469D-9E10-2A7CA8421E89}.Publish|Any CPU.Build.0 = Debug|Any CPU
		{397C2E3A-8BF2-469D-9E10-2A7CA8421E89}.Publish|ARM64.ActiveCfg = Debug|Any CPU
		{397C2E3A-8BF2-469D-9E10-2A7CA8421E89}.Publish|ARM64.Build.0 = Debug|Any CPU
		{397C2E3A-8BF2-469D-9E10-2A7CA8421E89}.Publish|x64.ActiveCfg = Debug|Any CPU
		{397C2E3A-8BF2-469D-9E10-2A7CA8421E89}.Publish|x64.Build.0 = Debug|Any CPU
		{397C2E3A-8BF2-469D-9E10-2A7CA8421E89}.Publish|x86.ActiveCfg = Debug|Any CPU
		{397C2E3A-8BF2-469D-9E10-2A7CA8421E89}.Publish|x86.Build.0 = Debug|Any CPU
		{397C2E3A-8BF2-469D-9E10-2A7CA8421E89}.Release|Any CPU.ActiveCfg = Release|Any CPU
		{397C2E3A-8BF2-469D-9E10-2A7CA8421E89}.Release|Any CPU.Build.0 = Release|Any CPU
		{397C2E3A-8BF2-469D-9E10-2A7CA8421E89}.Release|ARM64.ActiveCfg = Release|Any CPU
		{397C2E3A-8BF2-469D-9E10-2A7CA8421E89}.Release|ARM64.Build.0 = Release|Any CPU
		{397C2E3A-8BF2-469D-9E10-2A7CA8421E89}.Release|x64.ActiveCfg = Release|Any CPU
		{397C2E3A-8BF2-469D-9E10-2A7CA8421E89}.Release|x64.Build.0 = Release|Any CPU
		{397C2E3A-8BF2-469D-9E10-2A7CA8421E89}.Release|x86.ActiveCfg = Release|Any CPU
		{397C2E3A-8BF2-469D-9E10-2A7CA8421E89}.Release|x86.Build.0 = Release|Any CPU
		{4323D664-1CD2-43D2-9D99-C158EF7C51D1}.Debug|Any CPU.ActiveCfg = Release|Any CPU
		{4323D664-1CD2-43D2-9D99-C158EF7C51D1}.Debug|Any CPU.Build.0 = Release|Any CPU
		{4323D664-1CD2-43D2-9D99-C158EF7C51D1}.Debug|ARM64.ActiveCfg = Debug|Any CPU
		{4323D664-1CD2-43D2-9D99-C158EF7C51D1}.Debug|ARM64.Build.0 = Debug|Any CPU
		{4323D664-1CD2-43D2-9D99-C158EF7C51D1}.Debug|x64.ActiveCfg = Debug|Any CPU
		{4323D664-1CD2-43D2-9D99-C158EF7C51D1}.Debug|x64.Build.0 = Debug|Any CPU
		{4323D664-1CD2-43D2-9D99-C158EF7C51D1}.Debug|x86.ActiveCfg = Debug|Any CPU
		{4323D664-1CD2-43D2-9D99-C158EF7C51D1}.Debug|x86.Build.0 = Debug|Any CPU
		{4323D664-1CD2-43D2-9D99-C158EF7C51D1}.Publish|Any CPU.ActiveCfg = Publish|Any CPU
		{4323D664-1CD2-43D2-9D99-C158EF7C51D1}.Publish|Any CPU.Build.0 = Publish|Any CPU
		{4323D664-1CD2-43D2-9D99-C158EF7C51D1}.Publish|ARM64.ActiveCfg = Publish|Any CPU
		{4323D664-1CD2-43D2-9D99-C158EF7C51D1}.Publish|ARM64.Build.0 = Publish|Any CPU
		{4323D664-1CD2-43D2-9D99-C158EF7C51D1}.Publish|x64.ActiveCfg = Publish|Any CPU
		{4323D664-1CD2-43D2-9D99-C158EF7C51D1}.Publish|x64.Build.0 = Publish|Any CPU
		{4323D664-1CD2-43D2-9D99-C158EF7C51D1}.Publish|x86.ActiveCfg = Publish|Any CPU
		{4323D664-1CD2-43D2-9D99-C158EF7C51D1}.Publish|x86.Build.0 = Publish|Any CPU
		{4323D664-1CD2-43D2-9D99-C158EF7C51D1}.Release|Any CPU.ActiveCfg = Release|Any CPU
		{4323D664-1CD2-43D2-9D99-C158EF7C51D1}.Release|Any CPU.Build.0 = Release|Any CPU
		{4323D664-1CD2-43D2-9D99-C158EF7C51D1}.Release|ARM64.ActiveCfg = Release|Any CPU
		{4323D664-1CD2-43D2-9D99-C158EF7C51D1}.Release|ARM64.Build.0 = Release|Any CPU
		{4323D664-1CD2-43D2-9D99-C158EF7C51D1}.Release|x64.ActiveCfg = Release|Any CPU
		{4323D664-1CD2-43D2-9D99-C158EF7C51D1}.Release|x64.Build.0 = Release|Any CPU
		{4323D664-1CD2-43D2-9D99-C158EF7C51D1}.Release|x86.ActiveCfg = Release|Any CPU
		{4323D664-1CD2-43D2-9D99-C158EF7C51D1}.Release|x86.Build.0 = Release|Any CPU
		{013F9F52-D191-43D4-A5D5-38EBE103EF64}.Debug|Any CPU.ActiveCfg = Debug|Any CPU
		{013F9F52-D191-43D4-A5D5-38EBE103EF64}.Debug|Any CPU.Build.0 = Debug|Any CPU
		{013F9F52-D191-43D4-A5D5-38EBE103EF64}.Debug|ARM64.ActiveCfg = Debug|Any CPU
		{013F9F52-D191-43D4-A5D5-38EBE103EF64}.Debug|ARM64.Build.0 = Debug|Any CPU
		{013F9F52-D191-43D4-A5D5-38EBE103EF64}.Debug|x64.ActiveCfg = Debug|Any CPU
		{013F9F52-D191-43D4-A5D5-38EBE103EF64}.Debug|x64.Build.0 = Debug|Any CPU
		{013F9F52-D191-43D4-A5D5-38EBE103EF64}.Debug|x86.ActiveCfg = Debug|Any CPU
		{013F9F52-D191-43D4-A5D5-38EBE103EF64}.Debug|x86.Build.0 = Debug|Any CPU
		{013F9F52-D191-43D4-A5D5-38EBE103EF64}.Publish|Any CPU.ActiveCfg = Debug|Any CPU
		{013F9F52-D191-43D4-A5D5-38EBE103EF64}.Publish|Any CPU.Build.0 = Debug|Any CPU
		{013F9F52-D191-43D4-A5D5-38EBE103EF64}.Publish|ARM64.ActiveCfg = Debug|Any CPU
		{013F9F52-D191-43D4-A5D5-38EBE103EF64}.Publish|ARM64.Build.0 = Debug|Any CPU
		{013F9F52-D191-43D4-A5D5-38EBE103EF64}.Publish|x64.ActiveCfg = Debug|Any CPU
		{013F9F52-D191-43D4-A5D5-38EBE103EF64}.Publish|x64.Build.0 = Debug|Any CPU
		{013F9F52-D191-43D4-A5D5-38EBE103EF64}.Publish|x86.ActiveCfg = Debug|Any CPU
		{013F9F52-D191-43D4-A5D5-38EBE103EF64}.Publish|x86.Build.0 = Debug|Any CPU
		{013F9F52-D191-43D4-A5D5-38EBE103EF64}.Release|Any CPU.ActiveCfg = Release|Any CPU
		{013F9F52-D191-43D4-A5D5-38EBE103EF64}.Release|Any CPU.Build.0 = Release|Any CPU
		{013F9F52-D191-43D4-A5D5-38EBE103EF64}.Release|ARM64.ActiveCfg = Release|Any CPU
		{013F9F52-D191-43D4-A5D5-38EBE103EF64}.Release|ARM64.Build.0 = Release|Any CPU
		{013F9F52-D191-43D4-A5D5-38EBE103EF64}.Release|x64.ActiveCfg = Release|Any CPU
		{013F9F52-D191-43D4-A5D5-38EBE103EF64}.Release|x64.Build.0 = Release|Any CPU
		{013F9F52-D191-43D4-A5D5-38EBE103EF64}.Release|x86.ActiveCfg = Release|Any CPU
		{013F9F52-D191-43D4-A5D5-38EBE103EF64}.Release|x86.Build.0 = Release|Any CPU
	EndGlobalSection
	GlobalSection(SolutionProperties) = preSolution
		HideSolutionNode = FALSE
	EndGlobalSection
	GlobalSection(NestedProjects) = preSolution
		{CC7EA0AC-8B54-4B76-8F4F-E669E7759FF4} = {4B9E7C1C-23A5-4F32-A3E5-88F38D466FC0}
		{F0860AC6-75B1-49D9-A1D4-90FCDEC14BC2} = {4B9E7C1C-23A5-4F32-A3E5-88F38D466FC0}
		{F96A227A-348B-494D-A01F-F56EF9176CF4} = {4B9E7C1C-23A5-4F32-A3E5-88F38D466FC0}
		{6EB5B5E8-A75D-465E-AAFC-CD6D882E7405} = {4B9E7C1C-23A5-4F32-A3E5-88F38D466FC0}
		{8D922565-7BF5-4532-98D3-EBEE08E9A043} = {4B9E7C1C-23A5-4F32-A3E5-88F38D466FC0}
		{2BA1ADB0-D6AC-4333-BA9B-2D1379457A0E} = {4B9E7C1C-23A5-4F32-A3E5-88F38D466FC0}
		{DD26E0A0-361E-45A1-BD84-80AA6C0F0715} = {4B9E7C1C-23A5-4F32-A3E5-88F38D466FC0}
		{42396298-C6BA-4240-B05E-50F2E7077B64} = {40910B25-8E59-489B-86BC-8C88344A08D7}
		{2F2D35EF-52C5-405F-9FE4-695088558710} = {40910B25-8E59-489B-86BC-8C88344A08D7}
		{397C2E3A-8BF2-469D-9E10-2A7CA8421E89} = {40910B25-8E59-489B-86BC-8C88344A08D7}
		{4323D664-1CD2-43D2-9D99-C158EF7C51D1} = {4B9E7C1C-23A5-4F32-A3E5-88F38D466FC0}
		{013F9F52-D191-43D4-A5D5-38EBE103EF64} = {40910B25-8E59-489B-86BC-8C88344A08D7}
	EndGlobalSection
	GlobalSection(ExtensibilityGlobals) = postSolution
		SolutionGuid = {B237A43F-37BA-406A-B5D0-24FB28F3F1E3}
	EndGlobalSection
EndGlobal
