
Microsoft Visual Studio Solution File, Format Version 12.00
# Visual Studio Version 17
VisualStudioVersion = 17.9.34714.143
MinimumVisualStudioVersion = 10.0.40219.1
Project("{9A19103F-16F7-4668-BE54-9A1E7A4F7556}") = "RodelChat.Core", "RodelChat.Core\RodelChat.Core.csproj", "{32634800-87C7-48DD-A464-8542905766E6}"
EndProject
Project("{9A19103F-16F7-4668-BE54-9A1E7A4F7556}") = "RodelChat.Console", "RodelChat.Console\RodelChat.Console.csproj", "{EBF5ED1D-40CD-4A81-B56B-32FC469AE7EE}"
EndProject
Project("{2150E333-8FDC-42A3-9474-1A3956D46DE8}") = "Libs", "Libs", "{4B9E7C1C-23A5-4F32-A3E5-88F38D466FC0}"
EndProject
Project("{9A19103F-16F7-4668-BE54-9A1E7A4F7556}") = "OpenAI-DotNet", "Libs\OpenAI-DotNet\OpenAI-DotNet\OpenAI-DotNet.csproj", "{4B018CD8-2D84-4D1C-B4B5-C553827E5195}"
EndProject
Project("{9A19103F-16F7-4668-BE54-9A1E7A4F7556}") = "Sdcb.DashScope", "Libs\Sdcb.DashScope\Sdcb.DashScope\Sdcb.DashScope.csproj", "{75BF6570-8CED-4C14-96C7-B722EF632E19}"
EndProject
Project("{9A19103F-16F7-4668-BE54-9A1E7A4F7556}") = "Sdcb.SparkDesk", "Libs\Sdcb.SparkDesk\Sdcb.SparkDesk\Sdcb.SparkDesk.csproj", "{CC3C5218-B097-40DB-B1A5-09023A97272B}"
EndProject
Project("{9A19103F-16F7-4668-BE54-9A1E7A4F7556}") = "Sdcb.WenXinQianFan", "Libs\Sdcb.WenXinQianFan\Sdcb.WenXinQianFan\Sdcb.WenXinQianFan.csproj", "{89B8E0B6-B1AA-4919-BAE5-C31E340FAC63}"
EndProject
Global
	GlobalSection(SolutionConfigurationPlatforms) = preSolution
		Debug|Any CPU = Debug|Any CPU
		Release|Any CPU = Release|Any CPU
	EndGlobalSection
	GlobalSection(ProjectConfigurationPlatforms) = postSolution
		{32634800-87C7-48DD-A464-8542905766E6}.Debug|Any CPU.ActiveCfg = Debug|Any CPU
		{32634800-87C7-48DD-A464-8542905766E6}.Debug|Any CPU.Build.0 = Debug|Any CPU
		{32634800-87C7-48DD-A464-8542905766E6}.Release|Any CPU.ActiveCfg = Release|Any CPU
		{32634800-87C7-48DD-A464-8542905766E6}.Release|Any CPU.Build.0 = Release|Any CPU
		{EBF5ED1D-40CD-4A81-B56B-32FC469AE7EE}.Debug|Any CPU.ActiveCfg = Debug|Any CPU
		{EBF5ED1D-40CD-4A81-B56B-32FC469AE7EE}.Debug|Any CPU.Build.0 = Debug|Any CPU
		{EBF5ED1D-40CD-4A81-B56B-32FC469AE7EE}.Release|Any CPU.ActiveCfg = Release|Any CPU
		{EBF5ED1D-40CD-4A81-B56B-32FC469AE7EE}.Release|Any CPU.Build.0 = Release|Any CPU
		{4B018CD8-2D84-4D1C-B4B5-C553827E5195}.Debug|Any CPU.ActiveCfg = Debug|Any CPU
		{4B018CD8-2D84-4D1C-B4B5-C553827E5195}.Debug|Any CPU.Build.0 = Debug|Any CPU
		{4B018CD8-2D84-4D1C-B4B5-C553827E5195}.Release|Any CPU.ActiveCfg = Release|Any CPU
		{4B018CD8-2D84-4D1C-B4B5-C553827E5195}.Release|Any CPU.Build.0 = Release|Any CPU
		{75BF6570-8CED-4C14-96C7-B722EF632E19}.Debug|Any CPU.ActiveCfg = Debug|Any CPU
		{75BF6570-8CED-4C14-96C7-B722EF632E19}.Debug|Any CPU.Build.0 = Debug|Any CPU
		{75BF6570-8CED-4C14-96C7-B722EF632E19}.Release|Any CPU.ActiveCfg = Release|Any CPU
		{75BF6570-8CED-4C14-96C7-B722EF632E19}.Release|Any CPU.Build.0 = Release|Any CPU
		{CC3C5218-B097-40DB-B1A5-09023A97272B}.Debug|Any CPU.ActiveCfg = Debug|Any CPU
		{CC3C5218-B097-40DB-B1A5-09023A97272B}.Debug|Any CPU.Build.0 = Debug|Any CPU
		{CC3C5218-B097-40DB-B1A5-09023A97272B}.Release|Any CPU.ActiveCfg = Release|Any CPU
		{CC3C5218-B097-40DB-B1A5-09023A97272B}.Release|Any CPU.Build.0 = Release|Any CPU
		{89B8E0B6-B1AA-4919-BAE5-C31E340FAC63}.Debug|Any CPU.ActiveCfg = Debug|Any CPU
		{89B8E0B6-B1AA-4919-BAE5-C31E340FAC63}.Debug|Any CPU.Build.0 = Debug|Any CPU
		{89B8E0B6-B1AA-4919-BAE5-C31E340FAC63}.Release|Any CPU.ActiveCfg = Release|Any CPU
		{89B8E0B6-B1AA-4919-BAE5-C31E340FAC63}.Release|Any CPU.Build.0 = Release|Any CPU
	EndGlobalSection
	GlobalSection(SolutionProperties) = preSolution
		HideSolutionNode = FALSE
	EndGlobalSection
	GlobalSection(NestedProjects) = preSolution
		{4B018CD8-2D84-4D1C-B4B5-C553827E5195} = {4B9E7C1C-23A5-4F32-A3E5-88F38D466FC0}
		{75BF6570-8CED-4C14-96C7-B722EF632E19} = {4B9E7C1C-23A5-4F32-A3E5-88F38D466FC0}
		{CC3C5218-B097-40DB-B1A5-09023A97272B} = {4B9E7C1C-23A5-4F32-A3E5-88F38D466FC0}
		{89B8E0B6-B1AA-4919-BAE5-C31E340FAC63} = {4B9E7C1C-23A5-4F32-A3E5-88F38D466FC0}
	EndGlobalSection
	GlobalSection(ExtensibilityGlobals) = postSolution
		SolutionGuid = {B237A43F-37BA-406A-B5D0-24FB28F3F1E3}
	EndGlobalSection
EndGlobal
