
Microsoft Visual Studio Solution File, Format Version 12.00
# Visual Studio Version 17
VisualStudioVersion = 17.9.34714.143
MinimumVisualStudioVersion = 10.0.40219.1
Project("{9A19103F-16F7-4668-BE54-9A1E7A4F7556}") = "RodelChat.Core", "RodelChat.Core\RodelChat.Core.csproj", "{32634800-87C7-48DD-A464-8542905766E6}"
EndProject
Project("{9A19103F-16F7-4668-BE54-9A1E7A4F7556}") = "RodelChat.Console", "RodelChat.Console\RodelChat.Console.csproj", "{EBF5ED1D-40CD-4A81-B56B-32FC469AE7EE}"
EndProject
Project("{2150E333-8FDC-42A3-9474-1A3956D46DE8}") = "Libs", "Libs", "{4B9E7C1C-23A5-4F32-A3E5-88F38D466FC0}"
EndProject
Project("{9A19103F-16F7-4668-BE54-9A1E7A4F7556}") = "SemanticKernel.Core", "Libs\semantic-kernel\dotnet\src\SemanticKernel.Core\SemanticKernel.Core.csproj", "{CC7EA0AC-8B54-4B76-8F4F-E669E7759FF4}"
EndProject
Project("{9A19103F-16F7-4668-BE54-9A1E7A4F7556}") = "SemanticKernel.Abstractions", "Libs\semantic-kernel\dotnet\src\SemanticKernel.Abstractions\SemanticKernel.Abstractions.csproj", "{F0860AC6-75B1-49D9-A1D4-90FCDEC14BC2}"
EndProject
Project("{9A19103F-16F7-4668-BE54-9A1E7A4F7556}") = "Connectors.OpenAI", "Libs\semantic-kernel\dotnet\src\Connectors\Connectors.OpenAI\Connectors.OpenAI.csproj", "{F96A227A-348B-494D-A01F-F56EF9176CF4}"
EndProject
Project("{9A19103F-16F7-4668-BE54-9A1E7A4F7556}") = "Connectors.Google", "Libs\semantic-kernel\dotnet\src\Connectors\Connectors.Google\Connectors.Google.csproj", "{6EB5B5E8-A75D-465E-AAFC-CD6D882E7405}"
EndProject
Project("{9A19103F-16F7-4668-BE54-9A1E7A4F7556}") = "Connectors.SparkDesk", "Libs\semantic-kernel\dotnet\src\Connectors\Connectors.SparkDesk\Connectors.SparkDesk.csproj", "{8D922565-7BF5-4532-98D3-EBEE08E9A043}"
EndProject
Project("{9A19103F-16F7-4668-BE54-9A1E7A4F7556}") = "Connectors.QianFan", "Libs\semantic-kernel\dotnet\src\Connectors\Connectors.QianFan\Connectors.QianFan.csproj", "{2BA1ADB0-D6AC-4333-BA9B-2D1379457A0E}"
EndProject
Project("{FAE04EC0-301F-11D3-BF4B-00C04F79EFBC}") = "Connectors.Anthropic", "Libs\semantic-kernel\dotnet\src\Connectors\Connectors.Anthropic\Connectors.Anthropic.csproj", "{DD26E0A0-361E-45A1-BD84-80AA6C0F0715}"
EndProject
Global
	GlobalSection(SolutionConfigurationPlatforms) = preSolution
		Debug|Any CPU = Debug|Any CPU
		Publish|Any CPU = Publish|Any CPU
		Release|Any CPU = Release|Any CPU
	EndGlobalSection
	GlobalSection(ProjectConfigurationPlatforms) = postSolution
		{32634800-87C7-48DD-A464-8542905766E6}.Debug|Any CPU.ActiveCfg = Debug|Any CPU
		{32634800-87C7-48DD-A464-8542905766E6}.Debug|Any CPU.Build.0 = Debug|Any CPU
		{32634800-87C7-48DD-A464-8542905766E6}.Publish|Any CPU.ActiveCfg = Release|Any CPU
		{32634800-87C7-48DD-A464-8542905766E6}.Publish|Any CPU.Build.0 = Release|Any CPU
		{32634800-87C7-48DD-A464-8542905766E6}.Release|Any CPU.ActiveCfg = Release|Any CPU
		{32634800-87C7-48DD-A464-8542905766E6}.Release|Any CPU.Build.0 = Release|Any CPU
		{EBF5ED1D-40CD-4A81-B56B-32FC469AE7EE}.Debug|Any CPU.ActiveCfg = Debug|Any CPU
		{EBF5ED1D-40CD-4A81-B56B-32FC469AE7EE}.Debug|Any CPU.Build.0 = Debug|Any CPU
		{EBF5ED1D-40CD-4A81-B56B-32FC469AE7EE}.Publish|Any CPU.ActiveCfg = Release|Any CPU
		{EBF5ED1D-40CD-4A81-B56B-32FC469AE7EE}.Publish|Any CPU.Build.0 = Release|Any CPU
		{EBF5ED1D-40CD-4A81-B56B-32FC469AE7EE}.Release|Any CPU.ActiveCfg = Release|Any CPU
		{EBF5ED1D-40CD-4A81-B56B-32FC469AE7EE}.Release|Any CPU.Build.0 = Release|Any CPU
		{CC7EA0AC-8B54-4B76-8F4F-E669E7759FF4}.Debug|Any CPU.ActiveCfg = Debug|Any CPU
		{CC7EA0AC-8B54-4B76-8F4F-E669E7759FF4}.Debug|Any CPU.Build.0 = Debug|Any CPU
		{CC7EA0AC-8B54-4B76-8F4F-E669E7759FF4}.Publish|Any CPU.ActiveCfg = Publish|Any CPU
		{CC7EA0AC-8B54-4B76-8F4F-E669E7759FF4}.Publish|Any CPU.Build.0 = Publish|Any CPU
		{CC7EA0AC-8B54-4B76-8F4F-E669E7759FF4}.Release|Any CPU.ActiveCfg = Release|Any CPU
		{CC7EA0AC-8B54-4B76-8F4F-E669E7759FF4}.Release|Any CPU.Build.0 = Release|Any CPU
		{F0860AC6-75B1-49D9-A1D4-90FCDEC14BC2}.Debug|Any CPU.ActiveCfg = Debug|Any CPU
		{F0860AC6-75B1-49D9-A1D4-90FCDEC14BC2}.Debug|Any CPU.Build.0 = Debug|Any CPU
		{F0860AC6-75B1-49D9-A1D4-90FCDEC14BC2}.Publish|Any CPU.ActiveCfg = Publish|Any CPU
		{F0860AC6-75B1-49D9-A1D4-90FCDEC14BC2}.Publish|Any CPU.Build.0 = Publish|Any CPU
		{F0860AC6-75B1-49D9-A1D4-90FCDEC14BC2}.Release|Any CPU.ActiveCfg = Release|Any CPU
		{F0860AC6-75B1-49D9-A1D4-90FCDEC14BC2}.Release|Any CPU.Build.0 = Release|Any CPU
		{F96A227A-348B-494D-A01F-F56EF9176CF4}.Debug|Any CPU.ActiveCfg = Debug|Any CPU
		{F96A227A-348B-494D-A01F-F56EF9176CF4}.Debug|Any CPU.Build.0 = Debug|Any CPU
		{F96A227A-348B-494D-A01F-F56EF9176CF4}.Publish|Any CPU.ActiveCfg = Publish|Any CPU
		{F96A227A-348B-494D-A01F-F56EF9176CF4}.Publish|Any CPU.Build.0 = Publish|Any CPU
		{F96A227A-348B-494D-A01F-F56EF9176CF4}.Release|Any CPU.ActiveCfg = Release|Any CPU
		{F96A227A-348B-494D-A01F-F56EF9176CF4}.Release|Any CPU.Build.0 = Release|Any CPU
		{6EB5B5E8-A75D-465E-AAFC-CD6D882E7405}.Debug|Any CPU.ActiveCfg = Debug|Any CPU
		{6EB5B5E8-A75D-465E-AAFC-CD6D882E7405}.Debug|Any CPU.Build.0 = Debug|Any CPU
		{6EB5B5E8-A75D-465E-AAFC-CD6D882E7405}.Publish|Any CPU.ActiveCfg = Publish|Any CPU
		{6EB5B5E8-A75D-465E-AAFC-CD6D882E7405}.Publish|Any CPU.Build.0 = Publish|Any CPU
		{6EB5B5E8-A75D-465E-AAFC-CD6D882E7405}.Release|Any CPU.ActiveCfg = Release|Any CPU
		{6EB5B5E8-A75D-465E-AAFC-CD6D882E7405}.Release|Any CPU.Build.0 = Release|Any CPU
		{8D922565-7BF5-4532-98D3-EBEE08E9A043}.Debug|Any CPU.ActiveCfg = Debug|Any CPU
		{8D922565-7BF5-4532-98D3-EBEE08E9A043}.Debug|Any CPU.Build.0 = Debug|Any CPU
		{8D922565-7BF5-4532-98D3-EBEE08E9A043}.Publish|Any CPU.ActiveCfg = Debug|Any CPU
		{8D922565-7BF5-4532-98D3-EBEE08E9A043}.Publish|Any CPU.Build.0 = Debug|Any CPU
		{8D922565-7BF5-4532-98D3-EBEE08E9A043}.Release|Any CPU.ActiveCfg = Release|Any CPU
		{8D922565-7BF5-4532-98D3-EBEE08E9A043}.Release|Any CPU.Build.0 = Release|Any CPU
		{2BA1ADB0-D6AC-4333-BA9B-2D1379457A0E}.Debug|Any CPU.ActiveCfg = Debug|Any CPU
		{2BA1ADB0-D6AC-4333-BA9B-2D1379457A0E}.Debug|Any CPU.Build.0 = Debug|Any CPU
		{2BA1ADB0-D6AC-4333-BA9B-2D1379457A0E}.Publish|Any CPU.ActiveCfg = Debug|Any CPU
		{2BA1ADB0-D6AC-4333-BA9B-2D1379457A0E}.Publish|Any CPU.Build.0 = Debug|Any CPU
		{2BA1ADB0-D6AC-4333-BA9B-2D1379457A0E}.Release|Any CPU.ActiveCfg = Release|Any CPU
		{2BA1ADB0-D6AC-4333-BA9B-2D1379457A0E}.Release|Any CPU.Build.0 = Release|Any CPU
		{DD26E0A0-361E-45A1-BD84-80AA6C0F0715}.Debug|Any CPU.ActiveCfg = Debug|Any CPU
		{DD26E0A0-361E-45A1-BD84-80AA6C0F0715}.Debug|Any CPU.Build.0 = Debug|Any CPU
		{DD26E0A0-361E-45A1-BD84-80AA6C0F0715}.Publish|Any CPU.ActiveCfg = Debug|Any CPU
		{DD26E0A0-361E-45A1-BD84-80AA6C0F0715}.Publish|Any CPU.Build.0 = Debug|Any CPU
		{DD26E0A0-361E-45A1-BD84-80AA6C0F0715}.Release|Any CPU.ActiveCfg = Release|Any CPU
		{DD26E0A0-361E-45A1-BD84-80AA6C0F0715}.Release|Any CPU.Build.0 = Release|Any CPU
	EndGlobalSection
	GlobalSection(SolutionProperties) = preSolution
		HideSolutionNode = FALSE
	EndGlobalSection
	GlobalSection(NestedProjects) = preSolution
		{CC7EA0AC-8B54-4B76-8F4F-E669E7759FF4} = {4B9E7C1C-23A5-4F32-A3E5-88F38D466FC0}
		{F0860AC6-75B1-49D9-A1D4-90FCDEC14BC2} = {4B9E7C1C-23A5-4F32-A3E5-88F38D466FC0}
		{F96A227A-348B-494D-A01F-F56EF9176CF4} = {4B9E7C1C-23A5-4F32-A3E5-88F38D466FC0}
		{6EB5B5E8-A75D-465E-AAFC-CD6D882E7405} = {4B9E7C1C-23A5-4F32-A3E5-88F38D466FC0}
		{8D922565-7BF5-4532-98D3-EBEE08E9A043} = {4B9E7C1C-23A5-4F32-A3E5-88F38D466FC0}
		{2BA1ADB0-D6AC-4333-BA9B-2D1379457A0E} = {4B9E7C1C-23A5-4F32-A3E5-88F38D466FC0}
		{DD26E0A0-361E-45A1-BD84-80AA6C0F0715} = {4B9E7C1C-23A5-4F32-A3E5-88F38D466FC0}
	EndGlobalSection
	GlobalSection(ExtensibilityGlobals) = postSolution
		SolutionGuid = {B237A43F-37BA-406A-B5D0-24FB28F3F1E3}
	EndGlobalSection
EndGlobal
