
Microsoft Visual Studio Solution File, Format Version 12.00
# Visual Studio Version 17
VisualStudioVersion = 17.9.34714.143
MinimumVisualStudioVersion = 10.0.40219.1
Project("{9A19103F-16F7-4668-BE54-9A1E7A4F7556}") = "RodelChat.Console", "Console\RodelChat.Console\RodelChat.Console.csproj", "{EBF5ED1D-40CD-4A81-B56B-32FC469AE7EE}"
EndProject
Project("{2150E333-8FDC-42A3-9474-1A3956D46DE8}") = "Libs", "Libs", "{4B9E7C1C-23A5-4F32-A3E5-88F38D466FC0}"
EndProject
Project("{9A19103F-16F7-4668-BE54-9A1E7A4F7556}") = "SemanticKernel.Core", "Libs\semantic-kernel\dotnet\src\SemanticKernel.Core\SemanticKernel.Core.csproj", "{CC7EA0AC-8B54-4B76-8F4F-E669E7759FF4}"
EndProject
Project("{9A19103F-16F7-4668-BE54-9A1E7A4F7556}") = "SemanticKernel.Abstractions", "Libs\semantic-kernel\dotnet\src\SemanticKernel.Abstractions\SemanticKernel.Abstractions.csproj", "{F0860AC6-75B1-49D9-A1D4-90FCDEC14BC2}"
EndProject
Project("{9A19103F-16F7-4668-BE54-9A1E7A4F7556}") = "Connectors.OpenAI", "Libs\semantic-kernel\dotnet\src\Connectors\Connectors.OpenAI\Connectors.OpenAI.csproj", "{F96A227A-348B-494D-A01F-F56EF9176CF4}"
EndProject
Project("{9A19103F-16F7-4668-BE54-9A1E7A4F7556}") = "Connectors.Google", "Libs\semantic-kernel\dotnet\src\Connectors\Connectors.Google\Connectors.Google.csproj", "{6EB5B5E8-A75D-465E-AAFC-CD6D882E7405}"
EndProject
Project("{9A19103F-16F7-4668-BE54-9A1E7A4F7556}") = "Connectors.SparkDesk", "Libs\semantic-kernel\dotnet\src\Connectors\Connectors.SparkDesk\Connectors.SparkDesk.csproj", "{8D922565-7BF5-4532-98D3-EBEE08E9A043}"
EndProject
Project("{9A19103F-16F7-4668-BE54-9A1E7A4F7556}") = "Connectors.QianFan", "Libs\semantic-kernel\dotnet\src\Connectors\Connectors.QianFan\Connectors.QianFan.csproj", "{2BA1ADB0-D6AC-4333-BA9B-2D1379457A0E}"
EndProject
Project("{9A19103F-16F7-4668-BE54-9A1E7A4F7556}") = "Connectors.Anthropic", "Libs\semantic-kernel\dotnet\src\Connectors\Connectors.Anthropic\Connectors.Anthropic.csproj", "{DD26E0A0-361E-45A1-BD84-80AA6C0F0715}"
EndProject
Project("{2150E333-8FDC-42A3-9474-1A3956D46DE8}") = "Core", "Core", "{40910B25-8E59-489B-86BC-8C88344A08D7}"
EndProject
Project("{9A19103F-16F7-4668-BE54-9A1E7A4F7556}") = "RodelChat.Core", "Core\RodelChat.Core\RodelChat.Core.csproj", "{42396298-C6BA-4240-B05E-50F2E7077B64}"
EndProject
Project("{9A19103F-16F7-4668-BE54-9A1E7A4F7556}") = "RodelChat.Interfaces", "Core\RodelChat.Interfaces\RodelChat.Interfaces.csproj", "{2F2D35EF-52C5-405F-9FE4-695088558710}"
EndProject
Project("{9A19103F-16F7-4668-BE54-9A1E7A4F7556}") = "RodelChat.Models", "Core\RodelChat.Models\RodelChat.Models.csproj", "{397C2E3A-8BF2-469D-9E10-2A7CA8421E89}"
EndProject
Project("{9A19103F-16F7-4668-BE54-9A1E7A4F7556}") = "Connectors.HunYuan", "Libs\semantic-kernel\dotnet\src\Connectors\Connectors.HunYuan\Connectors.HunYuan.csproj", "{F5724DD0-BA02-4172-AD83-6675BCD36B1F}"
EndProject
Project("{9A19103F-16F7-4668-BE54-9A1E7A4F7556}") = "RodelAgent.Models", "Core\RodelAgent.Models\RodelAgent.Models.csproj", "{CB10E5C4-A199-4529-9C92-61B05F9A7A83}"
EndProject
Project("{2150E333-8FDC-42A3-9474-1A3956D46DE8}") = "Chat", "Chat", "{A2778DC6-E8EA-4D42-9F1A-26F946D8501B}"
EndProject
Project("{9A19103F-16F7-4668-BE54-9A1E7A4F7556}") = "RodelAgent.Interfaces", "Core\RodelAgent.Interfaces\RodelAgent.Interfaces.csproj", "{8DB14DE3-74F9-4F4B-8B69-8C2CD2C05169}"
EndProject
Project("{9A19103F-16F7-4668-BE54-9A1E7A4F7556}") = "RodelAgent.UI", "Desktop\RodelAgent.UI\RodelAgent.UI.csproj", "{C23A0770-1CB1-494C-8740-B700104E8180}"
EndProject
Project("{9A19103F-16F7-4668-BE54-9A1E7A4F7556}") = "RodelAgent.UI.Models", "Desktop\RodelAgent.UI.Models\RodelAgent.UI.Models.csproj", "{154E498C-6DC3-4521-A5A9-23819F47E5CA}"
EndProject
Project("{9A19103F-16F7-4668-BE54-9A1E7A4F7556}") = "RodelAgent.UI.ResourceGenerator", "Desktop\RodelAgent.UI.ResourceGenerator\RodelAgent.UI.ResourceGenerator.csproj", "{E0B35810-9D68-453D-A5E5-6C6B42BCBA1A}"
EndProject
Project("{2150E333-8FDC-42A3-9474-1A3956D46DE8}") = "Desktop", "Desktop", "{EA6BEA9D-D4E9-4F2D-A00A-515A668284FB}"
EndProject
Project("{9A19103F-16F7-4668-BE54-9A1E7A4F7556}") = "RodelAgent.Statics", "Core\RodelAgent.Statics\RodelAgent.Statics.csproj", "{BBDABE8D-56AC-428F-A62C-8CF94216710A}"
EndProject
Project("{9A19103F-16F7-4668-BE54-9A1E7A4F7556}") = "RodelAgent.Context", "Core\RodelAgent.Context\RodelAgent.Context.csproj", "{1DB84CF8-DA20-4938-9C3E-64963859B680}"
EndProject
Project("{9A19103F-16F7-4668-BE54-9A1E7A4F7556}") = "Connectors.MistralAI", "Libs\semantic-kernel\dotnet\src\Connectors\Connectors.MistralAI\Connectors.MistralAI.csproj", "{1E9F1FC1-9ECE-4C91-BED0-03B77F6C3523}"
EndProject
Project("{2150E333-8FDC-42A3-9474-1A3956D46DE8}") = "Samples", "Samples", "{021844B9-5DB3-4026-8B6C-9847D1927784}"
EndProject
Project("{9A19103F-16F7-4668-BE54-9A1E7A4F7556}") = "RodelAgent.Samples.Plugin", "Samples\RodelAgent.Samples.Plugin\RodelAgent.Samples.Plugin.csproj", "{4CB247A3-0A55-4E2E-8570-67ABA61152CE}"
EndProject
Project("{2150E333-8FDC-42A3-9474-1A3956D46DE8}") = "Translate", "Translate", "{BFF52EE8-D5BF-4C97-8B69-9E6976775885}"
EndProject
Project("{9A19103F-16F7-4668-BE54-9A1E7A4F7556}") = "RodelTranslate.Models", "Core\RodelTranslate.Models\RodelTranslate.Models.csproj", "{59124C4C-4A99-4A64-B7BD-B373F45887D9}"
EndProject
Project("{9A19103F-16F7-4668-BE54-9A1E7A4F7556}") = "RodelTranslate.Interfaces", "Core\RodelTranslate.Interfaces\RodelTranslate.Interfaces.csproj", "{4308290D-D3FC-4BB4-8843-6B78753E6EBA}"
EndProject
Project("{9A19103F-16F7-4668-BE54-9A1E7A4F7556}") = "RodelTranslate.Core", "Core\RodelTranslate.Core\RodelTranslate.Core.csproj", "{6B2FE7A9-021B-4D94-A421-60ACF5F168C0}"
EndProject
Project("{9A19103F-16F7-4668-BE54-9A1E7A4F7556}") = "RodelTranslate.Console", "Console\RodelTranslate.Console\RodelTranslate.Console.csproj", "{AC3C6806-67A6-4851-9839-6CB4B51EA187}"
EndProject
Project("{9A19103F-16F7-4668-BE54-9A1E7A4F7556}") = "Translators.Baidu", "Libs\semantic-kernel\dotnet\src\Translators\Translators.Baidu\Translators.Baidu.csproj", "{B18DBF71-C4E9-4F50-B2BD-44760D080EF0}"
EndProject
Project("{9A19103F-16F7-4668-BE54-9A1E7A4F7556}") = "Translators.Youdao", "Libs\semantic-kernel\dotnet\src\Translators\Translators.Youdao\Translators.Youdao.csproj", "{13D4511B-1275-4FD2-83AE-4B5D53BF45A5}"
EndProject
Project("{9A19103F-16F7-4668-BE54-9A1E7A4F7556}") = "Translators.Azure", "Libs\semantic-kernel\dotnet\src\Translators\Translators.Azure\Translators.Azure.csproj", "{CB2C38FD-9836-4E78-88F7-03092D0782E2}"
EndProject
Project("{9A19103F-16F7-4668-BE54-9A1E7A4F7556}") = "Translators.Tencent", "Libs\semantic-kernel\dotnet\src\Translators\Translators.Tencent\Translators.Tencent.csproj", "{DC013289-8478-4E6E-8A65-FF9BA05D1509}"
EndProject
Project("{9A19103F-16F7-4668-BE54-9A1E7A4F7556}") = "Translators.Ali", "Libs\semantic-kernel\dotnet\src\Translators\Translators.Ali\Translators.Ali.csproj", "{E9320CFD-78A7-4CB1-AFBD-846285EAA181}"
EndProject
Project("{9A19103F-16F7-4668-BE54-9A1E7A4F7556}") = "Translators.Volcano", "Libs\semantic-kernel\dotnet\src\Translators\Translators.Volcano\Translators.Volcano.csproj", "{E1690366-82DE-438C-B25C-8E5492273618}"
EndProject
Project("{2150E333-8FDC-42A3-9474-1A3956D46DE8}") = "Draw", "Draw", "{227AE5AF-E429-4D29-9115-74650353D5AF}"
EndProject
Project("{9A19103F-16F7-4668-BE54-9A1E7A4F7556}") = "RodelDraw.Models", "Core\RodelDraw.Models\RodelDraw.Models.csproj", "{F60A23B0-7C98-436C-96E6-8D66019D888C}"
EndProject
Project("{9A19103F-16F7-4668-BE54-9A1E7A4F7556}") = "RodelDraw.Interfaces", "Core\RodelDraw.Interfaces\RodelDraw.Interfaces.csproj", "{1668D04A-A26B-4F53-B6A9-6CA7E08E878F}"
EndProject
Project("{9A19103F-16F7-4668-BE54-9A1E7A4F7556}") = "RodelDraw.Core", "Core\RodelDraw.Core\RodelDraw.Core.csproj", "{9CD15910-763D-4BAD-9699-8597123F88AB}"
EndProject
Project("{9A19103F-16F7-4668-BE54-9A1E7A4F7556}") = "RodelDraw.Console", "Console\RodelDraw.Console\RodelDraw.Console.csproj", "{2D7F17EB-DB95-4678-928F-AF02D6253A5B}"
EndProject
Project("{2150E333-8FDC-42A3-9474-1A3956D46DE8}") = "Audio", "Audio", "{2B5B43E6-0791-40F2-9977-5DF134094981}"
EndProject
Project("{9A19103F-16F7-4668-BE54-9A1E7A4F7556}") = "RodelAudio.Models", "Core\RodelAudio.Models\RodelAudio.Models.csproj", "{3A8094C9-8E70-409C-853D-E46266C06DE7}"
EndProject
Project("{9A19103F-16F7-4668-BE54-9A1E7A4F7556}") = "RodelAudio.Interfaces", "Core\RodelAudio.Interfaces\RodelAudio.Interfaces.csproj", "{BC611078-0DE8-4D91-8BD3-5A06BA59A727}"
EndProject
Project("{9A19103F-16F7-4668-BE54-9A1E7A4F7556}") = "RodelAudio.Core", "Core\RodelAudio.Core\RodelAudio.Core.csproj", "{11A13488-F2EA-43D0-ADB5-77BCBD0341FD}"
EndProject
Project("{9A19103F-16F7-4668-BE54-9A1E7A4F7556}") = "RodelAudio.Console", "Console\RodelAudio.Console\RodelAudio.Console.csproj", "{8309B380-FD4D-46EE-9FA7-3E0C98916478}"
EndProject
Project("{9A19103F-16F7-4668-BE54-9A1E7A4F7556}") = "Speakers.Azure", "Libs\semantic-kernel\dotnet\src\Speakers\Speakers.Azure\Speakers.Azure.csproj", "{032F8E61-FF2F-4748-A59A-542DE9EAB54A}"
EndProject
Project("{2150E333-8FDC-42A3-9474-1A3956D46DE8}") = "Console", "Console", "{62FE84D9-2966-496C-9548-EE5421944A23}"
EndProject
Project("{9A19103F-16F7-4668-BE54-9A1E7A4F7556}") = "Migration.V1", "Libs\Migration.V1\Migration.V1.csproj", "{2D5FBCDF-9872-4A70-8077-C14473F0D231}"
EndProject
Project("{9A19103F-16F7-4668-BE54-9A1E7A4F7556}") = "Agents.Core", "Libs\semantic-kernel\dotnet\src\Agents\Core\Agents.Core.csproj", "{002DBA94-2E18-4620-9084-B82ECF0AD0BC}"
EndProject
Project("{9A19103F-16F7-4668-BE54-9A1E7A4F7556}") = "Agents.Abstractions", "Libs\semantic-kernel\dotnet\src\Agents\Abstractions\Agents.Abstractions.csproj", "{6FC5B579-8860-4E64-AEFE-8AC15D6FAF69}"
EndProject
Project("{9A19103F-16F7-4668-BE54-9A1E7A4F7556}") = "Agents.OpenAI", "Libs\semantic-kernel\dotnet\src\Agents\OpenAI\Agents.OpenAI.csproj", "{FBBCDEBB-135B-439D-906A-4E299D3F0A6E}"
EndProject
Project("{FAE04EC0-301F-11D3-BF4B-00C04F79EFBC}") = "Connectors.DouBao", "Libs\semantic-kernel\dotnet\src\Connectors\Connectors.DouBao\Connectors.DouBao.csproj", "{24D8A332-C623-47EE-972B-E37785D54F88}"
EndProject
Global
	GlobalSection(SolutionConfigurationPlatforms) = preSolution
		Debug|Any CPU = Debug|Any CPU
		Debug|ARM64 = Debug|ARM64
		Debug|x64 = Debug|x64
		Debug|x86 = Debug|x86
		Release|Any CPU = Release|Any CPU
		Release|ARM64 = Release|ARM64
		Release|x64 = Release|x64
		Release|x86 = Release|x86
	EndGlobalSection
	GlobalSection(ProjectConfigurationPlatforms) = postSolution
		{EBF5ED1D-40CD-4A81-B56B-32FC469AE7EE}.Debug|Any CPU.ActiveCfg = Debug|Any CPU
		{EBF5ED1D-40CD-4A81-B56B-32FC469AE7EE}.Debug|Any CPU.Build.0 = Debug|Any CPU
		{EBF5ED1D-40CD-4A81-B56B-32FC469AE7EE}.Debug|ARM64.ActiveCfg = Debug|Any CPU
		{EBF5ED1D-40CD-4A81-B56B-32FC469AE7EE}.Debug|ARM64.Build.0 = Debug|Any CPU
		{EBF5ED1D-40CD-4A81-B56B-32FC469AE7EE}.Debug|x64.ActiveCfg = Debug|Any CPU
		{EBF5ED1D-40CD-4A81-B56B-32FC469AE7EE}.Debug|x64.Build.0 = Debug|Any CPU
		{EBF5ED1D-40CD-4A81-B56B-32FC469AE7EE}.Debug|x86.ActiveCfg = Debug|Any CPU
		{EBF5ED1D-40CD-4A81-B56B-32FC469AE7EE}.Debug|x86.Build.0 = Debug|Any CPU
		{EBF5ED1D-40CD-4A81-B56B-32FC469AE7EE}.Release|Any CPU.ActiveCfg = Release|Any CPU
		{EBF5ED1D-40CD-4A81-B56B-32FC469AE7EE}.Release|Any CPU.Build.0 = Release|Any CPU
		{EBF5ED1D-40CD-4A81-B56B-32FC469AE7EE}.Release|ARM64.ActiveCfg = Release|Any CPU
		{EBF5ED1D-40CD-4A81-B56B-32FC469AE7EE}.Release|ARM64.Build.0 = Release|Any CPU
		{EBF5ED1D-40CD-4A81-B56B-32FC469AE7EE}.Release|x64.ActiveCfg = Release|Any CPU
		{EBF5ED1D-40CD-4A81-B56B-32FC469AE7EE}.Release|x64.Build.0 = Release|Any CPU
		{EBF5ED1D-40CD-4A81-B56B-32FC469AE7EE}.Release|x86.ActiveCfg = Release|Any CPU
		{EBF5ED1D-40CD-4A81-B56B-32FC469AE7EE}.Release|x86.Build.0 = Release|Any CPU
		{CC7EA0AC-8B54-4B76-8F4F-E669E7759FF4}.Debug|Any CPU.ActiveCfg = Debug|Any CPU
		{CC7EA0AC-8B54-4B76-8F4F-E669E7759FF4}.Debug|Any CPU.Build.0 = Debug|Any CPU
		{CC7EA0AC-8B54-4B76-8F4F-E669E7759FF4}.Debug|ARM64.ActiveCfg = Debug|Any CPU
		{CC7EA0AC-8B54-4B76-8F4F-E669E7759FF4}.Debug|ARM64.Build.0 = Debug|Any CPU
		{CC7EA0AC-8B54-4B76-8F4F-E669E7759FF4}.Debug|x64.ActiveCfg = Debug|Any CPU
		{CC7EA0AC-8B54-4B76-8F4F-E669E7759FF4}.Debug|x64.Build.0 = Debug|Any CPU
		{CC7EA0AC-8B54-4B76-8F4F-E669E7759FF4}.Debug|x86.ActiveCfg = Debug|Any CPU
		{CC7EA0AC-8B54-4B76-8F4F-E669E7759FF4}.Debug|x86.Build.0 = Debug|Any CPU
		{CC7EA0AC-8B54-4B76-8F4F-E669E7759FF4}.Release|Any CPU.ActiveCfg = Release|Any CPU
		{CC7EA0AC-8B54-4B76-8F4F-E669E7759FF4}.Release|Any CPU.Build.0 = Release|Any CPU
		{CC7EA0AC-8B54-4B76-8F4F-E669E7759FF4}.Release|ARM64.ActiveCfg = Release|Any CPU
		{CC7EA0AC-8B54-4B76-8F4F-E669E7759FF4}.Release|ARM64.Build.0 = Release|Any CPU
		{CC7EA0AC-8B54-4B76-8F4F-E669E7759FF4}.Release|x64.ActiveCfg = Release|Any CPU
		{CC7EA0AC-8B54-4B76-8F4F-E669E7759FF4}.Release|x64.Build.0 = Release|Any CPU
		{CC7EA0AC-8B54-4B76-8F4F-E669E7759FF4}.Release|x86.ActiveCfg = Release|Any CPU
		{CC7EA0AC-8B54-4B76-8F4F-E669E7759FF4}.Release|x86.Build.0 = Release|Any CPU
		{F0860AC6-75B1-49D9-A1D4-90FCDEC14BC2}.Debug|Any CPU.ActiveCfg = Debug|Any CPU
		{F0860AC6-75B1-49D9-A1D4-90FCDEC14BC2}.Debug|Any CPU.Build.0 = Debug|Any CPU
		{F0860AC6-75B1-49D9-A1D4-90FCDEC14BC2}.Debug|ARM64.ActiveCfg = Debug|Any CPU
		{F0860AC6-75B1-49D9-A1D4-90FCDEC14BC2}.Debug|ARM64.Build.0 = Debug|Any CPU
		{F0860AC6-75B1-49D9-A1D4-90FCDEC14BC2}.Debug|x64.ActiveCfg = Debug|Any CPU
		{F0860AC6-75B1-49D9-A1D4-90FCDEC14BC2}.Debug|x64.Build.0 = Debug|Any CPU
		{F0860AC6-75B1-49D9-A1D4-90FCDEC14BC2}.Debug|x86.ActiveCfg = Debug|Any CPU
		{F0860AC6-75B1-49D9-A1D4-90FCDEC14BC2}.Debug|x86.Build.0 = Debug|Any CPU
		{F0860AC6-75B1-49D9-A1D4-90FCDEC14BC2}.Release|Any CPU.ActiveCfg = Release|Any CPU
		{F0860AC6-75B1-49D9-A1D4-90FCDEC14BC2}.Release|Any CPU.Build.0 = Release|Any CPU
		{F0860AC6-75B1-49D9-A1D4-90FCDEC14BC2}.Release|ARM64.ActiveCfg = Release|Any CPU
		{F0860AC6-75B1-49D9-A1D4-90FCDEC14BC2}.Release|ARM64.Build.0 = Release|Any CPU
		{F0860AC6-75B1-49D9-A1D4-90FCDEC14BC2}.Release|x64.ActiveCfg = Release|Any CPU
		{F0860AC6-75B1-49D9-A1D4-90FCDEC14BC2}.Release|x64.Build.0 = Release|Any CPU
		{F0860AC6-75B1-49D9-A1D4-90FCDEC14BC2}.Release|x86.ActiveCfg = Release|Any CPU
		{F0860AC6-75B1-49D9-A1D4-90FCDEC14BC2}.Release|x86.Build.0 = Release|Any CPU
		{F96A227A-348B-494D-A01F-F56EF9176CF4}.Debug|Any CPU.ActiveCfg = Debug|Any CPU
		{F96A227A-348B-494D-A01F-F56EF9176CF4}.Debug|Any CPU.Build.0 = Debug|Any CPU
		{F96A227A-348B-494D-A01F-F56EF9176CF4}.Debug|ARM64.ActiveCfg = Debug|Any CPU
		{F96A227A-348B-494D-A01F-F56EF9176CF4}.Debug|ARM64.Build.0 = Debug|Any CPU
		{F96A227A-348B-494D-A01F-F56EF9176CF4}.Debug|x64.ActiveCfg = Debug|Any CPU
		{F96A227A-348B-494D-A01F-F56EF9176CF4}.Debug|x64.Build.0 = Debug|Any CPU
		{F96A227A-348B-494D-A01F-F56EF9176CF4}.Debug|x86.ActiveCfg = Debug|Any CPU
		{F96A227A-348B-494D-A01F-F56EF9176CF4}.Debug|x86.Build.0 = Debug|Any CPU
		{F96A227A-348B-494D-A01F-F56EF9176CF4}.Release|Any CPU.ActiveCfg = Release|Any CPU
		{F96A227A-348B-494D-A01F-F56EF9176CF4}.Release|Any CPU.Build.0 = Release|Any CPU
		{F96A227A-348B-494D-A01F-F56EF9176CF4}.Release|ARM64.ActiveCfg = Release|Any CPU
		{F96A227A-348B-494D-A01F-F56EF9176CF4}.Release|ARM64.Build.0 = Release|Any CPU
		{F96A227A-348B-494D-A01F-F56EF9176CF4}.Release|x64.ActiveCfg = Release|Any CPU
		{F96A227A-348B-494D-A01F-F56EF9176CF4}.Release|x64.Build.0 = Release|Any CPU
		{F96A227A-348B-494D-A01F-F56EF9176CF4}.Release|x86.ActiveCfg = Release|Any CPU
		{F96A227A-348B-494D-A01F-F56EF9176CF4}.Release|x86.Build.0 = Release|Any CPU
		{6EB5B5E8-A75D-465E-AAFC-CD6D882E7405}.Debug|Any CPU.ActiveCfg = Debug|Any CPU
		{6EB5B5E8-A75D-465E-AAFC-CD6D882E7405}.Debug|Any CPU.Build.0 = Debug|Any CPU
		{6EB5B5E8-A75D-465E-AAFC-CD6D882E7405}.Debug|ARM64.ActiveCfg = Debug|Any CPU
		{6EB5B5E8-A75D-465E-AAFC-CD6D882E7405}.Debug|ARM64.Build.0 = Debug|Any CPU
		{6EB5B5E8-A75D-465E-AAFC-CD6D882E7405}.Debug|x64.ActiveCfg = Debug|Any CPU
		{6EB5B5E8-A75D-465E-AAFC-CD6D882E7405}.Debug|x64.Build.0 = Debug|Any CPU
		{6EB5B5E8-A75D-465E-AAFC-CD6D882E7405}.Debug|x86.ActiveCfg = Debug|Any CPU
		{6EB5B5E8-A75D-465E-AAFC-CD6D882E7405}.Debug|x86.Build.0 = Debug|Any CPU
		{6EB5B5E8-A75D-465E-AAFC-CD6D882E7405}.Release|Any CPU.ActiveCfg = Release|Any CPU
		{6EB5B5E8-A75D-465E-AAFC-CD6D882E7405}.Release|Any CPU.Build.0 = Release|Any CPU
		{6EB5B5E8-A75D-465E-AAFC-CD6D882E7405}.Release|ARM64.ActiveCfg = Release|Any CPU
		{6EB5B5E8-A75D-465E-AAFC-CD6D882E7405}.Release|ARM64.Build.0 = Release|Any CPU
		{6EB5B5E8-A75D-465E-AAFC-CD6D882E7405}.Release|x64.ActiveCfg = Release|Any CPU
		{6EB5B5E8-A75D-465E-AAFC-CD6D882E7405}.Release|x64.Build.0 = Release|Any CPU
		{6EB5B5E8-A75D-465E-AAFC-CD6D882E7405}.Release|x86.ActiveCfg = Release|Any CPU
		{6EB5B5E8-A75D-465E-AAFC-CD6D882E7405}.Release|x86.Build.0 = Release|Any CPU
		{8D922565-7BF5-4532-98D3-EBEE08E9A043}.Debug|Any CPU.ActiveCfg = Debug|Any CPU
		{8D922565-7BF5-4532-98D3-EBEE08E9A043}.Debug|Any CPU.Build.0 = Debug|Any CPU
		{8D922565-7BF5-4532-98D3-EBEE08E9A043}.Debug|ARM64.ActiveCfg = Debug|Any CPU
		{8D922565-7BF5-4532-98D3-EBEE08E9A043}.Debug|ARM64.Build.0 = Debug|Any CPU
		{8D922565-7BF5-4532-98D3-EBEE08E9A043}.Debug|x64.ActiveCfg = Debug|Any CPU
		{8D922565-7BF5-4532-98D3-EBEE08E9A043}.Debug|x64.Build.0 = Debug|Any CPU
		{8D922565-7BF5-4532-98D3-EBEE08E9A043}.Debug|x86.ActiveCfg = Debug|Any CPU
		{8D922565-7BF5-4532-98D3-EBEE08E9A043}.Debug|x86.Build.0 = Debug|Any CPU
		{8D922565-7BF5-4532-98D3-EBEE08E9A043}.Release|Any CPU.ActiveCfg = Release|Any CPU
		{8D922565-7BF5-4532-98D3-EBEE08E9A043}.Release|Any CPU.Build.0 = Release|Any CPU
		{8D922565-7BF5-4532-98D3-EBEE08E9A043}.Release|ARM64.ActiveCfg = Release|Any CPU
		{8D922565-7BF5-4532-98D3-EBEE08E9A043}.Release|ARM64.Build.0 = Release|Any CPU
		{8D922565-7BF5-4532-98D3-EBEE08E9A043}.Release|x64.ActiveCfg = Release|Any CPU
		{8D922565-7BF5-4532-98D3-EBEE08E9A043}.Release|x64.Build.0 = Release|Any CPU
		{8D922565-7BF5-4532-98D3-EBEE08E9A043}.Release|x86.ActiveCfg = Release|Any CPU
		{8D922565-7BF5-4532-98D3-EBEE08E9A043}.Release|x86.Build.0 = Release|Any CPU
		{2BA1ADB0-D6AC-4333-BA9B-2D1379457A0E}.Debug|Any CPU.ActiveCfg = Debug|Any CPU
		{2BA1ADB0-D6AC-4333-BA9B-2D1379457A0E}.Debug|Any CPU.Build.0 = Debug|Any CPU
		{2BA1ADB0-D6AC-4333-BA9B-2D1379457A0E}.Debug|ARM64.ActiveCfg = Debug|Any CPU
		{2BA1ADB0-D6AC-4333-BA9B-2D1379457A0E}.Debug|ARM64.Build.0 = Debug|Any CPU
		{2BA1ADB0-D6AC-4333-BA9B-2D1379457A0E}.Debug|x64.ActiveCfg = Debug|Any CPU
		{2BA1ADB0-D6AC-4333-BA9B-2D1379457A0E}.Debug|x64.Build.0 = Debug|Any CPU
		{2BA1ADB0-D6AC-4333-BA9B-2D1379457A0E}.Debug|x86.ActiveCfg = Debug|Any CPU
		{2BA1ADB0-D6AC-4333-BA9B-2D1379457A0E}.Debug|x86.Build.0 = Debug|Any CPU
		{2BA1ADB0-D6AC-4333-BA9B-2D1379457A0E}.Release|Any CPU.ActiveCfg = Release|Any CPU
		{2BA1ADB0-D6AC-4333-BA9B-2D1379457A0E}.Release|Any CPU.Build.0 = Release|Any CPU
		{2BA1ADB0-D6AC-4333-BA9B-2D1379457A0E}.Release|ARM64.ActiveCfg = Release|Any CPU
		{2BA1ADB0-D6AC-4333-BA9B-2D1379457A0E}.Release|ARM64.Build.0 = Release|Any CPU
		{2BA1ADB0-D6AC-4333-BA9B-2D1379457A0E}.Release|x64.ActiveCfg = Release|Any CPU
		{2BA1ADB0-D6AC-4333-BA9B-2D1379457A0E}.Release|x64.Build.0 = Release|Any CPU
		{2BA1ADB0-D6AC-4333-BA9B-2D1379457A0E}.Release|x86.ActiveCfg = Release|Any CPU
		{2BA1ADB0-D6AC-4333-BA9B-2D1379457A0E}.Release|x86.Build.0 = Release|Any CPU
		{DD26E0A0-361E-45A1-BD84-80AA6C0F0715}.Debug|Any CPU.ActiveCfg = Debug|Any CPU
		{DD26E0A0-361E-45A1-BD84-80AA6C0F0715}.Debug|Any CPU.Build.0 = Debug|Any CPU
		{DD26E0A0-361E-45A1-BD84-80AA6C0F0715}.Debug|ARM64.ActiveCfg = Debug|Any CPU
		{DD26E0A0-361E-45A1-BD84-80AA6C0F0715}.Debug|ARM64.Build.0 = Debug|Any CPU
		{DD26E0A0-361E-45A1-BD84-80AA6C0F0715}.Debug|x64.ActiveCfg = Debug|Any CPU
		{DD26E0A0-361E-45A1-BD84-80AA6C0F0715}.Debug|x64.Build.0 = Debug|Any CPU
		{DD26E0A0-361E-45A1-BD84-80AA6C0F0715}.Debug|x86.ActiveCfg = Debug|Any CPU
		{DD26E0A0-361E-45A1-BD84-80AA6C0F0715}.Debug|x86.Build.0 = Debug|Any CPU
		{DD26E0A0-361E-45A1-BD84-80AA6C0F0715}.Release|Any CPU.ActiveCfg = Release|Any CPU
		{DD26E0A0-361E-45A1-BD84-80AA6C0F0715}.Release|Any CPU.Build.0 = Release|Any CPU
		{DD26E0A0-361E-45A1-BD84-80AA6C0F0715}.Release|ARM64.ActiveCfg = Release|Any CPU
		{DD26E0A0-361E-45A1-BD84-80AA6C0F0715}.Release|ARM64.Build.0 = Release|Any CPU
		{DD26E0A0-361E-45A1-BD84-80AA6C0F0715}.Release|x64.ActiveCfg = Release|Any CPU
		{DD26E0A0-361E-45A1-BD84-80AA6C0F0715}.Release|x64.Build.0 = Release|Any CPU
		{DD26E0A0-361E-45A1-BD84-80AA6C0F0715}.Release|x86.ActiveCfg = Release|Any CPU
		{DD26E0A0-361E-45A1-BD84-80AA6C0F0715}.Release|x86.Build.0 = Release|Any CPU
		{42396298-C6BA-4240-B05E-50F2E7077B64}.Debug|Any CPU.ActiveCfg = Debug|Any CPU
		{42396298-C6BA-4240-B05E-50F2E7077B64}.Debug|Any CPU.Build.0 = Debug|Any CPU
		{42396298-C6BA-4240-B05E-50F2E7077B64}.Debug|ARM64.ActiveCfg = Debug|Any CPU
		{42396298-C6BA-4240-B05E-50F2E7077B64}.Debug|ARM64.Build.0 = Debug|Any CPU
		{42396298-C6BA-4240-B05E-50F2E7077B64}.Debug|x64.ActiveCfg = Debug|Any CPU
		{42396298-C6BA-4240-B05E-50F2E7077B64}.Debug|x64.Build.0 = Debug|Any CPU
		{42396298-C6BA-4240-B05E-50F2E7077B64}.Debug|x86.ActiveCfg = Debug|Any CPU
		{42396298-C6BA-4240-B05E-50F2E7077B64}.Debug|x86.Build.0 = Debug|Any CPU
		{42396298-C6BA-4240-B05E-50F2E7077B64}.Release|Any CPU.ActiveCfg = Release|Any CPU
		{42396298-C6BA-4240-B05E-50F2E7077B64}.Release|Any CPU.Build.0 = Release|Any CPU
		{42396298-C6BA-4240-B05E-50F2E7077B64}.Release|ARM64.ActiveCfg = Release|Any CPU
		{42396298-C6BA-4240-B05E-50F2E7077B64}.Release|ARM64.Build.0 = Release|Any CPU
		{42396298-C6BA-4240-B05E-50F2E7077B64}.Release|x64.ActiveCfg = Release|Any CPU
		{42396298-C6BA-4240-B05E-50F2E7077B64}.Release|x64.Build.0 = Release|Any CPU
		{42396298-C6BA-4240-B05E-50F2E7077B64}.Release|x86.ActiveCfg = Release|Any CPU
		{42396298-C6BA-4240-B05E-50F2E7077B64}.Release|x86.Build.0 = Release|Any CPU
		{2F2D35EF-52C5-405F-9FE4-695088558710}.Debug|Any CPU.ActiveCfg = Debug|Any CPU
		{2F2D35EF-52C5-405F-9FE4-695088558710}.Debug|Any CPU.Build.0 = Debug|Any CPU
		{2F2D35EF-52C5-405F-9FE4-695088558710}.Debug|ARM64.ActiveCfg = Debug|Any CPU
		{2F2D35EF-52C5-405F-9FE4-695088558710}.Debug|ARM64.Build.0 = Debug|Any CPU
		{2F2D35EF-52C5-405F-9FE4-695088558710}.Debug|x64.ActiveCfg = Debug|Any CPU
		{2F2D35EF-52C5-405F-9FE4-695088558710}.Debug|x64.Build.0 = Debug|Any CPU
		{2F2D35EF-52C5-405F-9FE4-695088558710}.Debug|x86.ActiveCfg = Debug|Any CPU
		{2F2D35EF-52C5-405F-9FE4-695088558710}.Debug|x86.Build.0 = Debug|Any CPU
		{2F2D35EF-52C5-405F-9FE4-695088558710}.Release|Any CPU.ActiveCfg = Release|Any CPU
		{2F2D35EF-52C5-405F-9FE4-695088558710}.Release|Any CPU.Build.0 = Release|Any CPU
		{2F2D35EF-52C5-405F-9FE4-695088558710}.Release|ARM64.ActiveCfg = Release|Any CPU
		{2F2D35EF-52C5-405F-9FE4-695088558710}.Release|ARM64.Build.0 = Release|Any CPU
		{2F2D35EF-52C5-405F-9FE4-695088558710}.Release|x64.ActiveCfg = Release|Any CPU
		{2F2D35EF-52C5-405F-9FE4-695088558710}.Release|x64.Build.0 = Release|Any CPU
		{2F2D35EF-52C5-405F-9FE4-695088558710}.Release|x86.ActiveCfg = Release|Any CPU
		{2F2D35EF-52C5-405F-9FE4-695088558710}.Release|x86.Build.0 = Release|Any CPU
		{397C2E3A-8BF2-469D-9E10-2A7CA8421E89}.Debug|Any CPU.ActiveCfg = Debug|Any CPU
		{397C2E3A-8BF2-469D-9E10-2A7CA8421E89}.Debug|Any CPU.Build.0 = Debug|Any CPU
		{397C2E3A-8BF2-469D-9E10-2A7CA8421E89}.Debug|ARM64.ActiveCfg = Debug|Any CPU
		{397C2E3A-8BF2-469D-9E10-2A7CA8421E89}.Debug|ARM64.Build.0 = Debug|Any CPU
		{397C2E3A-8BF2-469D-9E10-2A7CA8421E89}.Debug|x64.ActiveCfg = Debug|Any CPU
		{397C2E3A-8BF2-469D-9E10-2A7CA8421E89}.Debug|x64.Build.0 = Debug|Any CPU
		{397C2E3A-8BF2-469D-9E10-2A7CA8421E89}.Debug|x86.ActiveCfg = Debug|Any CPU
		{397C2E3A-8BF2-469D-9E10-2A7CA8421E89}.Debug|x86.Build.0 = Debug|Any CPU
		{397C2E3A-8BF2-469D-9E10-2A7CA8421E89}.Release|Any CPU.ActiveCfg = Release|Any CPU
		{397C2E3A-8BF2-469D-9E10-2A7CA8421E89}.Release|Any CPU.Build.0 = Release|Any CPU
		{397C2E3A-8BF2-469D-9E10-2A7CA8421E89}.Release|ARM64.ActiveCfg = Release|Any CPU
		{397C2E3A-8BF2-469D-9E10-2A7CA8421E89}.Release|ARM64.Build.0 = Release|Any CPU
		{397C2E3A-8BF2-469D-9E10-2A7CA8421E89}.Release|x64.ActiveCfg = Release|Any CPU
		{397C2E3A-8BF2-469D-9E10-2A7CA8421E89}.Release|x64.Build.0 = Release|Any CPU
		{397C2E3A-8BF2-469D-9E10-2A7CA8421E89}.Release|x86.ActiveCfg = Release|Any CPU
		{397C2E3A-8BF2-469D-9E10-2A7CA8421E89}.Release|x86.Build.0 = Release|Any CPU
		{F5724DD0-BA02-4172-AD83-6675BCD36B1F}.Debug|Any CPU.ActiveCfg = Debug|Any CPU
		{F5724DD0-BA02-4172-AD83-6675BCD36B1F}.Debug|Any CPU.Build.0 = Debug|Any CPU
		{F5724DD0-BA02-4172-AD83-6675BCD36B1F}.Debug|ARM64.ActiveCfg = Debug|Any CPU
		{F5724DD0-BA02-4172-AD83-6675BCD36B1F}.Debug|ARM64.Build.0 = Debug|Any CPU
		{F5724DD0-BA02-4172-AD83-6675BCD36B1F}.Debug|x64.ActiveCfg = Debug|Any CPU
		{F5724DD0-BA02-4172-AD83-6675BCD36B1F}.Debug|x64.Build.0 = Debug|Any CPU
		{F5724DD0-BA02-4172-AD83-6675BCD36B1F}.Debug|x86.ActiveCfg = Debug|Any CPU
		{F5724DD0-BA02-4172-AD83-6675BCD36B1F}.Debug|x86.Build.0 = Debug|Any CPU
		{F5724DD0-BA02-4172-AD83-6675BCD36B1F}.Release|Any CPU.ActiveCfg = Release|Any CPU
		{F5724DD0-BA02-4172-AD83-6675BCD36B1F}.Release|Any CPU.Build.0 = Release|Any CPU
		{F5724DD0-BA02-4172-AD83-6675BCD36B1F}.Release|ARM64.ActiveCfg = Release|Any CPU
		{F5724DD0-BA02-4172-AD83-6675BCD36B1F}.Release|ARM64.Build.0 = Release|Any CPU
		{F5724DD0-BA02-4172-AD83-6675BCD36B1F}.Release|x64.ActiveCfg = Release|Any CPU
		{F5724DD0-BA02-4172-AD83-6675BCD36B1F}.Release|x64.Build.0 = Release|Any CPU
		{F5724DD0-BA02-4172-AD83-6675BCD36B1F}.Release|x86.ActiveCfg = Release|Any CPU
		{F5724DD0-BA02-4172-AD83-6675BCD36B1F}.Release|x86.Build.0 = Release|Any CPU
		{CB10E5C4-A199-4529-9C92-61B05F9A7A83}.Debug|Any CPU.ActiveCfg = Debug|Any CPU
		{CB10E5C4-A199-4529-9C92-61B05F9A7A83}.Debug|Any CPU.Build.0 = Debug|Any CPU
		{CB10E5C4-A199-4529-9C92-61B05F9A7A83}.Debug|ARM64.ActiveCfg = Debug|Any CPU
		{CB10E5C4-A199-4529-9C92-61B05F9A7A83}.Debug|ARM64.Build.0 = Debug|Any CPU
		{CB10E5C4-A199-4529-9C92-61B05F9A7A83}.Debug|x64.ActiveCfg = Debug|Any CPU
		{CB10E5C4-A199-4529-9C92-61B05F9A7A83}.Debug|x64.Build.0 = Debug|Any CPU
		{CB10E5C4-A199-4529-9C92-61B05F9A7A83}.Debug|x86.ActiveCfg = Debug|Any CPU
		{CB10E5C4-A199-4529-9C92-61B05F9A7A83}.Debug|x86.Build.0 = Debug|Any CPU
		{CB10E5C4-A199-4529-9C92-61B05F9A7A83}.Release|Any CPU.ActiveCfg = Release|Any CPU
		{CB10E5C4-A199-4529-9C92-61B05F9A7A83}.Release|Any CPU.Build.0 = Release|Any CPU
		{CB10E5C4-A199-4529-9C92-61B05F9A7A83}.Release|ARM64.ActiveCfg = Release|Any CPU
		{CB10E5C4-A199-4529-9C92-61B05F9A7A83}.Release|ARM64.Build.0 = Release|Any CPU
		{CB10E5C4-A199-4529-9C92-61B05F9A7A83}.Release|x64.ActiveCfg = Release|Any CPU
		{CB10E5C4-A199-4529-9C92-61B05F9A7A83}.Release|x64.Build.0 = Release|Any CPU
		{CB10E5C4-A199-4529-9C92-61B05F9A7A83}.Release|x86.ActiveCfg = Release|Any CPU
		{CB10E5C4-A199-4529-9C92-61B05F9A7A83}.Release|x86.Build.0 = Release|Any CPU
		{8DB14DE3-74F9-4F4B-8B69-8C2CD2C05169}.Debug|Any CPU.ActiveCfg = Debug|Any CPU
		{8DB14DE3-74F9-4F4B-8B69-8C2CD2C05169}.Debug|Any CPU.Build.0 = Debug|Any CPU
		{8DB14DE3-74F9-4F4B-8B69-8C2CD2C05169}.Debug|ARM64.ActiveCfg = Debug|Any CPU
		{8DB14DE3-74F9-4F4B-8B69-8C2CD2C05169}.Debug|ARM64.Build.0 = Debug|Any CPU
		{8DB14DE3-74F9-4F4B-8B69-8C2CD2C05169}.Debug|x64.ActiveCfg = Debug|Any CPU
		{8DB14DE3-74F9-4F4B-8B69-8C2CD2C05169}.Debug|x64.Build.0 = Debug|Any CPU
		{8DB14DE3-74F9-4F4B-8B69-8C2CD2C05169}.Debug|x86.ActiveCfg = Debug|Any CPU
		{8DB14DE3-74F9-4F4B-8B69-8C2CD2C05169}.Debug|x86.Build.0 = Debug|Any CPU
		{8DB14DE3-74F9-4F4B-8B69-8C2CD2C05169}.Release|Any CPU.ActiveCfg = Release|Any CPU
		{8DB14DE3-74F9-4F4B-8B69-8C2CD2C05169}.Release|Any CPU.Build.0 = Release|Any CPU
		{8DB14DE3-74F9-4F4B-8B69-8C2CD2C05169}.Release|ARM64.ActiveCfg = Release|Any CPU
		{8DB14DE3-74F9-4F4B-8B69-8C2CD2C05169}.Release|ARM64.Build.0 = Release|Any CPU
		{8DB14DE3-74F9-4F4B-8B69-8C2CD2C05169}.Release|x64.ActiveCfg = Release|Any CPU
		{8DB14DE3-74F9-4F4B-8B69-8C2CD2C05169}.Release|x64.Build.0 = Release|Any CPU
		{8DB14DE3-74F9-4F4B-8B69-8C2CD2C05169}.Release|x86.ActiveCfg = Release|Any CPU
		{8DB14DE3-74F9-4F4B-8B69-8C2CD2C05169}.Release|x86.Build.0 = Release|Any CPU
		{C23A0770-1CB1-494C-8740-B700104E8180}.Debug|Any CPU.ActiveCfg = Debug|x64
		{C23A0770-1CB1-494C-8740-B700104E8180}.Debug|Any CPU.Build.0 = Debug|x64
		{C23A0770-1CB1-494C-8740-B700104E8180}.Debug|Any CPU.Deploy.0 = Debug|x64
		{C23A0770-1CB1-494C-8740-B700104E8180}.Debug|ARM64.ActiveCfg = Debug|ARM64
		{C23A0770-1CB1-494C-8740-B700104E8180}.Debug|ARM64.Build.0 = Debug|ARM64
		{C23A0770-1CB1-494C-8740-B700104E8180}.Debug|ARM64.Deploy.0 = Debug|ARM64
		{C23A0770-1CB1-494C-8740-B700104E8180}.Debug|x64.ActiveCfg = Debug|x64
		{C23A0770-1CB1-494C-8740-B700104E8180}.Debug|x64.Build.0 = Debug|x64
		{C23A0770-1CB1-494C-8740-B700104E8180}.Debug|x64.Deploy.0 = Debug|x64
		{C23A0770-1CB1-494C-8740-B700104E8180}.Debug|x86.ActiveCfg = Debug|x86
		{C23A0770-1CB1-494C-8740-B700104E8180}.Debug|x86.Build.0 = Debug|x86
		{C23A0770-1CB1-494C-8740-B700104E8180}.Debug|x86.Deploy.0 = Debug|x86
		{C23A0770-1CB1-494C-8740-B700104E8180}.Release|Any CPU.ActiveCfg = Release|x64
		{C23A0770-1CB1-494C-8740-B700104E8180}.Release|Any CPU.Build.0 = Release|x64
		{C23A0770-1CB1-494C-8740-B700104E8180}.Release|Any CPU.Deploy.0 = Release|x64
		{C23A0770-1CB1-494C-8740-B700104E8180}.Release|ARM64.ActiveCfg = Release|ARM64
		{C23A0770-1CB1-494C-8740-B700104E8180}.Release|ARM64.Build.0 = Release|ARM64
		{C23A0770-1CB1-494C-8740-B700104E8180}.Release|ARM64.Deploy.0 = Release|ARM64
		{C23A0770-1CB1-494C-8740-B700104E8180}.Release|x64.ActiveCfg = Release|x64
		{C23A0770-1CB1-494C-8740-B700104E8180}.Release|x64.Build.0 = Release|x64
		{C23A0770-1CB1-494C-8740-B700104E8180}.Release|x64.Deploy.0 = Release|x64
		{C23A0770-1CB1-494C-8740-B700104E8180}.Release|x86.ActiveCfg = Release|x86
		{C23A0770-1CB1-494C-8740-B700104E8180}.Release|x86.Build.0 = Release|x86
		{C23A0770-1CB1-494C-8740-B700104E8180}.Release|x86.Deploy.0 = Release|x86
		{154E498C-6DC3-4521-A5A9-23819F47E5CA}.Debug|Any CPU.ActiveCfg = Debug|Any CPU
		{154E498C-6DC3-4521-A5A9-23819F47E5CA}.Debug|Any CPU.Build.0 = Debug|Any CPU
		{154E498C-6DC3-4521-A5A9-23819F47E5CA}.Debug|ARM64.ActiveCfg = Debug|Any CPU
		{154E498C-6DC3-4521-A5A9-23819F47E5CA}.Debug|ARM64.Build.0 = Debug|Any CPU
		{154E498C-6DC3-4521-A5A9-23819F47E5CA}.Debug|x64.ActiveCfg = Debug|Any CPU
		{154E498C-6DC3-4521-A5A9-23819F47E5CA}.Debug|x64.Build.0 = Debug|Any CPU
		{154E498C-6DC3-4521-A5A9-23819F47E5CA}.Debug|x86.ActiveCfg = Debug|Any CPU
		{154E498C-6DC3-4521-A5A9-23819F47E5CA}.Debug|x86.Build.0 = Debug|Any CPU
		{154E498C-6DC3-4521-A5A9-23819F47E5CA}.Release|Any CPU.ActiveCfg = Release|Any CPU
		{154E498C-6DC3-4521-A5A9-23819F47E5CA}.Release|Any CPU.Build.0 = Release|Any CPU
		{154E498C-6DC3-4521-A5A9-23819F47E5CA}.Release|ARM64.ActiveCfg = Release|Any CPU
		{154E498C-6DC3-4521-A5A9-23819F47E5CA}.Release|ARM64.Build.0 = Release|Any CPU
		{154E498C-6DC3-4521-A5A9-23819F47E5CA}.Release|x64.ActiveCfg = Release|Any CPU
		{154E498C-6DC3-4521-A5A9-23819F47E5CA}.Release|x64.Build.0 = Release|Any CPU
		{154E498C-6DC3-4521-A5A9-23819F47E5CA}.Release|x86.ActiveCfg = Release|Any CPU
		{154E498C-6DC3-4521-A5A9-23819F47E5CA}.Release|x86.Build.0 = Release|Any CPU
		{E0B35810-9D68-453D-A5E5-6C6B42BCBA1A}.Debug|Any CPU.ActiveCfg = Debug|Any CPU
		{E0B35810-9D68-453D-A5E5-6C6B42BCBA1A}.Debug|Any CPU.Build.0 = Debug|Any CPU
		{E0B35810-9D68-453D-A5E5-6C6B42BCBA1A}.Debug|ARM64.ActiveCfg = Debug|Any CPU
		{E0B35810-9D68-453D-A5E5-6C6B42BCBA1A}.Debug|ARM64.Build.0 = Debug|Any CPU
		{E0B35810-9D68-453D-A5E5-6C6B42BCBA1A}.Debug|x64.ActiveCfg = Debug|Any CPU
		{E0B35810-9D68-453D-A5E5-6C6B42BCBA1A}.Debug|x64.Build.0 = Debug|Any CPU
		{E0B35810-9D68-453D-A5E5-6C6B42BCBA1A}.Debug|x86.ActiveCfg = Debug|Any CPU
		{E0B35810-9D68-453D-A5E5-6C6B42BCBA1A}.Debug|x86.Build.0 = Debug|Any CPU
		{E0B35810-9D68-453D-A5E5-6C6B42BCBA1A}.Release|Any CPU.ActiveCfg = Release|Any CPU
		{E0B35810-9D68-453D-A5E5-6C6B42BCBA1A}.Release|Any CPU.Build.0 = Release|Any CPU
		{E0B35810-9D68-453D-A5E5-6C6B42BCBA1A}.Release|ARM64.ActiveCfg = Release|Any CPU
		{E0B35810-9D68-453D-A5E5-6C6B42BCBA1A}.Release|ARM64.Build.0 = Release|Any CPU
		{E0B35810-9D68-453D-A5E5-6C6B42BCBA1A}.Release|x64.ActiveCfg = Release|Any CPU
		{E0B35810-9D68-453D-A5E5-6C6B42BCBA1A}.Release|x64.Build.0 = Release|Any CPU
		{E0B35810-9D68-453D-A5E5-6C6B42BCBA1A}.Release|x86.ActiveCfg = Release|Any CPU
		{E0B35810-9D68-453D-A5E5-6C6B42BCBA1A}.Release|x86.Build.0 = Release|Any CPU
		{BBDABE8D-56AC-428F-A62C-8CF94216710A}.Debug|Any CPU.ActiveCfg = Debug|Any CPU
		{BBDABE8D-56AC-428F-A62C-8CF94216710A}.Debug|Any CPU.Build.0 = Debug|Any CPU
		{BBDABE8D-56AC-428F-A62C-8CF94216710A}.Debug|ARM64.ActiveCfg = Debug|Any CPU
		{BBDABE8D-56AC-428F-A62C-8CF94216710A}.Debug|ARM64.Build.0 = Debug|Any CPU
		{BBDABE8D-56AC-428F-A62C-8CF94216710A}.Debug|x64.ActiveCfg = Debug|Any CPU
		{BBDABE8D-56AC-428F-A62C-8CF94216710A}.Debug|x64.Build.0 = Debug|Any CPU
		{BBDABE8D-56AC-428F-A62C-8CF94216710A}.Debug|x86.ActiveCfg = Debug|Any CPU
		{BBDABE8D-56AC-428F-A62C-8CF94216710A}.Debug|x86.Build.0 = Debug|Any CPU
		{BBDABE8D-56AC-428F-A62C-8CF94216710A}.Release|Any CPU.ActiveCfg = Release|Any CPU
		{BBDABE8D-56AC-428F-A62C-8CF94216710A}.Release|Any CPU.Build.0 = Release|Any CPU
		{BBDABE8D-56AC-428F-A62C-8CF94216710A}.Release|ARM64.ActiveCfg = Release|Any CPU
		{BBDABE8D-56AC-428F-A62C-8CF94216710A}.Release|ARM64.Build.0 = Release|Any CPU
		{BBDABE8D-56AC-428F-A62C-8CF94216710A}.Release|x64.ActiveCfg = Release|Any CPU
		{BBDABE8D-56AC-428F-A62C-8CF94216710A}.Release|x64.Build.0 = Release|Any CPU
		{BBDABE8D-56AC-428F-A62C-8CF94216710A}.Release|x86.ActiveCfg = Release|Any CPU
		{BBDABE8D-56AC-428F-A62C-8CF94216710A}.Release|x86.Build.0 = Release|Any CPU
		{1DB84CF8-DA20-4938-9C3E-64963859B680}.Debug|Any CPU.ActiveCfg = Debug|Any CPU
		{1DB84CF8-DA20-4938-9C3E-64963859B680}.Debug|Any CPU.Build.0 = Debug|Any CPU
		{1DB84CF8-DA20-4938-9C3E-64963859B680}.Debug|ARM64.ActiveCfg = Debug|Any CPU
		{1DB84CF8-DA20-4938-9C3E-64963859B680}.Debug|ARM64.Build.0 = Debug|Any CPU
		{1DB84CF8-DA20-4938-9C3E-64963859B680}.Debug|x64.ActiveCfg = Debug|Any CPU
		{1DB84CF8-DA20-4938-9C3E-64963859B680}.Debug|x64.Build.0 = Debug|Any CPU
		{1DB84CF8-DA20-4938-9C3E-64963859B680}.Debug|x86.ActiveCfg = Debug|Any CPU
		{1DB84CF8-DA20-4938-9C3E-64963859B680}.Debug|x86.Build.0 = Debug|Any CPU
		{1DB84CF8-DA20-4938-9C3E-64963859B680}.Release|Any CPU.ActiveCfg = Release|Any CPU
		{1DB84CF8-DA20-4938-9C3E-64963859B680}.Release|Any CPU.Build.0 = Release|Any CPU
		{1DB84CF8-DA20-4938-9C3E-64963859B680}.Release|ARM64.ActiveCfg = Release|Any CPU
		{1DB84CF8-DA20-4938-9C3E-64963859B680}.Release|ARM64.Build.0 = Release|Any CPU
		{1DB84CF8-DA20-4938-9C3E-64963859B680}.Release|x64.ActiveCfg = Release|Any CPU
		{1DB84CF8-DA20-4938-9C3E-64963859B680}.Release|x64.Build.0 = Release|Any CPU
		{1DB84CF8-DA20-4938-9C3E-64963859B680}.Release|x86.ActiveCfg = Release|Any CPU
		{1DB84CF8-DA20-4938-9C3E-64963859B680}.Release|x86.Build.0 = Release|Any CPU
		{1E9F1FC1-9ECE-4C91-BED0-03B77F6C3523}.Debug|Any CPU.ActiveCfg = Debug|Any CPU
		{1E9F1FC1-9ECE-4C91-BED0-03B77F6C3523}.Debug|Any CPU.Build.0 = Debug|Any CPU
		{1E9F1FC1-9ECE-4C91-BED0-03B77F6C3523}.Debug|ARM64.ActiveCfg = Debug|Any CPU
		{1E9F1FC1-9ECE-4C91-BED0-03B77F6C3523}.Debug|ARM64.Build.0 = Debug|Any CPU
		{1E9F1FC1-9ECE-4C91-BED0-03B77F6C3523}.Debug|x64.ActiveCfg = Debug|Any CPU
		{1E9F1FC1-9ECE-4C91-BED0-03B77F6C3523}.Debug|x64.Build.0 = Debug|Any CPU
		{1E9F1FC1-9ECE-4C91-BED0-03B77F6C3523}.Debug|x86.ActiveCfg = Debug|Any CPU
		{1E9F1FC1-9ECE-4C91-BED0-03B77F6C3523}.Debug|x86.Build.0 = Debug|Any CPU
		{1E9F1FC1-9ECE-4C91-BED0-03B77F6C3523}.Release|Any CPU.ActiveCfg = Release|Any CPU
		{1E9F1FC1-9ECE-4C91-BED0-03B77F6C3523}.Release|Any CPU.Build.0 = Release|Any CPU
		{1E9F1FC1-9ECE-4C91-BED0-03B77F6C3523}.Release|ARM64.ActiveCfg = Release|Any CPU
		{1E9F1FC1-9ECE-4C91-BED0-03B77F6C3523}.Release|ARM64.Build.0 = Release|Any CPU
		{1E9F1FC1-9ECE-4C91-BED0-03B77F6C3523}.Release|x64.ActiveCfg = Release|Any CPU
		{1E9F1FC1-9ECE-4C91-BED0-03B77F6C3523}.Release|x64.Build.0 = Release|Any CPU
		{1E9F1FC1-9ECE-4C91-BED0-03B77F6C3523}.Release|x86.ActiveCfg = Release|Any CPU
		{1E9F1FC1-9ECE-4C91-BED0-03B77F6C3523}.Release|x86.Build.0 = Release|Any CPU
		{4CB247A3-0A55-4E2E-8570-67ABA61152CE}.Debug|Any CPU.ActiveCfg = Debug|Any CPU
		{4CB247A3-0A55-4E2E-8570-67ABA61152CE}.Debug|Any CPU.Build.0 = Debug|Any CPU
		{4CB247A3-0A55-4E2E-8570-67ABA61152CE}.Debug|ARM64.ActiveCfg = Debug|Any CPU
		{4CB247A3-0A55-4E2E-8570-67ABA61152CE}.Debug|ARM64.Build.0 = Debug|Any CPU
		{4CB247A3-0A55-4E2E-8570-67ABA61152CE}.Debug|x64.ActiveCfg = Debug|Any CPU
		{4CB247A3-0A55-4E2E-8570-67ABA61152CE}.Debug|x64.Build.0 = Debug|Any CPU
		{4CB247A3-0A55-4E2E-8570-67ABA61152CE}.Debug|x86.ActiveCfg = Debug|Any CPU
		{4CB247A3-0A55-4E2E-8570-67ABA61152CE}.Debug|x86.Build.0 = Debug|Any CPU
		{4CB247A3-0A55-4E2E-8570-67ABA61152CE}.Release|Any CPU.ActiveCfg = Release|Any CPU
		{4CB247A3-0A55-4E2E-8570-67ABA61152CE}.Release|Any CPU.Build.0 = Release|Any CPU
		{4CB247A3-0A55-4E2E-8570-67ABA61152CE}.Release|ARM64.ActiveCfg = Release|Any CPU
		{4CB247A3-0A55-4E2E-8570-67ABA61152CE}.Release|ARM64.Build.0 = Release|Any CPU
		{4CB247A3-0A55-4E2E-8570-67ABA61152CE}.Release|x64.ActiveCfg = Release|Any CPU
		{4CB247A3-0A55-4E2E-8570-67ABA61152CE}.Release|x64.Build.0 = Release|Any CPU
		{4CB247A3-0A55-4E2E-8570-67ABA61152CE}.Release|x86.ActiveCfg = Release|Any CPU
		{4CB247A3-0A55-4E2E-8570-67ABA61152CE}.Release|x86.Build.0 = Release|Any CPU
		{59124C4C-4A99-4A64-B7BD-B373F45887D9}.Debug|Any CPU.ActiveCfg = Debug|Any CPU
		{59124C4C-4A99-4A64-B7BD-B373F45887D9}.Debug|Any CPU.Build.0 = Debug|Any CPU
		{59124C4C-4A99-4A64-B7BD-B373F45887D9}.Debug|ARM64.ActiveCfg = Debug|Any CPU
		{59124C4C-4A99-4A64-B7BD-B373F45887D9}.Debug|ARM64.Build.0 = Debug|Any CPU
		{59124C4C-4A99-4A64-B7BD-B373F45887D9}.Debug|x64.ActiveCfg = Debug|Any CPU
		{59124C4C-4A99-4A64-B7BD-B373F45887D9}.Debug|x64.Build.0 = Debug|Any CPU
		{59124C4C-4A99-4A64-B7BD-B373F45887D9}.Debug|x86.ActiveCfg = Debug|Any CPU
		{59124C4C-4A99-4A64-B7BD-B373F45887D9}.Debug|x86.Build.0 = Debug|Any CPU
		{59124C4C-4A99-4A64-B7BD-B373F45887D9}.Release|Any CPU.ActiveCfg = Release|Any CPU
		{59124C4C-4A99-4A64-B7BD-B373F45887D9}.Release|Any CPU.Build.0 = Release|Any CPU
		{59124C4C-4A99-4A64-B7BD-B373F45887D9}.Release|ARM64.ActiveCfg = Release|Any CPU
		{59124C4C-4A99-4A64-B7BD-B373F45887D9}.Release|ARM64.Build.0 = Release|Any CPU
		{59124C4C-4A99-4A64-B7BD-B373F45887D9}.Release|x64.ActiveCfg = Release|Any CPU
		{59124C4C-4A99-4A64-B7BD-B373F45887D9}.Release|x64.Build.0 = Release|Any CPU
		{59124C4C-4A99-4A64-B7BD-B373F45887D9}.Release|x86.ActiveCfg = Release|Any CPU
		{59124C4C-4A99-4A64-B7BD-B373F45887D9}.Release|x86.Build.0 = Release|Any CPU
		{4308290D-D3FC-4BB4-8843-6B78753E6EBA}.Debug|Any CPU.ActiveCfg = Debug|Any CPU
		{4308290D-D3FC-4BB4-8843-6B78753E6EBA}.Debug|Any CPU.Build.0 = Debug|Any CPU
		{4308290D-D3FC-4BB4-8843-6B78753E6EBA}.Debug|ARM64.ActiveCfg = Debug|Any CPU
		{4308290D-D3FC-4BB4-8843-6B78753E6EBA}.Debug|ARM64.Build.0 = Debug|Any CPU
		{4308290D-D3FC-4BB4-8843-6B78753E6EBA}.Debug|x64.ActiveCfg = Debug|Any CPU
		{4308290D-D3FC-4BB4-8843-6B78753E6EBA}.Debug|x64.Build.0 = Debug|Any CPU
		{4308290D-D3FC-4BB4-8843-6B78753E6EBA}.Debug|x86.ActiveCfg = Debug|Any CPU
		{4308290D-D3FC-4BB4-8843-6B78753E6EBA}.Debug|x86.Build.0 = Debug|Any CPU
		{4308290D-D3FC-4BB4-8843-6B78753E6EBA}.Release|Any CPU.ActiveCfg = Release|Any CPU
		{4308290D-D3FC-4BB4-8843-6B78753E6EBA}.Release|Any CPU.Build.0 = Release|Any CPU
		{4308290D-D3FC-4BB4-8843-6B78753E6EBA}.Release|ARM64.ActiveCfg = Release|Any CPU
		{4308290D-D3FC-4BB4-8843-6B78753E6EBA}.Release|ARM64.Build.0 = Release|Any CPU
		{4308290D-D3FC-4BB4-8843-6B78753E6EBA}.Release|x64.ActiveCfg = Release|Any CPU
		{4308290D-D3FC-4BB4-8843-6B78753E6EBA}.Release|x64.Build.0 = Release|Any CPU
		{4308290D-D3FC-4BB4-8843-6B78753E6EBA}.Release|x86.ActiveCfg = Release|Any CPU
		{4308290D-D3FC-4BB4-8843-6B78753E6EBA}.Release|x86.Build.0 = Release|Any CPU
		{6B2FE7A9-021B-4D94-A421-60ACF5F168C0}.Debug|Any CPU.ActiveCfg = Debug|Any CPU
		{6B2FE7A9-021B-4D94-A421-60ACF5F168C0}.Debug|Any CPU.Build.0 = Debug|Any CPU
		{6B2FE7A9-021B-4D94-A421-60ACF5F168C0}.Debug|ARM64.ActiveCfg = Debug|Any CPU
		{6B2FE7A9-021B-4D94-A421-60ACF5F168C0}.Debug|ARM64.Build.0 = Debug|Any CPU
		{6B2FE7A9-021B-4D94-A421-60ACF5F168C0}.Debug|x64.ActiveCfg = Debug|Any CPU
		{6B2FE7A9-021B-4D94-A421-60ACF5F168C0}.Debug|x64.Build.0 = Debug|Any CPU
		{6B2FE7A9-021B-4D94-A421-60ACF5F168C0}.Debug|x86.ActiveCfg = Debug|Any CPU
		{6B2FE7A9-021B-4D94-A421-60ACF5F168C0}.Debug|x86.Build.0 = Debug|Any CPU
		{6B2FE7A9-021B-4D94-A421-60ACF5F168C0}.Release|Any CPU.ActiveCfg = Release|Any CPU
		{6B2FE7A9-021B-4D94-A421-60ACF5F168C0}.Release|Any CPU.Build.0 = Release|Any CPU
		{6B2FE7A9-021B-4D94-A421-60ACF5F168C0}.Release|ARM64.ActiveCfg = Release|Any CPU
		{6B2FE7A9-021B-4D94-A421-60ACF5F168C0}.Release|ARM64.Build.0 = Release|Any CPU
		{6B2FE7A9-021B-4D94-A421-60ACF5F168C0}.Release|x64.ActiveCfg = Release|Any CPU
		{6B2FE7A9-021B-4D94-A421-60ACF5F168C0}.Release|x64.Build.0 = Release|Any CPU
		{6B2FE7A9-021B-4D94-A421-60ACF5F168C0}.Release|x86.ActiveCfg = Release|Any CPU
		{6B2FE7A9-021B-4D94-A421-60ACF5F168C0}.Release|x86.Build.0 = Release|Any CPU
		{AC3C6806-67A6-4851-9839-6CB4B51EA187}.Debug|Any CPU.ActiveCfg = Debug|Any CPU
		{AC3C6806-67A6-4851-9839-6CB4B51EA187}.Debug|Any CPU.Build.0 = Debug|Any CPU
		{AC3C6806-67A6-4851-9839-6CB4B51EA187}.Debug|ARM64.ActiveCfg = Debug|Any CPU
		{AC3C6806-67A6-4851-9839-6CB4B51EA187}.Debug|ARM64.Build.0 = Debug|Any CPU
		{AC3C6806-67A6-4851-9839-6CB4B51EA187}.Debug|x64.ActiveCfg = Debug|Any CPU
		{AC3C6806-67A6-4851-9839-6CB4B51EA187}.Debug|x64.Build.0 = Debug|Any CPU
		{AC3C6806-67A6-4851-9839-6CB4B51EA187}.Debug|x86.ActiveCfg = Debug|Any CPU
		{AC3C6806-67A6-4851-9839-6CB4B51EA187}.Debug|x86.Build.0 = Debug|Any CPU
		{AC3C6806-67A6-4851-9839-6CB4B51EA187}.Release|Any CPU.ActiveCfg = Release|Any CPU
		{AC3C6806-67A6-4851-9839-6CB4B51EA187}.Release|Any CPU.Build.0 = Release|Any CPU
		{AC3C6806-67A6-4851-9839-6CB4B51EA187}.Release|ARM64.ActiveCfg = Release|Any CPU
		{AC3C6806-67A6-4851-9839-6CB4B51EA187}.Release|ARM64.Build.0 = Release|Any CPU
		{AC3C6806-67A6-4851-9839-6CB4B51EA187}.Release|x64.ActiveCfg = Release|Any CPU
		{AC3C6806-67A6-4851-9839-6CB4B51EA187}.Release|x64.Build.0 = Release|Any CPU
		{AC3C6806-67A6-4851-9839-6CB4B51EA187}.Release|x86.ActiveCfg = Release|Any CPU
		{AC3C6806-67A6-4851-9839-6CB4B51EA187}.Release|x86.Build.0 = Release|Any CPU
		{B18DBF71-C4E9-4F50-B2BD-44760D080EF0}.Debug|Any CPU.ActiveCfg = Debug|Any CPU
		{B18DBF71-C4E9-4F50-B2BD-44760D080EF0}.Debug|Any CPU.Build.0 = Debug|Any CPU
		{B18DBF71-C4E9-4F50-B2BD-44760D080EF0}.Debug|ARM64.ActiveCfg = Debug|Any CPU
		{B18DBF71-C4E9-4F50-B2BD-44760D080EF0}.Debug|ARM64.Build.0 = Debug|Any CPU
		{B18DBF71-C4E9-4F50-B2BD-44760D080EF0}.Debug|x64.ActiveCfg = Debug|Any CPU
		{B18DBF71-C4E9-4F50-B2BD-44760D080EF0}.Debug|x64.Build.0 = Debug|Any CPU
		{B18DBF71-C4E9-4F50-B2BD-44760D080EF0}.Debug|x86.ActiveCfg = Debug|Any CPU
		{B18DBF71-C4E9-4F50-B2BD-44760D080EF0}.Debug|x86.Build.0 = Debug|Any CPU
		{B18DBF71-C4E9-4F50-B2BD-44760D080EF0}.Release|Any CPU.ActiveCfg = Release|Any CPU
		{B18DBF71-C4E9-4F50-B2BD-44760D080EF0}.Release|Any CPU.Build.0 = Release|Any CPU
		{B18DBF71-C4E9-4F50-B2BD-44760D080EF0}.Release|ARM64.ActiveCfg = Release|Any CPU
		{B18DBF71-C4E9-4F50-B2BD-44760D080EF0}.Release|ARM64.Build.0 = Release|Any CPU
		{B18DBF71-C4E9-4F50-B2BD-44760D080EF0}.Release|x64.ActiveCfg = Release|Any CPU
		{B18DBF71-C4E9-4F50-B2BD-44760D080EF0}.Release|x64.Build.0 = Release|Any CPU
		{B18DBF71-C4E9-4F50-B2BD-44760D080EF0}.Release|x86.ActiveCfg = Release|Any CPU
		{B18DBF71-C4E9-4F50-B2BD-44760D080EF0}.Release|x86.Build.0 = Release|Any CPU
		{13D4511B-1275-4FD2-83AE-4B5D53BF45A5}.Debug|Any CPU.ActiveCfg = Debug|Any CPU
		{13D4511B-1275-4FD2-83AE-4B5D53BF45A5}.Debug|Any CPU.Build.0 = Debug|Any CPU
		{13D4511B-1275-4FD2-83AE-4B5D53BF45A5}.Debug|ARM64.ActiveCfg = Debug|Any CPU
		{13D4511B-1275-4FD2-83AE-4B5D53BF45A5}.Debug|ARM64.Build.0 = Debug|Any CPU
		{13D4511B-1275-4FD2-83AE-4B5D53BF45A5}.Debug|x64.ActiveCfg = Debug|Any CPU
		{13D4511B-1275-4FD2-83AE-4B5D53BF45A5}.Debug|x64.Build.0 = Debug|Any CPU
		{13D4511B-1275-4FD2-83AE-4B5D53BF45A5}.Debug|x86.ActiveCfg = Debug|Any CPU
		{13D4511B-1275-4FD2-83AE-4B5D53BF45A5}.Debug|x86.Build.0 = Debug|Any CPU
		{13D4511B-1275-4FD2-83AE-4B5D53BF45A5}.Release|Any CPU.ActiveCfg = Release|Any CPU
		{13D4511B-1275-4FD2-83AE-4B5D53BF45A5}.Release|Any CPU.Build.0 = Release|Any CPU
		{13D4511B-1275-4FD2-83AE-4B5D53BF45A5}.Release|ARM64.ActiveCfg = Release|Any CPU
		{13D4511B-1275-4FD2-83AE-4B5D53BF45A5}.Release|ARM64.Build.0 = Release|Any CPU
		{13D4511B-1275-4FD2-83AE-4B5D53BF45A5}.Release|x64.ActiveCfg = Release|Any CPU
		{13D4511B-1275-4FD2-83AE-4B5D53BF45A5}.Release|x64.Build.0 = Release|Any CPU
		{13D4511B-1275-4FD2-83AE-4B5D53BF45A5}.Release|x86.ActiveCfg = Release|Any CPU
		{13D4511B-1275-4FD2-83AE-4B5D53BF45A5}.Release|x86.Build.0 = Release|Any CPU
		{CB2C38FD-9836-4E78-88F7-03092D0782E2}.Debug|Any CPU.ActiveCfg = Debug|Any CPU
		{CB2C38FD-9836-4E78-88F7-03092D0782E2}.Debug|Any CPU.Build.0 = Debug|Any CPU
		{CB2C38FD-9836-4E78-88F7-03092D0782E2}.Debug|ARM64.ActiveCfg = Debug|Any CPU
		{CB2C38FD-9836-4E78-88F7-03092D0782E2}.Debug|ARM64.Build.0 = Debug|Any CPU
		{CB2C38FD-9836-4E78-88F7-03092D0782E2}.Debug|x64.ActiveCfg = Debug|Any CPU
		{CB2C38FD-9836-4E78-88F7-03092D0782E2}.Debug|x64.Build.0 = Debug|Any CPU
		{CB2C38FD-9836-4E78-88F7-03092D0782E2}.Debug|x86.ActiveCfg = Debug|Any CPU
		{CB2C38FD-9836-4E78-88F7-03092D0782E2}.Debug|x86.Build.0 = Debug|Any CPU
		{CB2C38FD-9836-4E78-88F7-03092D0782E2}.Release|Any CPU.ActiveCfg = Release|Any CPU
		{CB2C38FD-9836-4E78-88F7-03092D0782E2}.Release|Any CPU.Build.0 = Release|Any CPU
		{CB2C38FD-9836-4E78-88F7-03092D0782E2}.Release|ARM64.ActiveCfg = Release|Any CPU
		{CB2C38FD-9836-4E78-88F7-03092D0782E2}.Release|ARM64.Build.0 = Release|Any CPU
		{CB2C38FD-9836-4E78-88F7-03092D0782E2}.Release|x64.ActiveCfg = Release|Any CPU
		{CB2C38FD-9836-4E78-88F7-03092D0782E2}.Release|x64.Build.0 = Release|Any CPU
		{CB2C38FD-9836-4E78-88F7-03092D0782E2}.Release|x86.ActiveCfg = Release|Any CPU
		{CB2C38FD-9836-4E78-88F7-03092D0782E2}.Release|x86.Build.0 = Release|Any CPU
		{DC013289-8478-4E6E-8A65-FF9BA05D1509}.Debug|Any CPU.ActiveCfg = Debug|Any CPU
		{DC013289-8478-4E6E-8A65-FF9BA05D1509}.Debug|Any CPU.Build.0 = Debug|Any CPU
		{DC013289-8478-4E6E-8A65-FF9BA05D1509}.Debug|ARM64.ActiveCfg = Debug|Any CPU
		{DC013289-8478-4E6E-8A65-FF9BA05D1509}.Debug|ARM64.Build.0 = Debug|Any CPU
		{DC013289-8478-4E6E-8A65-FF9BA05D1509}.Debug|x64.ActiveCfg = Debug|Any CPU
		{DC013289-8478-4E6E-8A65-FF9BA05D1509}.Debug|x64.Build.0 = Debug|Any CPU
		{DC013289-8478-4E6E-8A65-FF9BA05D1509}.Debug|x86.ActiveCfg = Debug|Any CPU
		{DC013289-8478-4E6E-8A65-FF9BA05D1509}.Debug|x86.Build.0 = Debug|Any CPU
		{DC013289-8478-4E6E-8A65-FF9BA05D1509}.Release|Any CPU.ActiveCfg = Release|Any CPU
		{DC013289-8478-4E6E-8A65-FF9BA05D1509}.Release|Any CPU.Build.0 = Release|Any CPU
		{DC013289-8478-4E6E-8A65-FF9BA05D1509}.Release|ARM64.ActiveCfg = Release|Any CPU
		{DC013289-8478-4E6E-8A65-FF9BA05D1509}.Release|ARM64.Build.0 = Release|Any CPU
		{DC013289-8478-4E6E-8A65-FF9BA05D1509}.Release|x64.ActiveCfg = Release|Any CPU
		{DC013289-8478-4E6E-8A65-FF9BA05D1509}.Release|x64.Build.0 = Release|Any CPU
		{DC013289-8478-4E6E-8A65-FF9BA05D1509}.Release|x86.ActiveCfg = Release|Any CPU
		{DC013289-8478-4E6E-8A65-FF9BA05D1509}.Release|x86.Build.0 = Release|Any CPU
		{E9320CFD-78A7-4CB1-AFBD-846285EAA181}.Debug|Any CPU.ActiveCfg = Debug|Any CPU
		{E9320CFD-78A7-4CB1-AFBD-846285EAA181}.Debug|Any CPU.Build.0 = Debug|Any CPU
		{E9320CFD-78A7-4CB1-AFBD-846285EAA181}.Debug|ARM64.ActiveCfg = Debug|Any CPU
		{E9320CFD-78A7-4CB1-AFBD-846285EAA181}.Debug|ARM64.Build.0 = Debug|Any CPU
		{E9320CFD-78A7-4CB1-AFBD-846285EAA181}.Debug|x64.ActiveCfg = Debug|Any CPU
		{E9320CFD-78A7-4CB1-AFBD-846285EAA181}.Debug|x64.Build.0 = Debug|Any CPU
		{E9320CFD-78A7-4CB1-AFBD-846285EAA181}.Debug|x86.ActiveCfg = Debug|Any CPU
		{E9320CFD-78A7-4CB1-AFBD-846285EAA181}.Debug|x86.Build.0 = Debug|Any CPU
		{E9320CFD-78A7-4CB1-AFBD-846285EAA181}.Release|Any CPU.ActiveCfg = Release|Any CPU
		{E9320CFD-78A7-4CB1-AFBD-846285EAA181}.Release|Any CPU.Build.0 = Release|Any CPU
		{E9320CFD-78A7-4CB1-AFBD-846285EAA181}.Release|ARM64.ActiveCfg = Release|Any CPU
		{E9320CFD-78A7-4CB1-AFBD-846285EAA181}.Release|ARM64.Build.0 = Release|Any CPU
		{E9320CFD-78A7-4CB1-AFBD-846285EAA181}.Release|x64.ActiveCfg = Release|Any CPU
		{E9320CFD-78A7-4CB1-AFBD-846285EAA181}.Release|x64.Build.0 = Release|Any CPU
		{E9320CFD-78A7-4CB1-AFBD-846285EAA181}.Release|x86.ActiveCfg = Release|Any CPU
		{E9320CFD-78A7-4CB1-AFBD-846285EAA181}.Release|x86.Build.0 = Release|Any CPU
		{E1690366-82DE-438C-B25C-8E5492273618}.Debug|Any CPU.ActiveCfg = Debug|Any CPU
		{E1690366-82DE-438C-B25C-8E5492273618}.Debug|Any CPU.Build.0 = Debug|Any CPU
		{E1690366-82DE-438C-B25C-8E5492273618}.Debug|ARM64.ActiveCfg = Debug|Any CPU
		{E1690366-82DE-438C-B25C-8E5492273618}.Debug|ARM64.Build.0 = Debug|Any CPU
		{E1690366-82DE-438C-B25C-8E5492273618}.Debug|x64.ActiveCfg = Debug|Any CPU
		{E1690366-82DE-438C-B25C-8E5492273618}.Debug|x64.Build.0 = Debug|Any CPU
		{E1690366-82DE-438C-B25C-8E5492273618}.Debug|x86.ActiveCfg = Debug|Any CPU
		{E1690366-82DE-438C-B25C-8E5492273618}.Debug|x86.Build.0 = Debug|Any CPU
		{E1690366-82DE-438C-B25C-8E5492273618}.Release|Any CPU.ActiveCfg = Release|Any CPU
		{E1690366-82DE-438C-B25C-8E5492273618}.Release|Any CPU.Build.0 = Release|Any CPU
		{E1690366-82DE-438C-B25C-8E5492273618}.Release|ARM64.ActiveCfg = Release|Any CPU
		{E1690366-82DE-438C-B25C-8E5492273618}.Release|ARM64.Build.0 = Release|Any CPU
		{E1690366-82DE-438C-B25C-8E5492273618}.Release|x64.ActiveCfg = Release|Any CPU
		{E1690366-82DE-438C-B25C-8E5492273618}.Release|x64.Build.0 = Release|Any CPU
		{E1690366-82DE-438C-B25C-8E5492273618}.Release|x86.ActiveCfg = Release|Any CPU
		{E1690366-82DE-438C-B25C-8E5492273618}.Release|x86.Build.0 = Release|Any CPU
		{F60A23B0-7C98-436C-96E6-8D66019D888C}.Debug|Any CPU.ActiveCfg = Debug|Any CPU
		{F60A23B0-7C98-436C-96E6-8D66019D888C}.Debug|Any CPU.Build.0 = Debug|Any CPU
		{F60A23B0-7C98-436C-96E6-8D66019D888C}.Debug|ARM64.ActiveCfg = Debug|Any CPU
		{F60A23B0-7C98-436C-96E6-8D66019D888C}.Debug|ARM64.Build.0 = Debug|Any CPU
		{F60A23B0-7C98-436C-96E6-8D66019D888C}.Debug|x64.ActiveCfg = Debug|Any CPU
		{F60A23B0-7C98-436C-96E6-8D66019D888C}.Debug|x64.Build.0 = Debug|Any CPU
		{F60A23B0-7C98-436C-96E6-8D66019D888C}.Debug|x86.ActiveCfg = Debug|Any CPU
		{F60A23B0-7C98-436C-96E6-8D66019D888C}.Debug|x86.Build.0 = Debug|Any CPU
		{F60A23B0-7C98-436C-96E6-8D66019D888C}.Release|Any CPU.ActiveCfg = Release|Any CPU
		{F60A23B0-7C98-436C-96E6-8D66019D888C}.Release|Any CPU.Build.0 = Release|Any CPU
		{F60A23B0-7C98-436C-96E6-8D66019D888C}.Release|ARM64.ActiveCfg = Release|Any CPU
		{F60A23B0-7C98-436C-96E6-8D66019D888C}.Release|ARM64.Build.0 = Release|Any CPU
		{F60A23B0-7C98-436C-96E6-8D66019D888C}.Release|x64.ActiveCfg = Release|Any CPU
		{F60A23B0-7C98-436C-96E6-8D66019D888C}.Release|x64.Build.0 = Release|Any CPU
		{F60A23B0-7C98-436C-96E6-8D66019D888C}.Release|x86.ActiveCfg = Release|Any CPU
		{F60A23B0-7C98-436C-96E6-8D66019D888C}.Release|x86.Build.0 = Release|Any CPU
		{1668D04A-A26B-4F53-B6A9-6CA7E08E878F}.Debug|Any CPU.ActiveCfg = Debug|Any CPU
		{1668D04A-A26B-4F53-B6A9-6CA7E08E878F}.Debug|Any CPU.Build.0 = Debug|Any CPU
		{1668D04A-A26B-4F53-B6A9-6CA7E08E878F}.Debug|ARM64.ActiveCfg = Debug|Any CPU
		{1668D04A-A26B-4F53-B6A9-6CA7E08E878F}.Debug|ARM64.Build.0 = Debug|Any CPU
		{1668D04A-A26B-4F53-B6A9-6CA7E08E878F}.Debug|x64.ActiveCfg = Debug|Any CPU
		{1668D04A-A26B-4F53-B6A9-6CA7E08E878F}.Debug|x64.Build.0 = Debug|Any CPU
		{1668D04A-A26B-4F53-B6A9-6CA7E08E878F}.Debug|x86.ActiveCfg = Debug|Any CPU
		{1668D04A-A26B-4F53-B6A9-6CA7E08E878F}.Debug|x86.Build.0 = Debug|Any CPU
		{1668D04A-A26B-4F53-B6A9-6CA7E08E878F}.Release|Any CPU.ActiveCfg = Release|Any CPU
		{1668D04A-A26B-4F53-B6A9-6CA7E08E878F}.Release|Any CPU.Build.0 = Release|Any CPU
		{1668D04A-A26B-4F53-B6A9-6CA7E08E878F}.Release|ARM64.ActiveCfg = Release|Any CPU
		{1668D04A-A26B-4F53-B6A9-6CA7E08E878F}.Release|ARM64.Build.0 = Release|Any CPU
		{1668D04A-A26B-4F53-B6A9-6CA7E08E878F}.Release|x64.ActiveCfg = Release|Any CPU
		{1668D04A-A26B-4F53-B6A9-6CA7E08E878F}.Release|x64.Build.0 = Release|Any CPU
		{1668D04A-A26B-4F53-B6A9-6CA7E08E878F}.Release|x86.ActiveCfg = Release|Any CPU
		{1668D04A-A26B-4F53-B6A9-6CA7E08E878F}.Release|x86.Build.0 = Release|Any CPU
		{9CD15910-763D-4BAD-9699-8597123F88AB}.Debug|Any CPU.ActiveCfg = Debug|Any CPU
		{9CD15910-763D-4BAD-9699-8597123F88AB}.Debug|Any CPU.Build.0 = Debug|Any CPU
		{9CD15910-763D-4BAD-9699-8597123F88AB}.Debug|ARM64.ActiveCfg = Debug|Any CPU
		{9CD15910-763D-4BAD-9699-8597123F88AB}.Debug|ARM64.Build.0 = Debug|Any CPU
		{9CD15910-763D-4BAD-9699-8597123F88AB}.Debug|x64.ActiveCfg = Debug|Any CPU
		{9CD15910-763D-4BAD-9699-8597123F88AB}.Debug|x64.Build.0 = Debug|Any CPU
		{9CD15910-763D-4BAD-9699-8597123F88AB}.Debug|x86.ActiveCfg = Debug|Any CPU
		{9CD15910-763D-4BAD-9699-8597123F88AB}.Debug|x86.Build.0 = Debug|Any CPU
		{9CD15910-763D-4BAD-9699-8597123F88AB}.Release|Any CPU.ActiveCfg = Release|Any CPU
		{9CD15910-763D-4BAD-9699-8597123F88AB}.Release|Any CPU.Build.0 = Release|Any CPU
		{9CD15910-763D-4BAD-9699-8597123F88AB}.Release|ARM64.ActiveCfg = Release|Any CPU
		{9CD15910-763D-4BAD-9699-8597123F88AB}.Release|ARM64.Build.0 = Release|Any CPU
		{9CD15910-763D-4BAD-9699-8597123F88AB}.Release|x64.ActiveCfg = Release|Any CPU
		{9CD15910-763D-4BAD-9699-8597123F88AB}.Release|x64.Build.0 = Release|Any CPU
		{9CD15910-763D-4BAD-9699-8597123F88AB}.Release|x86.ActiveCfg = Release|Any CPU
		{9CD15910-763D-4BAD-9699-8597123F88AB}.Release|x86.Build.0 = Release|Any CPU
		{2D7F17EB-DB95-4678-928F-AF02D6253A5B}.Debug|Any CPU.ActiveCfg = Debug|Any CPU
		{2D7F17EB-DB95-4678-928F-AF02D6253A5B}.Debug|Any CPU.Build.0 = Debug|Any CPU
		{2D7F17EB-DB95-4678-928F-AF02D6253A5B}.Debug|ARM64.ActiveCfg = Debug|Any CPU
		{2D7F17EB-DB95-4678-928F-AF02D6253A5B}.Debug|ARM64.Build.0 = Debug|Any CPU
		{2D7F17EB-DB95-4678-928F-AF02D6253A5B}.Debug|x64.ActiveCfg = Debug|Any CPU
		{2D7F17EB-DB95-4678-928F-AF02D6253A5B}.Debug|x64.Build.0 = Debug|Any CPU
		{2D7F17EB-DB95-4678-928F-AF02D6253A5B}.Debug|x86.ActiveCfg = Debug|Any CPU
		{2D7F17EB-DB95-4678-928F-AF02D6253A5B}.Debug|x86.Build.0 = Debug|Any CPU
		{2D7F17EB-DB95-4678-928F-AF02D6253A5B}.Release|Any CPU.ActiveCfg = Release|Any CPU
		{2D7F17EB-DB95-4678-928F-AF02D6253A5B}.Release|Any CPU.Build.0 = Release|Any CPU
		{2D7F17EB-DB95-4678-928F-AF02D6253A5B}.Release|ARM64.ActiveCfg = Release|Any CPU
		{2D7F17EB-DB95-4678-928F-AF02D6253A5B}.Release|ARM64.Build.0 = Release|Any CPU
		{2D7F17EB-DB95-4678-928F-AF02D6253A5B}.Release|x64.ActiveCfg = Release|Any CPU
		{2D7F17EB-DB95-4678-928F-AF02D6253A5B}.Release|x64.Build.0 = Release|Any CPU
		{2D7F17EB-DB95-4678-928F-AF02D6253A5B}.Release|x86.ActiveCfg = Release|Any CPU
		{2D7F17EB-DB95-4678-928F-AF02D6253A5B}.Release|x86.Build.0 = Release|Any CPU
		{3A8094C9-8E70-409C-853D-E46266C06DE7}.Debug|Any CPU.ActiveCfg = Debug|Any CPU
		{3A8094C9-8E70-409C-853D-E46266C06DE7}.Debug|Any CPU.Build.0 = Debug|Any CPU
		{3A8094C9-8E70-409C-853D-E46266C06DE7}.Debug|ARM64.ActiveCfg = Debug|Any CPU
		{3A8094C9-8E70-409C-853D-E46266C06DE7}.Debug|ARM64.Build.0 = Debug|Any CPU
		{3A8094C9-8E70-409C-853D-E46266C06DE7}.Debug|x64.ActiveCfg = Debug|Any CPU
		{3A8094C9-8E70-409C-853D-E46266C06DE7}.Debug|x64.Build.0 = Debug|Any CPU
		{3A8094C9-8E70-409C-853D-E46266C06DE7}.Debug|x86.ActiveCfg = Debug|Any CPU
		{3A8094C9-8E70-409C-853D-E46266C06DE7}.Debug|x86.Build.0 = Debug|Any CPU
		{3A8094C9-8E70-409C-853D-E46266C06DE7}.Release|Any CPU.ActiveCfg = Release|Any CPU
		{3A8094C9-8E70-409C-853D-E46266C06DE7}.Release|Any CPU.Build.0 = Release|Any CPU
		{3A8094C9-8E70-409C-853D-E46266C06DE7}.Release|ARM64.ActiveCfg = Release|Any CPU
		{3A8094C9-8E70-409C-853D-E46266C06DE7}.Release|ARM64.Build.0 = Release|Any CPU
		{3A8094C9-8E70-409C-853D-E46266C06DE7}.Release|x64.ActiveCfg = Release|Any CPU
		{3A8094C9-8E70-409C-853D-E46266C06DE7}.Release|x64.Build.0 = Release|Any CPU
		{3A8094C9-8E70-409C-853D-E46266C06DE7}.Release|x86.ActiveCfg = Release|Any CPU
		{3A8094C9-8E70-409C-853D-E46266C06DE7}.Release|x86.Build.0 = Release|Any CPU
		{BC611078-0DE8-4D91-8BD3-5A06BA59A727}.Debug|Any CPU.ActiveCfg = Debug|Any CPU
		{BC611078-0DE8-4D91-8BD3-5A06BA59A727}.Debug|Any CPU.Build.0 = Debug|Any CPU
		{BC611078-0DE8-4D91-8BD3-5A06BA59A727}.Debug|ARM64.ActiveCfg = Debug|Any CPU
		{BC611078-0DE8-4D91-8BD3-5A06BA59A727}.Debug|ARM64.Build.0 = Debug|Any CPU
		{BC611078-0DE8-4D91-8BD3-5A06BA59A727}.Debug|x64.ActiveCfg = Debug|Any CPU
		{BC611078-0DE8-4D91-8BD3-5A06BA59A727}.Debug|x64.Build.0 = Debug|Any CPU
		{BC611078-0DE8-4D91-8BD3-5A06BA59A727}.Debug|x86.ActiveCfg = Debug|Any CPU
		{BC611078-0DE8-4D91-8BD3-5A06BA59A727}.Debug|x86.Build.0 = Debug|Any CPU
		{BC611078-0DE8-4D91-8BD3-5A06BA59A727}.Release|Any CPU.ActiveCfg = Release|Any CPU
		{BC611078-0DE8-4D91-8BD3-5A06BA59A727}.Release|Any CPU.Build.0 = Release|Any CPU
		{BC611078-0DE8-4D91-8BD3-5A06BA59A727}.Release|ARM64.ActiveCfg = Release|Any CPU
		{BC611078-0DE8-4D91-8BD3-5A06BA59A727}.Release|ARM64.Build.0 = Release|Any CPU
		{BC611078-0DE8-4D91-8BD3-5A06BA59A727}.Release|x64.ActiveCfg = Release|Any CPU
		{BC611078-0DE8-4D91-8BD3-5A06BA59A727}.Release|x64.Build.0 = Release|Any CPU
		{BC611078-0DE8-4D91-8BD3-5A06BA59A727}.Release|x86.ActiveCfg = Release|Any CPU
		{BC611078-0DE8-4D91-8BD3-5A06BA59A727}.Release|x86.Build.0 = Release|Any CPU
		{11A13488-F2EA-43D0-ADB5-77BCBD0341FD}.Debug|Any CPU.ActiveCfg = Debug|Any CPU
		{11A13488-F2EA-43D0-ADB5-77BCBD0341FD}.Debug|Any CPU.Build.0 = Debug|Any CPU
		{11A13488-F2EA-43D0-ADB5-77BCBD0341FD}.Debug|ARM64.ActiveCfg = Debug|Any CPU
		{11A13488-F2EA-43D0-ADB5-77BCBD0341FD}.Debug|ARM64.Build.0 = Debug|Any CPU
		{11A13488-F2EA-43D0-ADB5-77BCBD0341FD}.Debug|x64.ActiveCfg = Debug|Any CPU
		{11A13488-F2EA-43D0-ADB5-77BCBD0341FD}.Debug|x64.Build.0 = Debug|Any CPU
		{11A13488-F2EA-43D0-ADB5-77BCBD0341FD}.Debug|x86.ActiveCfg = Debug|Any CPU
		{11A13488-F2EA-43D0-ADB5-77BCBD0341FD}.Debug|x86.Build.0 = Debug|Any CPU
		{11A13488-F2EA-43D0-ADB5-77BCBD0341FD}.Release|Any CPU.ActiveCfg = Release|Any CPU
		{11A13488-F2EA-43D0-ADB5-77BCBD0341FD}.Release|Any CPU.Build.0 = Release|Any CPU
		{11A13488-F2EA-43D0-ADB5-77BCBD0341FD}.Release|ARM64.ActiveCfg = Release|Any CPU
		{11A13488-F2EA-43D0-ADB5-77BCBD0341FD}.Release|ARM64.Build.0 = Release|Any CPU
		{11A13488-F2EA-43D0-ADB5-77BCBD0341FD}.Release|x64.ActiveCfg = Release|Any CPU
		{11A13488-F2EA-43D0-ADB5-77BCBD0341FD}.Release|x64.Build.0 = Release|Any CPU
		{11A13488-F2EA-43D0-ADB5-77BCBD0341FD}.Release|x86.ActiveCfg = Release|Any CPU
		{11A13488-F2EA-43D0-ADB5-77BCBD0341FD}.Release|x86.Build.0 = Release|Any CPU
		{8309B380-FD4D-46EE-9FA7-3E0C98916478}.Debug|Any CPU.ActiveCfg = Debug|Any CPU
		{8309B380-FD4D-46EE-9FA7-3E0C98916478}.Debug|Any CPU.Build.0 = Debug|Any CPU
		{8309B380-FD4D-46EE-9FA7-3E0C98916478}.Debug|ARM64.ActiveCfg = Debug|Any CPU
		{8309B380-FD4D-46EE-9FA7-3E0C98916478}.Debug|ARM64.Build.0 = Debug|Any CPU
		{8309B380-FD4D-46EE-9FA7-3E0C98916478}.Debug|x64.ActiveCfg = Debug|Any CPU
		{8309B380-FD4D-46EE-9FA7-3E0C98916478}.Debug|x64.Build.0 = Debug|Any CPU
		{8309B380-FD4D-46EE-9FA7-3E0C98916478}.Debug|x86.ActiveCfg = Debug|Any CPU
		{8309B380-FD4D-46EE-9FA7-3E0C98916478}.Debug|x86.Build.0 = Debug|Any CPU
		{8309B380-FD4D-46EE-9FA7-3E0C98916478}.Release|Any CPU.ActiveCfg = Release|Any CPU
		{8309B380-FD4D-46EE-9FA7-3E0C98916478}.Release|Any CPU.Build.0 = Release|Any CPU
		{8309B380-FD4D-46EE-9FA7-3E0C98916478}.Release|ARM64.ActiveCfg = Release|Any CPU
		{8309B380-FD4D-46EE-9FA7-3E0C98916478}.Release|ARM64.Build.0 = Release|Any CPU
		{8309B380-FD4D-46EE-9FA7-3E0C98916478}.Release|x64.ActiveCfg = Release|Any CPU
		{8309B380-FD4D-46EE-9FA7-3E0C98916478}.Release|x64.Build.0 = Release|Any CPU
		{8309B380-FD4D-46EE-9FA7-3E0C98916478}.Release|x86.ActiveCfg = Release|Any CPU
		{8309B380-FD4D-46EE-9FA7-3E0C98916478}.Release|x86.Build.0 = Release|Any CPU
		{032F8E61-FF2F-4748-A59A-542DE9EAB54A}.Debug|Any CPU.ActiveCfg = Debug|Any CPU
		{032F8E61-FF2F-4748-A59A-542DE9EAB54A}.Debug|Any CPU.Build.0 = Debug|Any CPU
		{032F8E61-FF2F-4748-A59A-542DE9EAB54A}.Debug|ARM64.ActiveCfg = Debug|Any CPU
		{032F8E61-FF2F-4748-A59A-542DE9EAB54A}.Debug|ARM64.Build.0 = Debug|Any CPU
		{032F8E61-FF2F-4748-A59A-542DE9EAB54A}.Debug|x64.ActiveCfg = Debug|Any CPU
		{032F8E61-FF2F-4748-A59A-542DE9EAB54A}.Debug|x64.Build.0 = Debug|Any CPU
		{032F8E61-FF2F-4748-A59A-542DE9EAB54A}.Debug|x86.ActiveCfg = Debug|Any CPU
		{032F8E61-FF2F-4748-A59A-542DE9EAB54A}.Debug|x86.Build.0 = Debug|Any CPU
		{032F8E61-FF2F-4748-A59A-542DE9EAB54A}.Release|Any CPU.ActiveCfg = Release|Any CPU
		{032F8E61-FF2F-4748-A59A-542DE9EAB54A}.Release|Any CPU.Build.0 = Release|Any CPU
		{032F8E61-FF2F-4748-A59A-542DE9EAB54A}.Release|ARM64.ActiveCfg = Release|Any CPU
		{032F8E61-FF2F-4748-A59A-542DE9EAB54A}.Release|ARM64.Build.0 = Release|Any CPU
		{032F8E61-FF2F-4748-A59A-542DE9EAB54A}.Release|x64.ActiveCfg = Release|Any CPU
		{032F8E61-FF2F-4748-A59A-542DE9EAB54A}.Release|x64.Build.0 = Release|Any CPU
		{032F8E61-FF2F-4748-A59A-542DE9EAB54A}.Release|x86.ActiveCfg = Release|Any CPU
		{032F8E61-FF2F-4748-A59A-542DE9EAB54A}.Release|x86.Build.0 = Release|Any CPU
		{2D5FBCDF-9872-4A70-8077-C14473F0D231}.Debug|Any CPU.ActiveCfg = Debug|Any CPU
		{2D5FBCDF-9872-4A70-8077-C14473F0D231}.Debug|Any CPU.Build.0 = Debug|Any CPU
		{2D5FBCDF-9872-4A70-8077-C14473F0D231}.Debug|ARM64.ActiveCfg = Debug|Any CPU
		{2D5FBCDF-9872-4A70-8077-C14473F0D231}.Debug|ARM64.Build.0 = Debug|Any CPU
		{2D5FBCDF-9872-4A70-8077-C14473F0D231}.Debug|x64.ActiveCfg = Debug|Any CPU
		{2D5FBCDF-9872-4A70-8077-C14473F0D231}.Debug|x64.Build.0 = Debug|Any CPU
		{2D5FBCDF-9872-4A70-8077-C14473F0D231}.Debug|x86.ActiveCfg = Debug|Any CPU
		{2D5FBCDF-9872-4A70-8077-C14473F0D231}.Debug|x86.Build.0 = Debug|Any CPU
		{2D5FBCDF-9872-4A70-8077-C14473F0D231}.Release|Any CPU.ActiveCfg = Release|Any CPU
		{2D5FBCDF-9872-4A70-8077-C14473F0D231}.Release|Any CPU.Build.0 = Release|Any CPU
		{2D5FBCDF-9872-4A70-8077-C14473F0D231}.Release|ARM64.ActiveCfg = Release|Any CPU
		{2D5FBCDF-9872-4A70-8077-C14473F0D231}.Release|ARM64.Build.0 = Release|Any CPU
		{2D5FBCDF-9872-4A70-8077-C14473F0D231}.Release|x64.ActiveCfg = Release|Any CPU
		{2D5FBCDF-9872-4A70-8077-C14473F0D231}.Release|x64.Build.0 = Release|Any CPU
		{2D5FBCDF-9872-4A70-8077-C14473F0D231}.Release|x86.ActiveCfg = Release|Any CPU
		{2D5FBCDF-9872-4A70-8077-C14473F0D231}.Release|x86.Build.0 = Release|Any CPU
		{002DBA94-2E18-4620-9084-B82ECF0AD0BC}.Debug|Any CPU.ActiveCfg = Debug|Any CPU
		{002DBA94-2E18-4620-9084-B82ECF0AD0BC}.Debug|Any CPU.Build.0 = Debug|Any CPU
		{002DBA94-2E18-4620-9084-B82ECF0AD0BC}.Debug|ARM64.ActiveCfg = Debug|Any CPU
		{002DBA94-2E18-4620-9084-B82ECF0AD0BC}.Debug|ARM64.Build.0 = Debug|Any CPU
		{002DBA94-2E18-4620-9084-B82ECF0AD0BC}.Debug|x64.ActiveCfg = Debug|Any CPU
		{002DBA94-2E18-4620-9084-B82ECF0AD0BC}.Debug|x64.Build.0 = Debug|Any CPU
		{002DBA94-2E18-4620-9084-B82ECF0AD0BC}.Debug|x86.ActiveCfg = Debug|Any CPU
		{002DBA94-2E18-4620-9084-B82ECF0AD0BC}.Debug|x86.Build.0 = Debug|Any CPU
		{002DBA94-2E18-4620-9084-B82ECF0AD0BC}.Release|Any CPU.ActiveCfg = Release|Any CPU
		{002DBA94-2E18-4620-9084-B82ECF0AD0BC}.Release|Any CPU.Build.0 = Release|Any CPU
		{002DBA94-2E18-4620-9084-B82ECF0AD0BC}.Release|ARM64.ActiveCfg = Release|Any CPU
		{002DBA94-2E18-4620-9084-B82ECF0AD0BC}.Release|ARM64.Build.0 = Release|Any CPU
		{002DBA94-2E18-4620-9084-B82ECF0AD0BC}.Release|x64.ActiveCfg = Release|Any CPU
		{002DBA94-2E18-4620-9084-B82ECF0AD0BC}.Release|x64.Build.0 = Release|Any CPU
		{002DBA94-2E18-4620-9084-B82ECF0AD0BC}.Release|x86.ActiveCfg = Release|Any CPU
		{002DBA94-2E18-4620-9084-B82ECF0AD0BC}.Release|x86.Build.0 = Release|Any CPU
		{6FC5B579-8860-4E64-AEFE-8AC15D6FAF69}.Debug|Any CPU.ActiveCfg = Debug|Any CPU
		{6FC5B579-8860-4E64-AEFE-8AC15D6FAF69}.Debug|Any CPU.Build.0 = Debug|Any CPU
		{6FC5B579-8860-4E64-AEFE-8AC15D6FAF69}.Debug|ARM64.ActiveCfg = Debug|Any CPU
		{6FC5B579-8860-4E64-AEFE-8AC15D6FAF69}.Debug|ARM64.Build.0 = Debug|Any CPU
		{6FC5B579-8860-4E64-AEFE-8AC15D6FAF69}.Debug|x64.ActiveCfg = Debug|Any CPU
		{6FC5B579-8860-4E64-AEFE-8AC15D6FAF69}.Debug|x64.Build.0 = Debug|Any CPU
		{6FC5B579-8860-4E64-AEFE-8AC15D6FAF69}.Debug|x86.ActiveCfg = Debug|Any CPU
		{6FC5B579-8860-4E64-AEFE-8AC15D6FAF69}.Debug|x86.Build.0 = Debug|Any CPU
		{6FC5B579-8860-4E64-AEFE-8AC15D6FAF69}.Release|Any CPU.ActiveCfg = Release|Any CPU
		{6FC5B579-8860-4E64-AEFE-8AC15D6FAF69}.Release|Any CPU.Build.0 = Release|Any CPU
		{6FC5B579-8860-4E64-AEFE-8AC15D6FAF69}.Release|ARM64.ActiveCfg = Release|Any CPU
		{6FC5B579-8860-4E64-AEFE-8AC15D6FAF69}.Release|ARM64.Build.0 = Release|Any CPU
		{6FC5B579-8860-4E64-AEFE-8AC15D6FAF69}.Release|x64.ActiveCfg = Release|Any CPU
		{6FC5B579-8860-4E64-AEFE-8AC15D6FAF69}.Release|x64.Build.0 = Release|Any CPU
		{6FC5B579-8860-4E64-AEFE-8AC15D6FAF69}.Release|x86.ActiveCfg = Release|Any CPU
		{6FC5B579-8860-4E64-AEFE-8AC15D6FAF69}.Release|x86.Build.0 = Release|Any CPU
		{FBBCDEBB-135B-439D-906A-4E299D3F0A6E}.Debug|Any CPU.ActiveCfg = Debug|Any CPU
		{FBBCDEBB-135B-439D-906A-4E299D3F0A6E}.Debug|Any CPU.Build.0 = Debug|Any CPU
		{FBBCDEBB-135B-439D-906A-4E299D3F0A6E}.Debug|ARM64.ActiveCfg = Debug|Any CPU
		{FBBCDEBB-135B-439D-906A-4E299D3F0A6E}.Debug|ARM64.Build.0 = Debug|Any CPU
		{FBBCDEBB-135B-439D-906A-4E299D3F0A6E}.Debug|x64.ActiveCfg = Debug|Any CPU
		{FBBCDEBB-135B-439D-906A-4E299D3F0A6E}.Debug|x64.Build.0 = Debug|Any CPU
		{FBBCDEBB-135B-439D-906A-4E299D3F0A6E}.Debug|x86.ActiveCfg = Debug|Any CPU
		{FBBCDEBB-135B-439D-906A-4E299D3F0A6E}.Debug|x86.Build.0 = Debug|Any CPU
		{FBBCDEBB-135B-439D-906A-4E299D3F0A6E}.Release|Any CPU.ActiveCfg = Release|Any CPU
		{FBBCDEBB-135B-439D-906A-4E299D3F0A6E}.Release|Any CPU.Build.0 = Release|Any CPU
		{FBBCDEBB-135B-439D-906A-4E299D3F0A6E}.Release|ARM64.ActiveCfg = Release|Any CPU
		{FBBCDEBB-135B-439D-906A-4E299D3F0A6E}.Release|ARM64.Build.0 = Release|Any CPU
		{FBBCDEBB-135B-439D-906A-4E299D3F0A6E}.Release|x64.ActiveCfg = Release|Any CPU
		{FBBCDEBB-135B-439D-906A-4E299D3F0A6E}.Release|x64.Build.0 = Release|Any CPU
		{FBBCDEBB-135B-439D-906A-4E299D3F0A6E}.Release|x86.ActiveCfg = Release|Any CPU
		{FBBCDEBB-135B-439D-906A-4E299D3F0A6E}.Release|x86.Build.0 = Release|Any CPU
		{24D8A332-C623-47EE-972B-E37785D54F88}.Debug|Any CPU.ActiveCfg = Debug|Any CPU
		{24D8A332-C623-47EE-972B-E37785D54F88}.Debug|Any CPU.Build.0 = Debug|Any CPU
		{24D8A332-C623-47EE-972B-E37785D54F88}.Debug|ARM64.ActiveCfg = Debug|Any CPU
		{24D8A332-C623-47EE-972B-E37785D54F88}.Debug|ARM64.Build.0 = Debug|Any CPU
		{24D8A332-C623-47EE-972B-E37785D54F88}.Debug|x64.ActiveCfg = Debug|Any CPU
		{24D8A332-C623-47EE-972B-E37785D54F88}.Debug|x64.Build.0 = Debug|Any CPU
		{24D8A332-C623-47EE-972B-E37785D54F88}.Debug|x86.ActiveCfg = Debug|Any CPU
		{24D8A332-C623-47EE-972B-E37785D54F88}.Debug|x86.Build.0 = Debug|Any CPU
		{24D8A332-C623-47EE-972B-E37785D54F88}.Release|Any CPU.ActiveCfg = Release|Any CPU
		{24D8A332-C623-47EE-972B-E37785D54F88}.Release|Any CPU.Build.0 = Release|Any CPU
		{24D8A332-C623-47EE-972B-E37785D54F88}.Release|ARM64.ActiveCfg = Release|Any CPU
		{24D8A332-C623-47EE-972B-E37785D54F88}.Release|ARM64.Build.0 = Release|Any CPU
		{24D8A332-C623-47EE-972B-E37785D54F88}.Release|x64.ActiveCfg = Release|Any CPU
		{24D8A332-C623-47EE-972B-E37785D54F88}.Release|x64.Build.0 = Release|Any CPU
		{24D8A332-C623-47EE-972B-E37785D54F88}.Release|x86.ActiveCfg = Release|Any CPU
		{24D8A332-C623-47EE-972B-E37785D54F88}.Release|x86.Build.0 = Release|Any CPU
	EndGlobalSection
	GlobalSection(SolutionProperties) = preSolution
		HideSolutionNode = FALSE
	EndGlobalSection
	GlobalSection(NestedProjects) = preSolution
		{EBF5ED1D-40CD-4A81-B56B-32FC469AE7EE} = {62FE84D9-2966-496C-9548-EE5421944A23}
		{CC7EA0AC-8B54-4B76-8F4F-E669E7759FF4} = {4B9E7C1C-23A5-4F32-A3E5-88F38D466FC0}
		{F0860AC6-75B1-49D9-A1D4-90FCDEC14BC2} = {4B9E7C1C-23A5-4F32-A3E5-88F38D466FC0}
		{F96A227A-348B-494D-A01F-F56EF9176CF4} = {4B9E7C1C-23A5-4F32-A3E5-88F38D466FC0}
		{6EB5B5E8-A75D-465E-AAFC-CD6D882E7405} = {4B9E7C1C-23A5-4F32-A3E5-88F38D466FC0}
		{8D922565-7BF5-4532-98D3-EBEE08E9A043} = {4B9E7C1C-23A5-4F32-A3E5-88F38D466FC0}
		{2BA1ADB0-D6AC-4333-BA9B-2D1379457A0E} = {4B9E7C1C-23A5-4F32-A3E5-88F38D466FC0}
		{DD26E0A0-361E-45A1-BD84-80AA6C0F0715} = {4B9E7C1C-23A5-4F32-A3E5-88F38D466FC0}
		{42396298-C6BA-4240-B05E-50F2E7077B64} = {A2778DC6-E8EA-4D42-9F1A-26F946D8501B}
		{2F2D35EF-52C5-405F-9FE4-695088558710} = {A2778DC6-E8EA-4D42-9F1A-26F946D8501B}
		{397C2E3A-8BF2-469D-9E10-2A7CA8421E89} = {A2778DC6-E8EA-4D42-9F1A-26F946D8501B}
		{F5724DD0-BA02-4172-AD83-6675BCD36B1F} = {4B9E7C1C-23A5-4F32-A3E5-88F38D466FC0}
		{CB10E5C4-A199-4529-9C92-61B05F9A7A83} = {40910B25-8E59-489B-86BC-8C88344A08D7}
		{A2778DC6-E8EA-4D42-9F1A-26F946D8501B} = {40910B25-8E59-489B-86BC-8C88344A08D7}
		{8DB14DE3-74F9-4F4B-8B69-8C2CD2C05169} = {40910B25-8E59-489B-86BC-8C88344A08D7}
		{C23A0770-1CB1-494C-8740-B700104E8180} = {EA6BEA9D-D4E9-4F2D-A00A-515A668284FB}
		{154E498C-6DC3-4521-A5A9-23819F47E5CA} = {EA6BEA9D-D4E9-4F2D-A00A-515A668284FB}
		{E0B35810-9D68-453D-A5E5-6C6B42BCBA1A} = {EA6BEA9D-D4E9-4F2D-A00A-515A668284FB}
		{BBDABE8D-56AC-428F-A62C-8CF94216710A} = {40910B25-8E59-489B-86BC-8C88344A08D7}
		{1DB84CF8-DA20-4938-9C3E-64963859B680} = {40910B25-8E59-489B-86BC-8C88344A08D7}
		{1E9F1FC1-9ECE-4C91-BED0-03B77F6C3523} = {4B9E7C1C-23A5-4F32-A3E5-88F38D466FC0}
		{4CB247A3-0A55-4E2E-8570-67ABA61152CE} = {021844B9-5DB3-4026-8B6C-9847D1927784}
		{BFF52EE8-D5BF-4C97-8B69-9E6976775885} = {40910B25-8E59-489B-86BC-8C88344A08D7}
		{59124C4C-4A99-4A64-B7BD-B373F45887D9} = {BFF52EE8-D5BF-4C97-8B69-9E6976775885}
		{4308290D-D3FC-4BB4-8843-6B78753E6EBA} = {BFF52EE8-D5BF-4C97-8B69-9E6976775885}
		{6B2FE7A9-021B-4D94-A421-60ACF5F168C0} = {BFF52EE8-D5BF-4C97-8B69-9E6976775885}
		{AC3C6806-67A6-4851-9839-6CB4B51EA187} = {62FE84D9-2966-496C-9548-EE5421944A23}
		{B18DBF71-C4E9-4F50-B2BD-44760D080EF0} = {4B9E7C1C-23A5-4F32-A3E5-88F38D466FC0}
		{13D4511B-1275-4FD2-83AE-4B5D53BF45A5} = {4B9E7C1C-23A5-4F32-A3E5-88F38D466FC0}
		{CB2C38FD-9836-4E78-88F7-03092D0782E2} = {4B9E7C1C-23A5-4F32-A3E5-88F38D466FC0}
		{DC013289-8478-4E6E-8A65-FF9BA05D1509} = {4B9E7C1C-23A5-4F32-A3E5-88F38D466FC0}
		{E9320CFD-78A7-4CB1-AFBD-846285EAA181} = {4B9E7C1C-23A5-4F32-A3E5-88F38D466FC0}
		{E1690366-82DE-438C-B25C-8E5492273618} = {4B9E7C1C-23A5-4F32-A3E5-88F38D466FC0}
		{227AE5AF-E429-4D29-9115-74650353D5AF} = {40910B25-8E59-489B-86BC-8C88344A08D7}
		{F60A23B0-7C98-436C-96E6-8D66019D888C} = {227AE5AF-E429-4D29-9115-74650353D5AF}
		{1668D04A-A26B-4F53-B6A9-6CA7E08E878F} = {227AE5AF-E429-4D29-9115-74650353D5AF}
		{9CD15910-763D-4BAD-9699-8597123F88AB} = {227AE5AF-E429-4D29-9115-74650353D5AF}
		{2D7F17EB-DB95-4678-928F-AF02D6253A5B} = {62FE84D9-2966-496C-9548-EE5421944A23}
		{2B5B43E6-0791-40F2-9977-5DF134094981} = {40910B25-8E59-489B-86BC-8C88344A08D7}
		{3A8094C9-8E70-409C-853D-E46266C06DE7} = {2B5B43E6-0791-40F2-9977-5DF134094981}
		{BC611078-0DE8-4D91-8BD3-5A06BA59A727} = {2B5B43E6-0791-40F2-9977-5DF134094981}
		{11A13488-F2EA-43D0-ADB5-77BCBD0341FD} = {2B5B43E6-0791-40F2-9977-5DF134094981}
		{8309B380-FD4D-46EE-9FA7-3E0C98916478} = {62FE84D9-2966-496C-9548-EE5421944A23}
		{032F8E61-FF2F-4748-A59A-542DE9EAB54A} = {4B9E7C1C-23A5-4F32-A3E5-88F38D466FC0}
		{2D5FBCDF-9872-4A70-8077-C14473F0D231} = {4B9E7C1C-23A5-4F32-A3E5-88F38D466FC0}
		{002DBA94-2E18-4620-9084-B82ECF0AD0BC} = {4B9E7C1C-23A5-4F32-A3E5-88F38D466FC0}
		{6FC5B579-8860-4E64-AEFE-8AC15D6FAF69} = {4B9E7C1C-23A5-4F32-A3E5-88F38D466FC0}
		{FBBCDEBB-135B-439D-906A-4E299D3F0A6E} = {4B9E7C1C-23A5-4F32-A3E5-88F38D466FC0}
		{24D8A332-C623-47EE-972B-E37785D54F88} = {4B9E7C1C-23A5-4F32-A3E5-88F38D466FC0}
	EndGlobalSection
	GlobalSection(ExtensibilityGlobals) = postSolution
		SolutionGuid = {B237A43F-37BA-406A-B5D0-24FB28F3F1E3}
	EndGlobalSection
EndGlobal
