
Microsoft Visual Studio Solution File, Format Version 12.00
# Visual Studio Version 17
VisualStudioVersion = 17.9.34714.143
MinimumVisualStudioVersion = 10.0.40219.1
Project("{2150E333-8FDC-42A3-9474-1A3956D46DE8}") = "Libs", "Libs", "{4B9E7C1C-23A5-4F32-A3E5-88F38D466FC0}"
EndProject
Project("{2150E333-8FDC-42A3-9474-1A3956D46DE8}") = "Core", "Core", "{40910B25-8E59-489B-86BC-8C88344A08D7}"
EndProject
Project("{9A19103F-16F7-4668-BE54-9A1E7A4F7556}") = "RodelChat.Models", "Core\RodelChat.Models\RodelChat.Models.csproj", "{397C2E3A-8BF2-469D-9E10-2A7CA8421E89}"
EndProject
Project("{9A19103F-16F7-4668-BE54-9A1E7A4F7556}") = "RodelAgent.Models", "Core\RodelAgent.Models\RodelAgent.Models.csproj", "{CB10E5C4-A199-4529-9C92-61B05F9A7A83}"
EndProject
Project("{2150E333-8FDC-42A3-9474-1A3956D46DE8}") = "Chat", "Chat", "{A2778DC6-E8EA-4D42-9F1A-26F946D8501B}"
EndProject
Project("{9A19103F-16F7-4668-BE54-9A1E7A4F7556}") = "RodelAgent.Interfaces", "Core\RodelAgent.Interfaces\RodelAgent.Interfaces.csproj", "{8DB14DE3-74F9-4F4B-8B69-8C2CD2C05169}"
EndProject
Project("{9A19103F-16F7-4668-BE54-9A1E7A4F7556}") = "RodelAgent.Old", "Desktop\RodelAgent.Old\RodelAgent.Old.csproj", "{C23A0770-1CB1-494C-8740-B700104E8180}"
EndProject
Project("{9A19103F-16F7-4668-BE54-9A1E7A4F7556}") = "RodelAgent.UI.Models", "Desktop\RodelAgent.UI.Models\RodelAgent.UI.Models.csproj", "{154E498C-6DC3-4521-A5A9-23819F47E5CA}"
EndProject
Project("{9A19103F-16F7-4668-BE54-9A1E7A4F7556}") = "RodelAgent.UI.ResourceGenerator", "Desktop\RodelAgent.UI.ResourceGenerator\RodelAgent.UI.ResourceGenerator.csproj", "{E0B35810-9D68-453D-A5E5-6C6B42BCBA1A}"
EndProject
Project("{2150E333-8FDC-42A3-9474-1A3956D46DE8}") = "Desktop", "Desktop", "{EA6BEA9D-D4E9-4F2D-A00A-515A668284FB}"
EndProject
Project("{9A19103F-16F7-4668-BE54-9A1E7A4F7556}") = "RodelAgent.Statics", "Core\RodelAgent.Statics\RodelAgent.Statics.csproj", "{BBDABE8D-56AC-428F-A62C-8CF94216710A}"
EndProject
Project("{9A19103F-16F7-4668-BE54-9A1E7A4F7556}") = "RodelAgent.Context", "Core\RodelAgent.Context\RodelAgent.Context.csproj", "{1DB84CF8-DA20-4938-9C3E-64963859B680}"
EndProject
Project("{2150E333-8FDC-42A3-9474-1A3956D46DE8}") = "Samples", "Samples", "{021844B9-5DB3-4026-8B6C-9847D1927784}"
EndProject
Project("{9A19103F-16F7-4668-BE54-9A1E7A4F7556}") = "RodelAgent.Samples.Plugin", "Samples\RodelAgent.Samples.Plugin\RodelAgent.Samples.Plugin.csproj", "{4CB247A3-0A55-4E2E-8570-67ABA61152CE}"
EndProject
Project("{2150E333-8FDC-42A3-9474-1A3956D46DE8}") = "Audio", "Audio", "{2B5B43E6-0791-40F2-9977-5DF134094981}"
EndProject
Project("{9A19103F-16F7-4668-BE54-9A1E7A4F7556}") = "RodelAudio.Models", "Core\RodelAudio.Models\RodelAudio.Models.csproj", "{3A8094C9-8E70-409C-853D-E46266C06DE7}"
EndProject
Project("{9A19103F-16F7-4668-BE54-9A1E7A4F7556}") = "RodelAudio.Interfaces", "Core\RodelAudio.Interfaces\RodelAudio.Interfaces.csproj", "{BC611078-0DE8-4D91-8BD3-5A06BA59A727}"
EndProject
Project("{9A19103F-16F7-4668-BE54-9A1E7A4F7556}") = "RodelAudio.Core", "Core\RodelAudio.Core\RodelAudio.Core.csproj", "{11A13488-F2EA-43D0-ADB5-77BCBD0341FD}"
EndProject
Project("{9A19103F-16F7-4668-BE54-9A1E7A4F7556}") = "Migration.V1", "Libs\Migration.V1\Migration.V1.csproj", "{2D5FBCDF-9872-4A70-8077-C14473F0D231}"
EndProject
Project("{FAE04EC0-301F-11D3-BF4B-00C04F79EFBC}") = "RodelAgent.UI", "Desktop\RodelAgent.UI\RodelAgent.UI.csproj", "{56781E44-D789-44F3-9779-014E91CE5C95}"
EndProject
Global
	GlobalSection(SolutionConfigurationPlatforms) = preSolution
		Debug|Any CPU = Debug|Any CPU
		Debug|ARM64 = Debug|ARM64
		Debug|x64 = Debug|x64
		Debug|x86 = Debug|x86
		Publish|Any CPU = Publish|Any CPU
		Publish|ARM64 = Publish|ARM64
		Publish|x64 = Publish|x64
		Publish|x86 = Publish|x86
		Release|Any CPU = Release|Any CPU
		Release|ARM64 = Release|ARM64
		Release|x64 = Release|x64
		Release|x86 = Release|x86
	EndGlobalSection
	GlobalSection(ProjectConfigurationPlatforms) = postSolution
		{397C2E3A-8BF2-469D-9E10-2A7CA8421E89}.Debug|Any CPU.ActiveCfg = Debug|Any CPU
		{397C2E3A-8BF2-469D-9E10-2A7CA8421E89}.Debug|Any CPU.Build.0 = Debug|Any CPU
		{397C2E3A-8BF2-469D-9E10-2A7CA8421E89}.Debug|ARM64.ActiveCfg = Debug|Any CPU
		{397C2E3A-8BF2-469D-9E10-2A7CA8421E89}.Debug|ARM64.Build.0 = Debug|Any CPU
		{397C2E3A-8BF2-469D-9E10-2A7CA8421E89}.Debug|x64.ActiveCfg = Debug|Any CPU
		{397C2E3A-8BF2-469D-9E10-2A7CA8421E89}.Debug|x64.Build.0 = Debug|Any CPU
		{397C2E3A-8BF2-469D-9E10-2A7CA8421E89}.Debug|x86.ActiveCfg = Debug|Any CPU
		{397C2E3A-8BF2-469D-9E10-2A7CA8421E89}.Debug|x86.Build.0 = Debug|Any CPU
		{397C2E3A-8BF2-469D-9E10-2A7CA8421E89}.Publish|Any CPU.ActiveCfg = Release|Any CPU
		{397C2E3A-8BF2-469D-9E10-2A7CA8421E89}.Publish|Any CPU.Build.0 = Release|Any CPU
		{397C2E3A-8BF2-469D-9E10-2A7CA8421E89}.Publish|ARM64.ActiveCfg = Release|Any CPU
		{397C2E3A-8BF2-469D-9E10-2A7CA8421E89}.Publish|ARM64.Build.0 = Release|Any CPU
		{397C2E3A-8BF2-469D-9E10-2A7CA8421E89}.Publish|x64.ActiveCfg = Release|Any CPU
		{397C2E3A-8BF2-469D-9E10-2A7CA8421E89}.Publish|x64.Build.0 = Release|Any CPU
		{397C2E3A-8BF2-469D-9E10-2A7CA8421E89}.Publish|x86.ActiveCfg = Release|Any CPU
		{397C2E3A-8BF2-469D-9E10-2A7CA8421E89}.Publish|x86.Build.0 = Release|Any CPU
		{397C2E3A-8BF2-469D-9E10-2A7CA8421E89}.Release|Any CPU.ActiveCfg = Release|Any CPU
		{397C2E3A-8BF2-469D-9E10-2A7CA8421E89}.Release|Any CPU.Build.0 = Release|Any CPU
		{397C2E3A-8BF2-469D-9E10-2A7CA8421E89}.Release|ARM64.ActiveCfg = Release|Any CPU
		{397C2E3A-8BF2-469D-9E10-2A7CA8421E89}.Release|ARM64.Build.0 = Release|Any CPU
		{397C2E3A-8BF2-469D-9E10-2A7CA8421E89}.Release|x64.ActiveCfg = Release|Any CPU
		{397C2E3A-8BF2-469D-9E10-2A7CA8421E89}.Release|x64.Build.0 = Release|Any CPU
		{397C2E3A-8BF2-469D-9E10-2A7CA8421E89}.Release|x86.ActiveCfg = Release|Any CPU
		{397C2E3A-8BF2-469D-9E10-2A7CA8421E89}.Release|x86.Build.0 = Release|Any CPU
		{CB10E5C4-A199-4529-9C92-61B05F9A7A83}.Debug|Any CPU.ActiveCfg = Debug|Any CPU
		{CB10E5C4-A199-4529-9C92-61B05F9A7A83}.Debug|Any CPU.Build.0 = Debug|Any CPU
		{CB10E5C4-A199-4529-9C92-61B05F9A7A83}.Debug|ARM64.ActiveCfg = Debug|Any CPU
		{CB10E5C4-A199-4529-9C92-61B05F9A7A83}.Debug|ARM64.Build.0 = Debug|Any CPU
		{CB10E5C4-A199-4529-9C92-61B05F9A7A83}.Debug|x64.ActiveCfg = Debug|Any CPU
		{CB10E5C4-A199-4529-9C92-61B05F9A7A83}.Debug|x64.Build.0 = Debug|Any CPU
		{CB10E5C4-A199-4529-9C92-61B05F9A7A83}.Debug|x86.ActiveCfg = Debug|Any CPU
		{CB10E5C4-A199-4529-9C92-61B05F9A7A83}.Debug|x86.Build.0 = Debug|Any CPU
		{CB10E5C4-A199-4529-9C92-61B05F9A7A83}.Publish|Any CPU.ActiveCfg = Release|Any CPU
		{CB10E5C4-A199-4529-9C92-61B05F9A7A83}.Publish|Any CPU.Build.0 = Release|Any CPU
		{CB10E5C4-A199-4529-9C92-61B05F9A7A83}.Publish|ARM64.ActiveCfg = Release|Any CPU
		{CB10E5C4-A199-4529-9C92-61B05F9A7A83}.Publish|ARM64.Build.0 = Release|Any CPU
		{CB10E5C4-A199-4529-9C92-61B05F9A7A83}.Publish|x64.ActiveCfg = Release|Any CPU
		{CB10E5C4-A199-4529-9C92-61B05F9A7A83}.Publish|x64.Build.0 = Release|Any CPU
		{CB10E5C4-A199-4529-9C92-61B05F9A7A83}.Publish|x86.ActiveCfg = Release|Any CPU
		{CB10E5C4-A199-4529-9C92-61B05F9A7A83}.Publish|x86.Build.0 = Release|Any CPU
		{CB10E5C4-A199-4529-9C92-61B05F9A7A83}.Release|Any CPU.ActiveCfg = Release|Any CPU
		{CB10E5C4-A199-4529-9C92-61B05F9A7A83}.Release|Any CPU.Build.0 = Release|Any CPU
		{CB10E5C4-A199-4529-9C92-61B05F9A7A83}.Release|ARM64.ActiveCfg = Release|Any CPU
		{CB10E5C4-A199-4529-9C92-61B05F9A7A83}.Release|ARM64.Build.0 = Release|Any CPU
		{CB10E5C4-A199-4529-9C92-61B05F9A7A83}.Release|x64.ActiveCfg = Release|Any CPU
		{CB10E5C4-A199-4529-9C92-61B05F9A7A83}.Release|x64.Build.0 = Release|Any CPU
		{CB10E5C4-A199-4529-9C92-61B05F9A7A83}.Release|x86.ActiveCfg = Release|Any CPU
		{CB10E5C4-A199-4529-9C92-61B05F9A7A83}.Release|x86.Build.0 = Release|Any CPU
		{8DB14DE3-74F9-4F4B-8B69-8C2CD2C05169}.Debug|Any CPU.ActiveCfg = Debug|Any CPU
		{8DB14DE3-74F9-4F4B-8B69-8C2CD2C05169}.Debug|Any CPU.Build.0 = Debug|Any CPU
		{8DB14DE3-74F9-4F4B-8B69-8C2CD2C05169}.Debug|ARM64.ActiveCfg = Debug|Any CPU
		{8DB14DE3-74F9-4F4B-8B69-8C2CD2C05169}.Debug|ARM64.Build.0 = Debug|Any CPU
		{8DB14DE3-74F9-4F4B-8B69-8C2CD2C05169}.Debug|x64.ActiveCfg = Debug|Any CPU
		{8DB14DE3-74F9-4F4B-8B69-8C2CD2C05169}.Debug|x64.Build.0 = Debug|Any CPU
		{8DB14DE3-74F9-4F4B-8B69-8C2CD2C05169}.Debug|x86.ActiveCfg = Debug|Any CPU
		{8DB14DE3-74F9-4F4B-8B69-8C2CD2C05169}.Debug|x86.Build.0 = Debug|Any CPU
		{8DB14DE3-74F9-4F4B-8B69-8C2CD2C05169}.Publish|Any CPU.ActiveCfg = Release|Any CPU
		{8DB14DE3-74F9-4F4B-8B69-8C2CD2C05169}.Publish|Any CPU.Build.0 = Release|Any CPU
		{8DB14DE3-74F9-4F4B-8B69-8C2CD2C05169}.Publish|ARM64.ActiveCfg = Release|Any CPU
		{8DB14DE3-74F9-4F4B-8B69-8C2CD2C05169}.Publish|ARM64.Build.0 = Release|Any CPU
		{8DB14DE3-74F9-4F4B-8B69-8C2CD2C05169}.Publish|x64.ActiveCfg = Release|Any CPU
		{8DB14DE3-74F9-4F4B-8B69-8C2CD2C05169}.Publish|x64.Build.0 = Release|Any CPU
		{8DB14DE3-74F9-4F4B-8B69-8C2CD2C05169}.Publish|x86.ActiveCfg = Release|Any CPU
		{8DB14DE3-74F9-4F4B-8B69-8C2CD2C05169}.Publish|x86.Build.0 = Release|Any CPU
		{8DB14DE3-74F9-4F4B-8B69-8C2CD2C05169}.Release|Any CPU.ActiveCfg = Release|Any CPU
		{8DB14DE3-74F9-4F4B-8B69-8C2CD2C05169}.Release|Any CPU.Build.0 = Release|Any CPU
		{8DB14DE3-74F9-4F4B-8B69-8C2CD2C05169}.Release|ARM64.ActiveCfg = Release|Any CPU
		{8DB14DE3-74F9-4F4B-8B69-8C2CD2C05169}.Release|ARM64.Build.0 = Release|Any CPU
		{8DB14DE3-74F9-4F4B-8B69-8C2CD2C05169}.Release|x64.ActiveCfg = Release|Any CPU
		{8DB14DE3-74F9-4F4B-8B69-8C2CD2C05169}.Release|x64.Build.0 = Release|Any CPU
		{8DB14DE3-74F9-4F4B-8B69-8C2CD2C05169}.Release|x86.ActiveCfg = Release|Any CPU
		{8DB14DE3-74F9-4F4B-8B69-8C2CD2C05169}.Release|x86.Build.0 = Release|Any CPU
		{C23A0770-1CB1-494C-8740-B700104E8180}.Debug|Any CPU.ActiveCfg = Debug|x64
		{C23A0770-1CB1-494C-8740-B700104E8180}.Debug|Any CPU.Build.0 = Debug|x64
		{C23A0770-1CB1-494C-8740-B700104E8180}.Debug|Any CPU.Deploy.0 = Debug|x64
		{C23A0770-1CB1-494C-8740-B700104E8180}.Debug|ARM64.ActiveCfg = Debug|ARM64
		{C23A0770-1CB1-494C-8740-B700104E8180}.Debug|ARM64.Build.0 = Debug|ARM64
		{C23A0770-1CB1-494C-8740-B700104E8180}.Debug|ARM64.Deploy.0 = Debug|ARM64
		{C23A0770-1CB1-494C-8740-B700104E8180}.Debug|x64.ActiveCfg = Debug|x64
		{C23A0770-1CB1-494C-8740-B700104E8180}.Debug|x64.Build.0 = Debug|x64
		{C23A0770-1CB1-494C-8740-B700104E8180}.Debug|x64.Deploy.0 = Debug|x64
		{C23A0770-1CB1-494C-8740-B700104E8180}.Debug|x86.ActiveCfg = Debug|x86
		{C23A0770-1CB1-494C-8740-B700104E8180}.Debug|x86.Build.0 = Debug|x86
		{C23A0770-1CB1-494C-8740-B700104E8180}.Debug|x86.Deploy.0 = Debug|x86
		{C23A0770-1CB1-494C-8740-B700104E8180}.Publish|Any CPU.ActiveCfg = Release|x64
		{C23A0770-1CB1-494C-8740-B700104E8180}.Publish|Any CPU.Build.0 = Release|x64
		{C23A0770-1CB1-494C-8740-B700104E8180}.Publish|Any CPU.Deploy.0 = Release|x64
		{C23A0770-1CB1-494C-8740-B700104E8180}.Publish|ARM64.ActiveCfg = Release|ARM64
		{C23A0770-1CB1-494C-8740-B700104E8180}.Publish|ARM64.Build.0 = Release|ARM64
		{C23A0770-1CB1-494C-8740-B700104E8180}.Publish|ARM64.Deploy.0 = Release|ARM64
		{C23A0770-1CB1-494C-8740-B700104E8180}.Publish|x64.ActiveCfg = Release|x64
		{C23A0770-1CB1-494C-8740-B700104E8180}.Publish|x64.Build.0 = Release|x64
		{C23A0770-1CB1-494C-8740-B700104E8180}.Publish|x64.Deploy.0 = Release|x64
		{C23A0770-1CB1-494C-8740-B700104E8180}.Publish|x86.ActiveCfg = Release|x86
		{C23A0770-1CB1-494C-8740-B700104E8180}.Publish|x86.Build.0 = Release|x86
		{C23A0770-1CB1-494C-8740-B700104E8180}.Publish|x86.Deploy.0 = Release|x86
		{C23A0770-1CB1-494C-8740-B700104E8180}.Release|Any CPU.ActiveCfg = Release|x64
		{C23A0770-1CB1-494C-8740-B700104E8180}.Release|Any CPU.Build.0 = Release|x64
		{C23A0770-1CB1-494C-8740-B700104E8180}.Release|Any CPU.Deploy.0 = Release|x64
		{C23A0770-1CB1-494C-8740-B700104E8180}.Release|ARM64.ActiveCfg = Release|ARM64
		{C23A0770-1CB1-494C-8740-B700104E8180}.Release|ARM64.Build.0 = Release|ARM64
		{C23A0770-1CB1-494C-8740-B700104E8180}.Release|ARM64.Deploy.0 = Release|ARM64
		{C23A0770-1CB1-494C-8740-B700104E8180}.Release|x64.ActiveCfg = Release|x64
		{C23A0770-1CB1-494C-8740-B700104E8180}.Release|x64.Build.0 = Release|x64
		{C23A0770-1CB1-494C-8740-B700104E8180}.Release|x64.Deploy.0 = Release|x64
		{C23A0770-1CB1-494C-8740-B700104E8180}.Release|x86.ActiveCfg = Release|x86
		{C23A0770-1CB1-494C-8740-B700104E8180}.Release|x86.Build.0 = Release|x86
		{C23A0770-1CB1-494C-8740-B700104E8180}.Release|x86.Deploy.0 = Release|x86
		{154E498C-6DC3-4521-A5A9-23819F47E5CA}.Debug|Any CPU.ActiveCfg = Debug|Any CPU
		{154E498C-6DC3-4521-A5A9-23819F47E5CA}.Debug|Any CPU.Build.0 = Debug|Any CPU
		{154E498C-6DC3-4521-A5A9-23819F47E5CA}.Debug|ARM64.ActiveCfg = Debug|Any CPU
		{154E498C-6DC3-4521-A5A9-23819F47E5CA}.Debug|ARM64.Build.0 = Debug|Any CPU
		{154E498C-6DC3-4521-A5A9-23819F47E5CA}.Debug|x64.ActiveCfg = Debug|Any CPU
		{154E498C-6DC3-4521-A5A9-23819F47E5CA}.Debug|x64.Build.0 = Debug|Any CPU
		{154E498C-6DC3-4521-A5A9-23819F47E5CA}.Debug|x86.ActiveCfg = Debug|Any CPU
		{154E498C-6DC3-4521-A5A9-23819F47E5CA}.Debug|x86.Build.0 = Debug|Any CPU
		{154E498C-6DC3-4521-A5A9-23819F47E5CA}.Publish|Any CPU.ActiveCfg = Release|Any CPU
		{154E498C-6DC3-4521-A5A9-23819F47E5CA}.Publish|Any CPU.Build.0 = Release|Any CPU
		{154E498C-6DC3-4521-A5A9-23819F47E5CA}.Publish|ARM64.ActiveCfg = Release|Any CPU
		{154E498C-6DC3-4521-A5A9-23819F47E5CA}.Publish|ARM64.Build.0 = Release|Any CPU
		{154E498C-6DC3-4521-A5A9-23819F47E5CA}.Publish|x64.ActiveCfg = Release|Any CPU
		{154E498C-6DC3-4521-A5A9-23819F47E5CA}.Publish|x64.Build.0 = Release|Any CPU
		{154E498C-6DC3-4521-A5A9-23819F47E5CA}.Publish|x86.ActiveCfg = Release|Any CPU
		{154E498C-6DC3-4521-A5A9-23819F47E5CA}.Publish|x86.Build.0 = Release|Any CPU
		{154E498C-6DC3-4521-A5A9-23819F47E5CA}.Release|Any CPU.ActiveCfg = Release|Any CPU
		{154E498C-6DC3-4521-A5A9-23819F47E5CA}.Release|Any CPU.Build.0 = Release|Any CPU
		{154E498C-6DC3-4521-A5A9-23819F47E5CA}.Release|ARM64.ActiveCfg = Release|Any CPU
		{154E498C-6DC3-4521-A5A9-23819F47E5CA}.Release|ARM64.Build.0 = Release|Any CPU
		{154E498C-6DC3-4521-A5A9-23819F47E5CA}.Release|x64.ActiveCfg = Release|Any CPU
		{154E498C-6DC3-4521-A5A9-23819F47E5CA}.Release|x64.Build.0 = Release|Any CPU
		{154E498C-6DC3-4521-A5A9-23819F47E5CA}.Release|x86.ActiveCfg = Release|Any CPU
		{154E498C-6DC3-4521-A5A9-23819F47E5CA}.Release|x86.Build.0 = Release|Any CPU
		{E0B35810-9D68-453D-A5E5-6C6B42BCBA1A}.Debug|Any CPU.ActiveCfg = Debug|Any CPU
		{E0B35810-9D68-453D-A5E5-6C6B42BCBA1A}.Debug|Any CPU.Build.0 = Debug|Any CPU
		{E0B35810-9D68-453D-A5E5-6C6B42BCBA1A}.Debug|ARM64.ActiveCfg = Debug|Any CPU
		{E0B35810-9D68-453D-A5E5-6C6B42BCBA1A}.Debug|ARM64.Build.0 = Debug|Any CPU
		{E0B35810-9D68-453D-A5E5-6C6B42BCBA1A}.Debug|x64.ActiveCfg = Debug|Any CPU
		{E0B35810-9D68-453D-A5E5-6C6B42BCBA1A}.Debug|x64.Build.0 = Debug|Any CPU
		{E0B35810-9D68-453D-A5E5-6C6B42BCBA1A}.Debug|x86.ActiveCfg = Debug|Any CPU
		{E0B35810-9D68-453D-A5E5-6C6B42BCBA1A}.Debug|x86.Build.0 = Debug|Any CPU
		{E0B35810-9D68-453D-A5E5-6C6B42BCBA1A}.Publish|Any CPU.ActiveCfg = Release|Any CPU
		{E0B35810-9D68-453D-A5E5-6C6B42BCBA1A}.Publish|Any CPU.Build.0 = Release|Any CPU
		{E0B35810-9D68-453D-A5E5-6C6B42BCBA1A}.Publish|ARM64.ActiveCfg = Release|Any CPU
		{E0B35810-9D68-453D-A5E5-6C6B42BCBA1A}.Publish|ARM64.Build.0 = Release|Any CPU
		{E0B35810-9D68-453D-A5E5-6C6B42BCBA1A}.Publish|x64.ActiveCfg = Release|Any CPU
		{E0B35810-9D68-453D-A5E5-6C6B42BCBA1A}.Publish|x64.Build.0 = Release|Any CPU
		{E0B35810-9D68-453D-A5E5-6C6B42BCBA1A}.Publish|x86.ActiveCfg = Release|Any CPU
		{E0B35810-9D68-453D-A5E5-6C6B42BCBA1A}.Publish|x86.Build.0 = Release|Any CPU
		{E0B35810-9D68-453D-A5E5-6C6B42BCBA1A}.Release|Any CPU.ActiveCfg = Release|Any CPU
		{E0B35810-9D68-453D-A5E5-6C6B42BCBA1A}.Release|Any CPU.Build.0 = Release|Any CPU
		{E0B35810-9D68-453D-A5E5-6C6B42BCBA1A}.Release|ARM64.ActiveCfg = Release|Any CPU
		{E0B35810-9D68-453D-A5E5-6C6B42BCBA1A}.Release|ARM64.Build.0 = Release|Any CPU
		{E0B35810-9D68-453D-A5E5-6C6B42BCBA1A}.Release|x64.ActiveCfg = Release|Any CPU
		{E0B35810-9D68-453D-A5E5-6C6B42BCBA1A}.Release|x64.Build.0 = Release|Any CPU
		{E0B35810-9D68-453D-A5E5-6C6B42BCBA1A}.Release|x86.ActiveCfg = Release|Any CPU
		{E0B35810-9D68-453D-A5E5-6C6B42BCBA1A}.Release|x86.Build.0 = Release|Any CPU
		{BBDABE8D-56AC-428F-A62C-8CF94216710A}.Debug|Any CPU.ActiveCfg = Debug|Any CPU
		{BBDABE8D-56AC-428F-A62C-8CF94216710A}.Debug|Any CPU.Build.0 = Debug|Any CPU
		{BBDABE8D-56AC-428F-A62C-8CF94216710A}.Debug|ARM64.ActiveCfg = Debug|Any CPU
		{BBDABE8D-56AC-428F-A62C-8CF94216710A}.Debug|ARM64.Build.0 = Debug|Any CPU
		{BBDABE8D-56AC-428F-A62C-8CF94216710A}.Debug|x64.ActiveCfg = Debug|Any CPU
		{BBDABE8D-56AC-428F-A62C-8CF94216710A}.Debug|x64.Build.0 = Debug|Any CPU
		{BBDABE8D-56AC-428F-A62C-8CF94216710A}.Debug|x86.ActiveCfg = Debug|Any CPU
		{BBDABE8D-56AC-428F-A62C-8CF94216710A}.Debug|x86.Build.0 = Debug|Any CPU
		{BBDABE8D-56AC-428F-A62C-8CF94216710A}.Publish|Any CPU.ActiveCfg = Release|Any CPU
		{BBDABE8D-56AC-428F-A62C-8CF94216710A}.Publish|Any CPU.Build.0 = Release|Any CPU
		{BBDABE8D-56AC-428F-A62C-8CF94216710A}.Publish|ARM64.ActiveCfg = Release|Any CPU
		{BBDABE8D-56AC-428F-A62C-8CF94216710A}.Publish|ARM64.Build.0 = Release|Any CPU
		{BBDABE8D-56AC-428F-A62C-8CF94216710A}.Publish|x64.ActiveCfg = Release|Any CPU
		{BBDABE8D-56AC-428F-A62C-8CF94216710A}.Publish|x64.Build.0 = Release|Any CPU
		{BBDABE8D-56AC-428F-A62C-8CF94216710A}.Publish|x86.ActiveCfg = Release|Any CPU
		{BBDABE8D-56AC-428F-A62C-8CF94216710A}.Publish|x86.Build.0 = Release|Any CPU
		{BBDABE8D-56AC-428F-A62C-8CF94216710A}.Release|Any CPU.ActiveCfg = Release|Any CPU
		{BBDABE8D-56AC-428F-A62C-8CF94216710A}.Release|Any CPU.Build.0 = Release|Any CPU
		{BBDABE8D-56AC-428F-A62C-8CF94216710A}.Release|ARM64.ActiveCfg = Release|Any CPU
		{BBDABE8D-56AC-428F-A62C-8CF94216710A}.Release|ARM64.Build.0 = Release|Any CPU
		{BBDABE8D-56AC-428F-A62C-8CF94216710A}.Release|x64.ActiveCfg = Release|Any CPU
		{BBDABE8D-56AC-428F-A62C-8CF94216710A}.Release|x64.Build.0 = Release|Any CPU
		{BBDABE8D-56AC-428F-A62C-8CF94216710A}.Release|x86.ActiveCfg = Release|Any CPU
		{BBDABE8D-56AC-428F-A62C-8CF94216710A}.Release|x86.Build.0 = Release|Any CPU
		{1DB84CF8-DA20-4938-9C3E-64963859B680}.Debug|Any CPU.ActiveCfg = Debug|Any CPU
		{1DB84CF8-DA20-4938-9C3E-64963859B680}.Debug|Any CPU.Build.0 = Debug|Any CPU
		{1DB84CF8-DA20-4938-9C3E-64963859B680}.Debug|ARM64.ActiveCfg = Debug|ARM64
		{1DB84CF8-DA20-4938-9C3E-64963859B680}.Debug|ARM64.Build.0 = Debug|ARM64
		{1DB84CF8-DA20-4938-9C3E-64963859B680}.Debug|x64.ActiveCfg = Debug|x64
		{1DB84CF8-DA20-4938-9C3E-64963859B680}.Debug|x64.Build.0 = Debug|x64
		{1DB84CF8-DA20-4938-9C3E-64963859B680}.Debug|x86.ActiveCfg = Debug|Any CPU
		{1DB84CF8-DA20-4938-9C3E-64963859B680}.Debug|x86.Build.0 = Debug|Any CPU
		{1DB84CF8-DA20-4938-9C3E-64963859B680}.Publish|Any CPU.ActiveCfg = Release|Any CPU
		{1DB84CF8-DA20-4938-9C3E-64963859B680}.Publish|Any CPU.Build.0 = Release|Any CPU
		{1DB84CF8-DA20-4938-9C3E-64963859B680}.Publish|ARM64.ActiveCfg = Release|ARM64
		{1DB84CF8-DA20-4938-9C3E-64963859B680}.Publish|ARM64.Build.0 = Release|ARM64
		{1DB84CF8-DA20-4938-9C3E-64963859B680}.Publish|x64.ActiveCfg = Release|x64
		{1DB84CF8-DA20-4938-9C3E-64963859B680}.Publish|x64.Build.0 = Release|x64
		{1DB84CF8-DA20-4938-9C3E-64963859B680}.Publish|x86.ActiveCfg = Release|Any CPU
		{1DB84CF8-DA20-4938-9C3E-64963859B680}.Publish|x86.Build.0 = Release|Any CPU
		{1DB84CF8-DA20-4938-9C3E-64963859B680}.Release|Any CPU.ActiveCfg = Release|Any CPU
		{1DB84CF8-DA20-4938-9C3E-64963859B680}.Release|Any CPU.Build.0 = Release|Any CPU
		{1DB84CF8-DA20-4938-9C3E-64963859B680}.Release|ARM64.ActiveCfg = Release|ARM64
		{1DB84CF8-DA20-4938-9C3E-64963859B680}.Release|ARM64.Build.0 = Release|ARM64
		{1DB84CF8-DA20-4938-9C3E-64963859B680}.Release|x64.ActiveCfg = Release|x64
		{1DB84CF8-DA20-4938-9C3E-64963859B680}.Release|x64.Build.0 = Release|x64
		{1DB84CF8-DA20-4938-9C3E-64963859B680}.Release|x86.ActiveCfg = Release|Any CPU
		{1DB84CF8-DA20-4938-9C3E-64963859B680}.Release|x86.Build.0 = Release|Any CPU
		{4CB247A3-0A55-4E2E-8570-67ABA61152CE}.Debug|Any CPU.ActiveCfg = Debug|Any CPU
		{4CB247A3-0A55-4E2E-8570-67ABA61152CE}.Debug|Any CPU.Build.0 = Debug|Any CPU
		{4CB247A3-0A55-4E2E-8570-67ABA61152CE}.Debug|ARM64.ActiveCfg = Debug|Any CPU
		{4CB247A3-0A55-4E2E-8570-67ABA61152CE}.Debug|ARM64.Build.0 = Debug|Any CPU
		{4CB247A3-0A55-4E2E-8570-67ABA61152CE}.Debug|x64.ActiveCfg = Debug|Any CPU
		{4CB247A3-0A55-4E2E-8570-67ABA61152CE}.Debug|x64.Build.0 = Debug|Any CPU
		{4CB247A3-0A55-4E2E-8570-67ABA61152CE}.Debug|x86.ActiveCfg = Debug|Any CPU
		{4CB247A3-0A55-4E2E-8570-67ABA61152CE}.Debug|x86.Build.0 = Debug|Any CPU
		{4CB247A3-0A55-4E2E-8570-67ABA61152CE}.Publish|Any CPU.ActiveCfg = Release|Any CPU
		{4CB247A3-0A55-4E2E-8570-67ABA61152CE}.Publish|Any CPU.Build.0 = Release|Any CPU
		{4CB247A3-0A55-4E2E-8570-67ABA61152CE}.Publish|ARM64.ActiveCfg = Release|Any CPU
		{4CB247A3-0A55-4E2E-8570-67ABA61152CE}.Publish|ARM64.Build.0 = Release|Any CPU
		{4CB247A3-0A55-4E2E-8570-67ABA61152CE}.Publish|x64.ActiveCfg = Release|Any CPU
		{4CB247A3-0A55-4E2E-8570-67ABA61152CE}.Publish|x64.Build.0 = Release|Any CPU
		{4CB247A3-0A55-4E2E-8570-67ABA61152CE}.Publish|x86.ActiveCfg = Release|Any CPU
		{4CB247A3-0A55-4E2E-8570-67ABA61152CE}.Publish|x86.Build.0 = Release|Any CPU
		{4CB247A3-0A55-4E2E-8570-67ABA61152CE}.Release|Any CPU.ActiveCfg = Release|Any CPU
		{4CB247A3-0A55-4E2E-8570-67ABA61152CE}.Release|Any CPU.Build.0 = Release|Any CPU
		{4CB247A3-0A55-4E2E-8570-67ABA61152CE}.Release|ARM64.ActiveCfg = Release|Any CPU
		{4CB247A3-0A55-4E2E-8570-67ABA61152CE}.Release|ARM64.Build.0 = Release|Any CPU
		{4CB247A3-0A55-4E2E-8570-67ABA61152CE}.Release|x64.ActiveCfg = Release|Any CPU
		{4CB247A3-0A55-4E2E-8570-67ABA61152CE}.Release|x64.Build.0 = Release|Any CPU
		{4CB247A3-0A55-4E2E-8570-67ABA61152CE}.Release|x86.ActiveCfg = Release|Any CPU
		{4CB247A3-0A55-4E2E-8570-67ABA61152CE}.Release|x86.Build.0 = Release|Any CPU
		{3A8094C9-8E70-409C-853D-E46266C06DE7}.Debug|Any CPU.ActiveCfg = Debug|Any CPU
		{3A8094C9-8E70-409C-853D-E46266C06DE7}.Debug|Any CPU.Build.0 = Debug|Any CPU
		{3A8094C9-8E70-409C-853D-E46266C06DE7}.Debug|ARM64.ActiveCfg = Debug|Any CPU
		{3A8094C9-8E70-409C-853D-E46266C06DE7}.Debug|ARM64.Build.0 = Debug|Any CPU
		{3A8094C9-8E70-409C-853D-E46266C06DE7}.Debug|x64.ActiveCfg = Debug|Any CPU
		{3A8094C9-8E70-409C-853D-E46266C06DE7}.Debug|x64.Build.0 = Debug|Any CPU
		{3A8094C9-8E70-409C-853D-E46266C06DE7}.Debug|x86.ActiveCfg = Debug|Any CPU
		{3A8094C9-8E70-409C-853D-E46266C06DE7}.Debug|x86.Build.0 = Debug|Any CPU
		{3A8094C9-8E70-409C-853D-E46266C06DE7}.Publish|Any CPU.ActiveCfg = Release|Any CPU
		{3A8094C9-8E70-409C-853D-E46266C06DE7}.Publish|Any CPU.Build.0 = Release|Any CPU
		{3A8094C9-8E70-409C-853D-E46266C06DE7}.Publish|ARM64.ActiveCfg = Release|Any CPU
		{3A8094C9-8E70-409C-853D-E46266C06DE7}.Publish|ARM64.Build.0 = Release|Any CPU
		{3A8094C9-8E70-409C-853D-E46266C06DE7}.Publish|x64.ActiveCfg = Release|Any CPU
		{3A8094C9-8E70-409C-853D-E46266C06DE7}.Publish|x64.Build.0 = Release|Any CPU
		{3A8094C9-8E70-409C-853D-E46266C06DE7}.Publish|x86.ActiveCfg = Release|Any CPU
		{3A8094C9-8E70-409C-853D-E46266C06DE7}.Publish|x86.Build.0 = Release|Any CPU
		{3A8094C9-8E70-409C-853D-E46266C06DE7}.Release|Any CPU.ActiveCfg = Release|Any CPU
		{3A8094C9-8E70-409C-853D-E46266C06DE7}.Release|Any CPU.Build.0 = Release|Any CPU
		{3A8094C9-8E70-409C-853D-E46266C06DE7}.Release|ARM64.ActiveCfg = Release|Any CPU
		{3A8094C9-8E70-409C-853D-E46266C06DE7}.Release|ARM64.Build.0 = Release|Any CPU
		{3A8094C9-8E70-409C-853D-E46266C06DE7}.Release|x64.ActiveCfg = Release|Any CPU
		{3A8094C9-8E70-409C-853D-E46266C06DE7}.Release|x64.Build.0 = Release|Any CPU
		{3A8094C9-8E70-409C-853D-E46266C06DE7}.Release|x86.ActiveCfg = Release|Any CPU
		{3A8094C9-8E70-409C-853D-E46266C06DE7}.Release|x86.Build.0 = Release|Any CPU
		{BC611078-0DE8-4D91-8BD3-5A06BA59A727}.Debug|Any CPU.ActiveCfg = Debug|Any CPU
		{BC611078-0DE8-4D91-8BD3-5A06BA59A727}.Debug|Any CPU.Build.0 = Debug|Any CPU
		{BC611078-0DE8-4D91-8BD3-5A06BA59A727}.Debug|ARM64.ActiveCfg = Debug|Any CPU
		{BC611078-0DE8-4D91-8BD3-5A06BA59A727}.Debug|ARM64.Build.0 = Debug|Any CPU
		{BC611078-0DE8-4D91-8BD3-5A06BA59A727}.Debug|x64.ActiveCfg = Debug|Any CPU
		{BC611078-0DE8-4D91-8BD3-5A06BA59A727}.Debug|x64.Build.0 = Debug|Any CPU
		{BC611078-0DE8-4D91-8BD3-5A06BA59A727}.Debug|x86.ActiveCfg = Debug|Any CPU
		{BC611078-0DE8-4D91-8BD3-5A06BA59A727}.Debug|x86.Build.0 = Debug|Any CPU
		{BC611078-0DE8-4D91-8BD3-5A06BA59A727}.Publish|Any CPU.ActiveCfg = Release|Any CPU
		{BC611078-0DE8-4D91-8BD3-5A06BA59A727}.Publish|Any CPU.Build.0 = Release|Any CPU
		{BC611078-0DE8-4D91-8BD3-5A06BA59A727}.Publish|ARM64.ActiveCfg = Release|Any CPU
		{BC611078-0DE8-4D91-8BD3-5A06BA59A727}.Publish|ARM64.Build.0 = Release|Any CPU
		{BC611078-0DE8-4D91-8BD3-5A06BA59A727}.Publish|x64.ActiveCfg = Release|Any CPU
		{BC611078-0DE8-4D91-8BD3-5A06BA59A727}.Publish|x64.Build.0 = Release|Any CPU
		{BC611078-0DE8-4D91-8BD3-5A06BA59A727}.Publish|x86.ActiveCfg = Release|Any CPU
		{BC611078-0DE8-4D91-8BD3-5A06BA59A727}.Publish|x86.Build.0 = Release|Any CPU
		{BC611078-0DE8-4D91-8BD3-5A06BA59A727}.Release|Any CPU.ActiveCfg = Release|Any CPU
		{BC611078-0DE8-4D91-8BD3-5A06BA59A727}.Release|Any CPU.Build.0 = Release|Any CPU
		{BC611078-0DE8-4D91-8BD3-5A06BA59A727}.Release|ARM64.ActiveCfg = Release|Any CPU
		{BC611078-0DE8-4D91-8BD3-5A06BA59A727}.Release|ARM64.Build.0 = Release|Any CPU
		{BC611078-0DE8-4D91-8BD3-5A06BA59A727}.Release|x64.ActiveCfg = Release|Any CPU
		{BC611078-0DE8-4D91-8BD3-5A06BA59A727}.Release|x64.Build.0 = Release|Any CPU
		{BC611078-0DE8-4D91-8BD3-5A06BA59A727}.Release|x86.ActiveCfg = Release|Any CPU
		{BC611078-0DE8-4D91-8BD3-5A06BA59A727}.Release|x86.Build.0 = Release|Any CPU
		{11A13488-F2EA-43D0-ADB5-77BCBD0341FD}.Debug|Any CPU.ActiveCfg = Debug|Any CPU
		{11A13488-F2EA-43D0-ADB5-77BCBD0341FD}.Debug|Any CPU.Build.0 = Debug|Any CPU
		{11A13488-F2EA-43D0-ADB5-77BCBD0341FD}.Debug|ARM64.ActiveCfg = Debug|Any CPU
		{11A13488-F2EA-43D0-ADB5-77BCBD0341FD}.Debug|ARM64.Build.0 = Debug|Any CPU
		{11A13488-F2EA-43D0-ADB5-77BCBD0341FD}.Debug|x64.ActiveCfg = Debug|Any CPU
		{11A13488-F2EA-43D0-ADB5-77BCBD0341FD}.Debug|x64.Build.0 = Debug|Any CPU
		{11A13488-F2EA-43D0-ADB5-77BCBD0341FD}.Debug|x86.ActiveCfg = Debug|Any CPU
		{11A13488-F2EA-43D0-ADB5-77BCBD0341FD}.Debug|x86.Build.0 = Debug|Any CPU
		{11A13488-F2EA-43D0-ADB5-77BCBD0341FD}.Publish|Any CPU.ActiveCfg = Release|Any CPU
		{11A13488-F2EA-43D0-ADB5-77BCBD0341FD}.Publish|Any CPU.Build.0 = Release|Any CPU
		{11A13488-F2EA-43D0-ADB5-77BCBD0341FD}.Publish|ARM64.ActiveCfg = Release|Any CPU
		{11A13488-F2EA-43D0-ADB5-77BCBD0341FD}.Publish|ARM64.Build.0 = Release|Any CPU
		{11A13488-F2EA-43D0-ADB5-77BCBD0341FD}.Publish|x64.ActiveCfg = Release|Any CPU
		{11A13488-F2EA-43D0-ADB5-77BCBD0341FD}.Publish|x64.Build.0 = Release|Any CPU
		{11A13488-F2EA-43D0-ADB5-77BCBD0341FD}.Publish|x86.ActiveCfg = Release|Any CPU
		{11A13488-F2EA-43D0-ADB5-77BCBD0341FD}.Publish|x86.Build.0 = Release|Any CPU
		{11A13488-F2EA-43D0-ADB5-77BCBD0341FD}.Release|Any CPU.ActiveCfg = Release|Any CPU
		{11A13488-F2EA-43D0-ADB5-77BCBD0341FD}.Release|Any CPU.Build.0 = Release|Any CPU
		{11A13488-F2EA-43D0-ADB5-77BCBD0341FD}.Release|ARM64.ActiveCfg = Release|Any CPU
		{11A13488-F2EA-43D0-ADB5-77BCBD0341FD}.Release|ARM64.Build.0 = Release|Any CPU
		{11A13488-F2EA-43D0-ADB5-77BCBD0341FD}.Release|x64.ActiveCfg = Release|Any CPU
		{11A13488-F2EA-43D0-ADB5-77BCBD0341FD}.Release|x64.Build.0 = Release|Any CPU
		{11A13488-F2EA-43D0-ADB5-77BCBD0341FD}.Release|x86.ActiveCfg = Release|Any CPU
		{11A13488-F2EA-43D0-ADB5-77BCBD0341FD}.Release|x86.Build.0 = Release|Any CPU
		{2D5FBCDF-9872-4A70-8077-C14473F0D231}.Debug|Any CPU.ActiveCfg = Debug|Any CPU
		{2D5FBCDF-9872-4A70-8077-C14473F0D231}.Debug|Any CPU.Build.0 = Debug|Any CPU
		{2D5FBCDF-9872-4A70-8077-C14473F0D231}.Debug|ARM64.ActiveCfg = Debug|Any CPU
		{2D5FBCDF-9872-4A70-8077-C14473F0D231}.Debug|ARM64.Build.0 = Debug|Any CPU
		{2D5FBCDF-9872-4A70-8077-C14473F0D231}.Debug|x64.ActiveCfg = Debug|Any CPU
		{2D5FBCDF-9872-4A70-8077-C14473F0D231}.Debug|x64.Build.0 = Debug|Any CPU
		{2D5FBCDF-9872-4A70-8077-C14473F0D231}.Debug|x86.ActiveCfg = Debug|Any CPU
		{2D5FBCDF-9872-4A70-8077-C14473F0D231}.Debug|x86.Build.0 = Debug|Any CPU
		{2D5FBCDF-9872-4A70-8077-C14473F0D231}.Publish|Any CPU.ActiveCfg = Release|Any CPU
		{2D5FBCDF-9872-4A70-8077-C14473F0D231}.Publish|Any CPU.Build.0 = Release|Any CPU
		{2D5FBCDF-9872-4A70-8077-C14473F0D231}.Publish|ARM64.ActiveCfg = Release|Any CPU
		{2D5FBCDF-9872-4A70-8077-C14473F0D231}.Publish|ARM64.Build.0 = Release|Any CPU
		{2D5FBCDF-9872-4A70-8077-C14473F0D231}.Publish|x64.ActiveCfg = Release|Any CPU
		{2D5FBCDF-9872-4A70-8077-C14473F0D231}.Publish|x64.Build.0 = Release|Any CPU
		{2D5FBCDF-9872-4A70-8077-C14473F0D231}.Publish|x86.ActiveCfg = Release|Any CPU
		{2D5FBCDF-9872-4A70-8077-C14473F0D231}.Publish|x86.Build.0 = Release|Any CPU
		{2D5FBCDF-9872-4A70-8077-C14473F0D231}.Release|Any CPU.ActiveCfg = Release|Any CPU
		{2D5FBCDF-9872-4A70-8077-C14473F0D231}.Release|Any CPU.Build.0 = Release|Any CPU
		{2D5FBCDF-9872-4A70-8077-C14473F0D231}.Release|ARM64.ActiveCfg = Release|Any CPU
		{2D5FBCDF-9872-4A70-8077-C14473F0D231}.Release|ARM64.Build.0 = Release|Any CPU
		{2D5FBCDF-9872-4A70-8077-C14473F0D231}.Release|x64.ActiveCfg = Release|Any CPU
		{2D5FBCDF-9872-4A70-8077-C14473F0D231}.Release|x64.Build.0 = Release|Any CPU
		{2D5FBCDF-9872-4A70-8077-C14473F0D231}.Release|x86.ActiveCfg = Release|Any CPU
		{2D5FBCDF-9872-4A70-8077-C14473F0D231}.Release|x86.Build.0 = Release|Any CPU
		{56781E44-D789-44F3-9779-014E91CE5C95}.Debug|Any CPU.ActiveCfg = Debug|x64
		{56781E44-D789-44F3-9779-014E91CE5C95}.Debug|Any CPU.Build.0 = Debug|x64
		{56781E44-D789-44F3-9779-014E91CE5C95}.Debug|Any CPU.Deploy.0 = Debug|x64
		{56781E44-D789-44F3-9779-014E91CE5C95}.Debug|ARM64.ActiveCfg = Debug|ARM64
		{56781E44-D789-44F3-9779-014E91CE5C95}.Debug|ARM64.Build.0 = Debug|ARM64
		{56781E44-D789-44F3-9779-014E91CE5C95}.Debug|ARM64.Deploy.0 = Debug|ARM64
		{56781E44-D789-44F3-9779-014E91CE5C95}.Debug|x64.ActiveCfg = Debug|x64
		{56781E44-D789-44F3-9779-014E91CE5C95}.Debug|x64.Build.0 = Debug|x64
		{56781E44-D789-44F3-9779-014E91CE5C95}.Debug|x64.Deploy.0 = Debug|x64
		{56781E44-D789-44F3-9779-014E91CE5C95}.Debug|x86.ActiveCfg = Debug|x86
		{56781E44-D789-44F3-9779-014E91CE5C95}.Debug|x86.Build.0 = Debug|x86
		{56781E44-D789-44F3-9779-014E91CE5C95}.Debug|x86.Deploy.0 = Debug|x86
		{56781E44-D789-44F3-9779-014E91CE5C95}.Publish|Any CPU.ActiveCfg = Release|x64
		{56781E44-D789-44F3-9779-014E91CE5C95}.Publish|Any CPU.Build.0 = Release|x64
		{56781E44-D789-44F3-9779-014E91CE5C95}.Publish|Any CPU.Deploy.0 = Release|x64
		{56781E44-D789-44F3-9779-014E91CE5C95}.Publish|ARM64.ActiveCfg = Release|ARM64
		{56781E44-D789-44F3-9779-014E91CE5C95}.Publish|ARM64.Build.0 = Release|ARM64
		{56781E44-D789-44F3-9779-014E91CE5C95}.Publish|ARM64.Deploy.0 = Release|ARM64
		{56781E44-D789-44F3-9779-014E91CE5C95}.Publish|x64.ActiveCfg = Release|x64
		{56781E44-D789-44F3-9779-014E91CE5C95}.Publish|x64.Build.0 = Release|x64
		{56781E44-D789-44F3-9779-014E91CE5C95}.Publish|x64.Deploy.0 = Release|x64
		{56781E44-D789-44F3-9779-014E91CE5C95}.Publish|x86.ActiveCfg = Release|x86
		{56781E44-D789-44F3-9779-014E91CE5C95}.Publish|x86.Build.0 = Release|x86
		{56781E44-D789-44F3-9779-014E91CE5C95}.Publish|x86.Deploy.0 = Release|x86
		{56781E44-D789-44F3-9779-014E91CE5C95}.Release|Any CPU.ActiveCfg = Release|x64
		{56781E44-D789-44F3-9779-014E91CE5C95}.Release|Any CPU.Build.0 = Release|x64
		{56781E44-D789-44F3-9779-014E91CE5C95}.Release|Any CPU.Deploy.0 = Release|x64
		{56781E44-D789-44F3-9779-014E91CE5C95}.Release|ARM64.ActiveCfg = Release|ARM64
		{56781E44-D789-44F3-9779-014E91CE5C95}.Release|ARM64.Build.0 = Release|ARM64
		{56781E44-D789-44F3-9779-014E91CE5C95}.Release|ARM64.Deploy.0 = Release|ARM64
		{56781E44-D789-44F3-9779-014E91CE5C95}.Release|x64.ActiveCfg = Release|x64
		{56781E44-D789-44F3-9779-014E91CE5C95}.Release|x64.Build.0 = Release|x64
		{56781E44-D789-44F3-9779-014E91CE5C95}.Release|x64.Deploy.0 = Release|x64
		{56781E44-D789-44F3-9779-014E91CE5C95}.Release|x86.ActiveCfg = Release|x86
		{56781E44-D789-44F3-9779-014E91CE5C95}.Release|x86.Build.0 = Release|x86
		{56781E44-D789-44F3-9779-014E91CE5C95}.Release|x86.Deploy.0 = Release|x86
	EndGlobalSection
	GlobalSection(SolutionProperties) = preSolution
		HideSolutionNode = FALSE
	EndGlobalSection
	GlobalSection(NestedProjects) = preSolution
		{397C2E3A-8BF2-469D-9E10-2A7CA8421E89} = {A2778DC6-E8EA-4D42-9F1A-26F946D8501B}
		{CB10E5C4-A199-4529-9C92-61B05F9A7A83} = {40910B25-8E59-489B-86BC-8C88344A08D7}
		{A2778DC6-E8EA-4D42-9F1A-26F946D8501B} = {40910B25-8E59-489B-86BC-8C88344A08D7}
		{8DB14DE3-74F9-4F4B-8B69-8C2CD2C05169} = {40910B25-8E59-489B-86BC-8C88344A08D7}
		{C23A0770-1CB1-494C-8740-B700104E8180} = {EA6BEA9D-D4E9-4F2D-A00A-515A668284FB}
		{154E498C-6DC3-4521-A5A9-23819F47E5CA} = {EA6BEA9D-D4E9-4F2D-A00A-515A668284FB}
		{E0B35810-9D68-453D-A5E5-6C6B42BCBA1A} = {EA6BEA9D-D4E9-4F2D-A00A-515A668284FB}
		{BBDABE8D-56AC-428F-A62C-8CF94216710A} = {40910B25-8E59-489B-86BC-8C88344A08D7}
		{1DB84CF8-DA20-4938-9C3E-64963859B680} = {40910B25-8E59-489B-86BC-8C88344A08D7}
		{4CB247A3-0A55-4E2E-8570-67ABA61152CE} = {021844B9-5DB3-4026-8B6C-9847D1927784}
		{2B5B43E6-0791-40F2-9977-5DF134094981} = {40910B25-8E59-489B-86BC-8C88344A08D7}
		{3A8094C9-8E70-409C-853D-E46266C06DE7} = {2B5B43E6-0791-40F2-9977-5DF134094981}
		{BC611078-0DE8-4D91-8BD3-5A06BA59A727} = {2B5B43E6-0791-40F2-9977-5DF134094981}
		{11A13488-F2EA-43D0-ADB5-77BCBD0341FD} = {2B5B43E6-0791-40F2-9977-5DF134094981}
		{2D5FBCDF-9872-4A70-8077-C14473F0D231} = {4B9E7C1C-23A5-4F32-A3E5-88F38D466FC0}
		{56781E44-D789-44F3-9779-014E91CE5C95} = {EA6BEA9D-D4E9-4F2D-A00A-515A668284FB}
	EndGlobalSection
	GlobalSection(ExtensibilityGlobals) = postSolution
		SolutionGuid = {B237A43F-37BA-406A-B5D0-24FB28F3F1E3}
	EndGlobalSection
EndGlobal
